{
  "version": 4,
  "terraform_version": "1.2.8",
  "serial": 433,
  "lineage": "272e8bc3-7bca-aaaa-92f8-ddbb5351e96d",
  "outputs": {},
  "resources": [
    {
      "mode": "managed",
      "type": "scalr_workspace",
      "name": "ws",
      "provider": "provider[\"registry.scalr.io/scalr/scalr\"]",
      "instances": [
        {
          "index_key": 15,
          "schema_version": 4,
          "attributes": {
            "agent_pool_id": null,
            "auto_apply": false,
            "created_by": [
              {
                "email": "v.vlasenko@scalr.com",
                "full_name": "",
                "username": "v.vlasenko@scalr.com"
              }
            ],
            "environment_id": "env-u8s912p8ttvked8",
            "execution_mode": "remote",
            "has_resources": false,
            "hooks": [],
            "id": "ws-u8slecvlub95lbg",
            "module_version_id": "",
            "name": "ws1-15",
            "operations": true,
            "provider_configuration": [],
            "run_operation_timeout": null,
            "tag_ids": null,
            "terraform_version": "1.2.6",
            "var_files": null,
            "vcs_provider_id": null,
            "vcs_repo": [],
            "working_directory": ""
          },
          "sensitive_attributes": [],
          "private": "eyJzY2hlbWFfdmVyc2lvbiI6IjQifQ=="
        },
        {
          "index_key": 16,
          "schema_version": 4,
          "attributes": {
            "agent_pool_id": null,
            "auto_apply": false,
            "created_by": [
              {
                "email": "v.vlasenko@scalr.com",
                "full_name": "",
                "username": "v.vlasenko@scalr.com"
              }
            ],
            "environment_id": "env-u8s912p8ttvked8",
            "execution_mode": "remote",
            "has_resources": false,
            "hooks": [],
            "id": "ws-u8sleg1elunp4v8",
            "module_version_id": "",
            "name": "ws1-16",
            "operations": true,
            "provider_configuration": [],
            "run_operation_timeout": null,
            "tag_ids": null,
            "terraform_version": "1.2.6",
            "var_files": null,
            "vcs_provider_id": null,
            "vcs_repo": [],
            "working_directory": ""
          },
          "sensitive_attributes": [],
          "private": "eyJzY2hlbWFfdmVyc2lvbiI6IjQifQ=="
        },
        {
          "index_key": 21,
          "schema_version": 4,
          "attributes": {
            "agent_pool_id": null,
            "auto_apply": false,
            "created_by": [
              {
                "email": "v.vlasenko@scalr.com",
                "full_name": "",
                "username": "v.vlasenko@scalr.com"
              }
            ],
            "environment_id": "env-u8s912p8ttvked8",
            "execution_mode": "remote",
            "has_resources": false,
            "hooks": [],
            "id": "ws-u8sldg2tvam1sd8",
            "module_version_id": "",
            "name": "ws1-21",
            "operations": true,
            "provider_configuration": [],
            "run_operation_timeout": null,
            "tag_ids": null,
            "terraform_version": "1.2.6",
            "var_files": null,
            "vcs_provider_id": null,
            "vcs_repo": [],
            "working_directory": ""
          },
          "sensitive_attributes": [],
          "private": "eyJzY2hlbWFfdmVyc2lvbiI6IjQifQ=="
        },
        {
          "index_key": 30,
          "schema_version": 4,
          "attributes": {
            "agent_pool_id": null,
            "auto_apply": false,
            "created_by": [
              {
                "email": "v.vlasenko@scalr.com",
                "full_name": "",
                "username": "v.vlasenko@scalr.com"
              }
            ],
            "environment_id": "env-u8s912p8ttvked8",
            "execution_mode": "remote",
            "has_resources": false,
            "hooks": [],
            "id": "ws-u8sleauo9p52610",
            "module_version_id": "",
            "name": "ws1-30",
            "operations": true,
            "provider_configuration": [],
            "run_operation_timeout": null,
            "tag_ids": null,
            "terraform_version": "1.2.6",
            "var_files": null,
            "vcs_provider_id": null,
            "vcs_repo": [],
            "working_directory": ""
          },
          "sensitive_attributes": [],
          "private": "eyJzY2hlbWFfdmVyc2lvbiI6IjQifQ=="
        },
        {
          "index_key": 36,
          "schema_version": 4,
          "attributes": {
            "agent_pool_id": null,
            "auto_apply": false,
            "created_by": [
              {
                "email": "v.vlasenko@scalr.com",
                "full_name": "",
                "username": "v.vlasenko@scalr.com"
              }
            ],
            "environment_id": "env-u8s912p8ttvked8",
            "execution_mode": "remote",
            "has_resources": false,
            "hooks": [],
            "id": "ws-u8slcit22gdkev0",
            "module_version_id": "",
            "name": "ws1-36",
            "operations": true,
            "provider_configuration": [],
            "run_operation_timeout": null,
            "tag_ids": null,
            "terraform_version": "1.2.6",
            "var_files": null,
            "vcs_provider_id": null,
            "vcs_repo": [],
            "working_directory": ""
          },
          "sensitive_attributes": [],
          "private": "eyJzY2hlbWFfdmVyc2lvbiI6IjQifQ=="
        },
        {
          "index_key": 52,
          "schema_version": 4,
          "attributes": {
            "agent_pool_id": null,
            "auto_apply": false,
            "created_by": [
              {
                "email": "v.vlasenko@scalr.com",
                "full_name": "",
                "username": "v.vlasenko@scalr.com"
              }
            ],
            "environment_id": "env-u8s912p8ttvked8",
            "execution_mode": "remote",
            "has_resources": false,
            "hooks": [],
            "id": "ws-u8slduha17oba28",
            "module_version_id": "",
            "name": "ws1-52",
            "operations": true,
            "provider_configuration": [],
            "run_operation_timeout": null,
            "tag_ids": null,
            "terraform_version": "1.2.6",
            "var_files": null,
            "vcs_provider_id": null,
            "vcs_repo": [],
            "working_directory": ""
          },
          "sensitive_attributes": [],
          "private": "eyJzY2hlbWFfdmVyc2lvbiI6IjQifQ=="
        },
        {
          "index_key": 58,
          "schema_version": 4,
          "attributes": {
            "agent_pool_id": null,
            "auto_apply": false,
            "created_by": [
              {
                "email": "v.vlasenko@scalr.com",
                "full_name": "",
                "username": "v.vlasenko@scalr.com"
              }
            ],
            "environment_id": "env-u8s912p8ttvked8",
            "execution_mode": "remote",
            "has_resources": false,
            "hooks": [],
            "id": "ws-u8slces233lqc80",
            "module_version_id": "",
            "name": "ws1-58",
            "operations": true,
            "provider_configuration": [],
            "run_operation_timeout": null,
            "tag_ids": null,
            "terraform_version": "1.2.6",
            "var_files": null,
            "vcs_provider_id": null,
            "vcs_repo": [],
            "working_directory": ""
          },
          "sensitive_attributes": [],
          "private": "eyJzY2hlbWFfdmVyc2lvbiI6IjQifQ=="
        },
        {
          "index_key": 71,
          "schema_version": 4,
          "attributes": {
            "agent_pool_id": null,
            "auto_apply": false,
            "created_by": [
              {
                "email": "v.vlasenko@scalr.com",
                "full_name": "",
                "username": "v.vlasenko@scalr.com"
              }
            ],
            "environment_id": "env-u8s912p8ttvked8",
            "execution_mode": "remote",
            "has_resources": false,
            "hooks": [],
            "id": "ws-u8sld9j9gspnmag",
            "module_version_id": "",
            "name": "ws1-71",
            "operations": true,
            "provider_configuration": [],
            "run_operation_timeout": null,
            "tag_ids": null,
            "terraform_version": "1.2.6",
            "var_files": null,
            "vcs_provider_id": null,
            "vcs_repo": [],
            "working_directory": ""
          },
          "sensitive_attributes": [],
          "private": "eyJzY2hlbWFfdmVyc2lvbiI6IjQifQ=="
        },
        {
          "index_key": 82,
          "schema_version": 4,
          "attributes": {
            "agent_pool_id": null,
            "auto_apply": false,
            "created_by": [
              {
                "email": "v.vlasenko@scalr.com",
                "full_name": "",
                "username": "v.vlasenko@scalr.com"
              }
            ],
            "environment_id": "env-u8s912p8ttvked8",
            "execution_mode": "remote",
            "has_resources": false,
            "hooks": [],
            "id": "ws-u8sle3v1g0t9pug",
            "module_version_id": "",
            "name": "ws1-82",
            "operations": true,
            "provider_configuration": [],
            "run_operation_timeout": null,
            "tag_ids": null,
            "terraform_version": "1.2.6",
            "var_files": null,
            "vcs_provider_id": null,
            "vcs_repo": [],
            "working_directory": ""
          },
          "sensitive_attributes": [],
          "private": "eyJzY2hlbWFfdmVyc2lvbiI6IjQifQ=="
        },
        {
          "index_key": 120,
          "schema_version": 4,
          "attributes": {
            "agent_pool_id": null,
            "auto_apply": false,
            "created_by": [
              {
                "email": "v.vlasenko@scalr.com",
                "full_name": "",
                "username": "v.vlasenko@scalr.com"
              }
            ],
            "environment_id": "env-u8s912p8ttvked8",
            "execution_mode": "remote",
            "has_resources": false,
            "hooks": [],
            "id": "ws-u8slcbiugbm0rio",
            "module_version_id": "",
            "name": "ws1-120",
            "operations": true,
            "provider_configuration": [],
            "run_operation_timeout": null,
            "tag_ids": null,
            "terraform_version": "1.2.6",
            "var_files": null,
            "vcs_provider_id": null,
            "vcs_repo": [],
            "working_directory": ""
          },
          "sensitive_attributes": [],
          "private": "eyJzY2hlbWFfdmVyc2lvbiI6IjQifQ=="
        },
        {
          "index_key": 133,
          "schema_version": 4,
          "attributes": {
            "agent_pool_id": null,
            "auto_apply": false,
            "created_by": [
              {
                "email": "v.vlasenko@scalr.com",
                "full_name": "",
                "username": "v.vlasenko@scalr.com"
              }
            ],
            "environment_id": "env-u8s912p8ttvked8",
            "execution_mode": "remote",
            "has_resources": false,
            "hooks": [],
            "id": "ws-u8sldslko5ek7eg",
            "module_version_id": "",
            "name": "ws1-133",
            "operations": true,
            "provider_configuration": [],
            "run_operation_timeout": null,
            "tag_ids": null,
            "terraform_version": "1.2.6",
            "var_files": null,
            "vcs_provider_id": null,
            "vcs_repo": [],
            "working_directory": ""
          },
          "sensitive_attributes": [],
          "private": "eyJzY2hlbWFfdmVyc2lvbiI6IjQifQ=="
        },
        {
          "index_key": 134,
          "schema_version": 4,
          "attributes": {
            "agent_pool_id": null,
            "auto_apply": false,
            "created_by": [
              {
                "email": "v.vlasenko@scalr.com",
                "full_name": "",
                "username": "v.vlasenko@scalr.com"
              }
            ],
            "environment_id": "env-u8s912p8ttvked8",
            "execution_mode": "remote",
            "has_resources": false,
            "hooks": [],
            "id": "ws-u8sldo1i7rjhof0",
            "module_version_id": "",
            "name": "ws1-134",
            "operations": true,
            "provider_configuration": [],
            "run_operation_timeout": null,
            "tag_ids": null,
            "terraform_version": "1.2.6",
            "var_files": null,
            "vcs_provider_id": null,
            "vcs_repo": [],
            "working_directory": ""
          },
          "sensitive_attributes": [],
          "private": "eyJzY2hlbWFfdmVyc2lvbiI6IjQifQ=="
        },
        {
          "index_key": 144,
          "schema_version": 4,
          "attributes": {
            "agent_pool_id": null,
            "auto_apply": false,
            "created_by": [
              {
                "email": "v.vlasenko@scalr.com",
                "full_name": "",
                "username": "v.vlasenko@scalr.com"
              }
            ],
            "environment_id": "env-u8s912p8ttvked8",
            "execution_mode": "remote",
            "has_resources": false,
            "hooks": [],
            "id": "ws-u8sldu9sk53s8lg",
            "module_version_id": "",
            "name": "ws1-144",
            "operations": true,
            "provider_configuration": [],
            "run_operation_timeout": null,
            "tag_ids": null,
            "terraform_version": "1.2.6",
            "var_files": null,
            "vcs_provider_id": null,
            "vcs_repo": [],
            "working_directory": ""
          },
          "sensitive_attributes": [],
          "private": "eyJzY2hlbWFfdmVyc2lvbiI6IjQifQ=="
        },
        {
          "index_key": 157,
          "schema_version": 4,
          "attributes": {
            "agent_pool_id": null,
            "auto_apply": false,
            "created_by": [
              {
                "email": "v.vlasenko@scalr.com",
                "full_name": "",
                "username": "v.vlasenko@scalr.com"
              }
            ],
            "environment_id": "env-u8s912p8ttvked8",
            "execution_mode": "remote",
            "has_resources": false,
            "hooks": [],
            "id": "ws-u8sld8taa7emkc8",
            "module_version_id": "",
            "name": "ws1-157",
            "operations": true,
            "provider_configuration": [],
            "run_operation_timeout": null,
            "tag_ids": null,
            "terraform_version": "1.2.6",
            "var_files": null,
            "vcs_provider_id": null,
            "vcs_repo": [],
            "working_directory": ""
          },
          "sensitive_attributes": [],
          "private": "eyJzY2hlbWFfdmVyc2lvbiI6IjQifQ=="
        },
        {
          "index_key": 160,
          "schema_version": 4,
          "attributes": {
            "agent_pool_id": null,
            "auto_apply": false,
            "created_by": [
              {
                "email": "v.vlasenko@scalr.com",
                "full_name": "",
                "username": "v.vlasenko@scalr.com"
              }
            ],
            "environment_id": "env-u8s912p8ttvked8",
            "execution_mode": "remote",
            "has_resources": false,
            "hooks": [],
            "id": "ws-u8sldc9h46ib7i0",
            "module_version_id": "",
            "name": "ws1-160",
            "operations": true,
            "provider_configuration": [],
            "run_operation_timeout": null,
            "tag_ids": null,
            "terraform_version": "1.2.6",
            "var_files": null,
            "vcs_provider_id": null,
            "vcs_repo": [],
            "working_directory": ""
          },
          "sensitive_attributes": [],
          "private": "eyJzY2hlbWFfdmVyc2lvbiI6IjQifQ=="
        },
        {
          "index_key": 167,
          "schema_version": 4,
          "attributes": {
            "agent_pool_id": null,
            "auto_apply": false,
            "created_by": [
              {
                "email": "v.vlasenko@scalr.com",
                "full_name": "",
                "username": "v.vlasenko@scalr.com"
              }
            ],
            "environment_id": "env-u8s912p8ttvked8",
            "execution_mode": "remote",
            "has_resources": false,
            "hooks": [],
            "id": "ws-u8sldjhc853t0lo",
            "module_version_id": "",
            "name": "ws1-167",
            "operations": true,
            "provider_configuration": [],
            "run_operation_timeout": null,
            "tag_ids": null,
            "terraform_version": "1.2.6",
            "var_files": null,
            "vcs_provider_id": null,
            "vcs_repo": [],
            "working_directory": ""
          },
          "sensitive_attributes": [],
          "private": "eyJzY2hlbWFfdmVyc2lvbiI6IjQifQ=="
        },
        {
          "index_key": 173,
          "schema_version": 4,
          "attributes": {
            "agent_pool_id": null,
            "auto_apply": false,
            "created_by": [
              {
                "email": "v.vlasenko@scalr.com",
                "full_name": "",
                "username": "v.vlasenko@scalr.com"
              }
            ],
            "environment_id": "env-u8s912p8ttvked8",
            "execution_mode": "remote",
            "has_resources": false,
            "hooks": [],
            "id": "ws-u8sldaeuhhf1opo",
            "module_version_id": "",
            "name": "ws1-173",
            "operations": true,
            "provider_configuration": [],
            "run_operation_timeout": null,
            "tag_ids": null,
            "terraform_version": "1.2.6",
            "var_files": null,
            "vcs_provider_id": null,
            "vcs_repo": [],
            "working_directory": ""
          },
          "sensitive_attributes": [],
          "private": "eyJzY2hlbWFfdmVyc2lvbiI6IjQifQ=="
        },
        {
          "index_key": 176,
          "schema_version": 4,
          "attributes": {
            "agent_pool_id": null,
            "auto_apply": false,
            "created_by": [
              {
                "email": "v.vlasenko@scalr.com",
                "full_name": "",
                "username": "v.vlasenko@scalr.com"
              }
            ],
            "environment_id": "env-u8s912p8ttvked8",
            "execution_mode": "remote",
            "has_resources": false,
            "hooks": [],
            "id": "ws-u8slcrt6ekgldco",
            "module_version_id": "",
            "name": "ws1-176",
            "operations": true,
            "provider_configuration": [],
            "run_operation_timeout": null,
            "tag_ids": null,
            "terraform_version": "1.2.6",
            "var_files": null,
            "vcs_provider_id": null,
            "vcs_repo": [],
            "working_directory": ""
          },
          "sensitive_attributes": [],
          "private": "eyJzY2hlbWFfdmVyc2lvbiI6IjQifQ=="
        },
        {
          "index_key": 192,
          "schema_version": 4,
          "attributes": {
            "agent_pool_id": null,
            "auto_apply": false,
            "created_by": [
              {
                "email": "v.vlasenko@scalr.com",
                "full_name": "",
                "username": "v.vlasenko@scalr.com"
              }
            ],
            "environment_id": "env-u8s912p8ttvked8",
            "execution_mode": "remote",
            "has_resources": false,
            "hooks": [],
            "id": "ws-u8slcgj63os7148",
            "module_version_id": "",
            "name": "ws1-192",
            "operations": true,
            "provider_configuration": [],
            "run_operation_timeout": null,
            "tag_ids": null,
            "terraform_version": "1.2.6",
            "var_files": null,
            "vcs_provider_id": null,
            "vcs_repo": [],
            "working_directory": ""
          },
          "sensitive_attributes": [],
          "private": "eyJzY2hlbWFfdmVyc2lvbiI6IjQifQ=="
        },
        {
          "index_key": 211,
          "schema_version": 4,
          "attributes": {
            "agent_pool_id": null,
            "auto_apply": false,
            "created_by": [
              {
                "email": "v.vlasenko@scalr.com",
                "full_name": "",
                "username": "v.vlasenko@scalr.com"
              }
            ],
            "environment_id": "env-u8s912p8ttvked8",
            "execution_mode": "remote",
            "has_resources": false,
            "hooks": [],
            "id": "ws-u8sld5l49si7rg0",
            "module_version_id": "",
            "name": "ws1-211",
            "operations": true,
            "provider_configuration": [],
            "run_operation_timeout": null,
            "tag_ids": null,
            "terraform_version": "1.2.6",
            "var_files": null,
            "vcs_provider_id": null,
            "vcs_repo": [],
            "working_directory": ""
          },
          "sensitive_attributes": [],
          "private": "eyJzY2hlbWFfdmVyc2lvbiI6IjQifQ=="
        },
        {
          "index_key": 214,
          "schema_version": 4,
          "attributes": {
            "agent_pool_id": null,
            "auto_apply": false,
            "created_by": [
              {
                "email": "v.vlasenko@scalr.com",
                "full_name": "",
                "username": "v.vlasenko@scalr.com"
              }
            ],
            "environment_id": "env-u8s912p8ttvked8",
            "execution_mode": "remote",
            "has_resources": false,
            "hooks": [],
            "id": "ws-u8slcl2ob13f51g",
            "module_version_id": "",
            "name": "ws1-214",
            "operations": true,
            "provider_configuration": [],
            "run_operation_timeout": null,
            "tag_ids": null,
            "terraform_version": "1.2.6",
            "var_files": null,
            "vcs_provider_id": null,
            "vcs_repo": [],
            "working_directory": ""
          },
          "sensitive_attributes": [],
          "private": "eyJzY2hlbWFfdmVyc2lvbiI6IjQifQ=="
        },
        {
          "index_key": 217,
          "schema_version": 4,
          "attributes": {
            "agent_pool_id": null,
            "auto_apply": false,
            "created_by": [
              {
                "email": "v.vlasenko@scalr.com",
                "full_name": "",
                "username": "v.vlasenko@scalr.com"
              }
            ],
            "environment_id": "env-u8s912p8ttvked8",
            "execution_mode": "remote",
            "has_resources": false,
            "hooks": [],
            "id": "ws-u8slcjqcc5vlrc0",
            "module_version_id": "",
            "name": "ws1-217",
            "operations": true,
            "provider_configuration": [],
            "run_operation_timeout": null,
            "tag_ids": null,
            "terraform_version": "1.2.6",
            "var_files": null,
            "vcs_provider_id": null,
            "vcs_repo": [],
            "working_directory": ""
          },
          "sensitive_attributes": [],
          "private": "eyJzY2hlbWFfdmVyc2lvbiI6IjQifQ=="
        },
        {
          "index_key": 227,
          "schema_version": 4,
          "attributes": {
            "agent_pool_id": null,
            "auto_apply": false,
            "created_by": [
              {
                "email": "v.vlasenko@scalr.com",
                "full_name": "",
                "username": "v.vlasenko@scalr.com"
              }
            ],
            "environment_id": "env-u8s912p8ttvked8",
            "execution_mode": "remote",
            "has_resources": false,
            "hooks": [],
            "id": "ws-u8sld6a3809ncao",
            "module_version_id": "",
            "name": "ws1-227",
            "operations": true,
            "provider_configuration": [],
            "run_operation_timeout": null,
            "tag_ids": null,
            "terraform_version": "1.2.6",
            "var_files": null,
            "vcs_provider_id": null,
            "vcs_repo": [],
            "working_directory": ""
          },
          "sensitive_attributes": [],
          "private": "eyJzY2hlbWFfdmVyc2lvbiI6IjQifQ=="
        },
        {
          "index_key": 236,
          "schema_version": 4,
          "attributes": {
            "agent_pool_id": null,
            "auto_apply": false,
            "created_by": [
              {
                "email": "v.vlasenko@scalr.com",
                "full_name": "",
                "username": "v.vlasenko@scalr.com"
              }
            ],
            "environment_id": "env-u8s912p8ttvked8",
            "execution_mode": "remote",
            "has_resources": false,
            "hooks": [],
            "id": "ws-u8slehci1v8s62g",
            "module_version_id": "",
            "name": "ws1-236",
            "operations": true,
            "provider_configuration": [],
            "run_operation_timeout": null,
            "tag_ids": null,
            "terraform_version": "1.2.6",
            "var_files": null,
            "vcs_provider_id": null,
            "vcs_repo": [],
            "working_directory": ""
          },
          "sensitive_attributes": [],
          "private": "eyJzY2hlbWFfdmVyc2lvbiI6IjQifQ=="
        },
        {
          "index_key": 263,
          "schema_version": 4,
          "attributes": {
            "agent_pool_id": null,
            "auto_apply": false,
            "created_by": [
              {
                "email": "v.vlasenko@scalr.com",
                "full_name": "",
                "username": "v.vlasenko@scalr.com"
              }
            ],
            "environment_id": "env-u8s912p8ttvked8",
            "execution_mode": "remote",
            "has_resources": false,
            "hooks": [],
            "id": "ws-u8sldc1lpgluod0",
            "module_version_id": "",
            "name": "ws1-263",
            "operations": true,
            "provider_configuration": [],
            "run_operation_timeout": null,
            "tag_ids": null,
            "terraform_version": "1.2.6",
            "var_files": null,
            "vcs_provider_id": null,
            "vcs_repo": [],
            "working_directory": ""
          },
          "sensitive_attributes": [],
          "private": "eyJzY2hlbWFfdmVyc2lvbiI6IjQifQ=="
        },
        {
          "index_key": 279,
          "schema_version": 4,
          "attributes": {
            "agent_pool_id": null,
            "auto_apply": false,
            "created_by": [
              {
                "email": "v.vlasenko@scalr.com",
                "full_name": "",
                "username": "v.vlasenko@scalr.com"
              }
            ],
            "environment_id": "env-u8s912p8ttvked8",
            "execution_mode": "remote",
            "has_resources": false,
            "hooks": [],
            "id": "ws-u8slcg1lhut1388",
            "module_version_id": "",
            "name": "ws1-279",
            "operations": true,
            "provider_configuration": [],
            "run_operation_timeout": null,
            "tag_ids": null,
            "terraform_version": "1.2.6",
            "var_files": null,
            "vcs_provider_id": null,
            "vcs_repo": [],
            "working_directory": ""
          },
          "sensitive_attributes": [],
          "private": "eyJzY2hlbWFfdmVyc2lvbiI6IjQifQ=="
        },
        {
          "index_key": 285,
          "schema_version": 4,
          "attributes": {
            "agent_pool_id": null,
            "auto_apply": false,
            "created_by": [
              {
                "email": "v.vlasenko@scalr.com",
                "full_name": "",
                "username": "v.vlasenko@scalr.com"
              }
            ],
            "environment_id": "env-u8s912p8ttvked8",
            "execution_mode": "remote",
            "has_resources": false,
            "hooks": [],
            "id": "ws-u8sldg15vp5kfs0",
            "module_version_id": "",
            "name": "ws1-285",
            "operations": true,
            "provider_configuration": [],
            "run_operation_timeout": null,
            "tag_ids": null,
            "terraform_version": "1.2.6",
            "var_files": null,
            "vcs_provider_id": null,
            "vcs_repo": [],
            "working_directory": ""
          },
          "sensitive_attributes": [],
          "private": "eyJzY2hlbWFfdmVyc2lvbiI6IjQifQ=="
        },
        {
          "index_key": 295,
          "schema_version": 4,
          "attributes": {
            "agent_pool_id": null,
            "auto_apply": false,
            "created_by": [
              {
                "email": "v.vlasenko@scalr.com",
                "full_name": "",
                "username": "v.vlasenko@scalr.com"
              }
            ],
            "environment_id": "env-u8s912p8ttvked8",
            "execution_mode": "remote",
            "has_resources": false,
            "hooks": [],
            "id": "ws-u8slcrmlf26nq20",
            "module_version_id": "",
            "name": "ws1-295",
            "operations": true,
            "provider_configuration": [],
            "run_operation_timeout": null,
            "tag_ids": null,
            "terraform_version": "1.2.6",
            "var_files": null,
            "vcs_provider_id": null,
            "vcs_repo": [],
            "working_directory": ""
          },
          "sensitive_attributes": [],
          "private": "eyJzY2hlbWFfdmVyc2lvbiI6IjQifQ=="
        },
        {
          "index_key": 309,
          "schema_version": 4,
          "attributes": {
            "agent_pool_id": null,
            "auto_apply": false,
            "created_by": [
              {
                "email": "v.vlasenko@scalr.com",
                "full_name": "",
                "username": "v.vlasenko@scalr.com"
              }
            ],
            "environment_id": "env-u8s912p8ttvked8",
            "execution_mode": "remote",
            "has_resources": false,
            "hooks": [],
            "id": "ws-u8slcueqebip830",
            "module_version_id": "",
            "name": "ws1-309",
            "operations": true,
            "provider_configuration": [],
            "run_operation_timeout": null,
            "tag_ids": null,
            "terraform_version": "1.2.6",
            "var_files": null,
            "vcs_provider_id": null,
            "vcs_repo": [],
            "working_directory": ""
          },
          "sensitive_attributes": [],
          "private": "eyJzY2hlbWFfdmVyc2lvbiI6IjQifQ=="
        },
        {
          "index_key": 312,
          "schema_version": 4,
          "attributes": {
            "agent_pool_id": null,
            "auto_apply": false,
            "created_by": [
              {
                "email": "v.vlasenko@scalr.com",
                "full_name": "",
                "username": "v.vlasenko@scalr.com"
              }
            ],
            "environment_id": "env-u8s912p8ttvked8",
            "execution_mode": "remote",
            "has_resources": false,
            "hooks": [],
            "id": "ws-u8sldtvprqbjsa0",
            "module_version_id": "",
            "name": "ws1-312",
            "operations": true,
            "provider_configuration": [],
            "run_operation_timeout": null,
            "tag_ids": null,
            "terraform_version": "1.2.6",
            "var_files": null,
            "vcs_provider_id": null,
            "vcs_repo": [],
            "working_directory": ""
          },
          "sensitive_attributes": [],
          "private": "eyJzY2hlbWFfdmVyc2lvbiI6IjQifQ=="
        },
        {
          "index_key": 316,
          "schema_version": 4,
          "attributes": {
            "agent_pool_id": null,
            "auto_apply": false,
            "created_by": [
              {
                "email": "v.vlasenko@scalr.com",
                "full_name": "",
                "username": "v.vlasenko@scalr.com"
              }
            ],
            "environment_id": "env-u8s912p8ttvked8",
            "execution_mode": "remote",
            "has_resources": false,
            "hooks": [],
            "id": "ws-u8slccue4h0bbr0",
            "module_version_id": "",
            "name": "ws1-316",
            "operations": true,
            "provider_configuration": [],
            "run_operation_timeout": null,
            "tag_ids": null,
            "terraform_version": "1.2.6",
            "var_files": null,
            "vcs_provider_id": null,
            "vcs_repo": [],
            "working_directory": ""
          },
          "sensitive_attributes": [],
          "private": "eyJzY2hlbWFfdmVyc2lvbiI6IjQifQ=="
        },
        {
          "index_key": 328,
          "schema_version": 4,
          "attributes": {
            "agent_pool_id": null,
            "auto_apply": false,
            "created_by": [
              {
                "email": "v.vlasenko@scalr.com",
                "full_name": "",
                "username": "v.vlasenko@scalr.com"
              }
            ],
            "environment_id": "env-u8s912p8ttvked8",
            "execution_mode": "remote",
            "has_resources": false,
            "hooks": [],
            "id": "ws-u8sld21u2n0l1co",
            "module_version_id": "",
            "name": "ws1-328",
            "operations": true,
            "provider_configuration": [],
            "run_operation_timeout": null,
            "tag_ids": null,
            "terraform_version": "1.2.6",
            "var_files": null,
            "vcs_provider_id": null,
            "vcs_repo": [],
            "working_directory": ""
          },
          "sensitive_attributes": [],
          "private": "eyJzY2hlbWFfdmVyc2lvbiI6IjQifQ=="
        },
        {
          "index_key": 370,
          "schema_version": 4,
          "attributes": {
            "agent_pool_id": null,
            "auto_apply": false,
            "created_by": [
              {
                "email": "v.vlasenko@scalr.com",
                "full_name": "",
                "username": "v.vlasenko@scalr.com"
              }
            ],
            "environment_id": "env-u8s912p8ttvked8",
            "execution_mode": "remote",
            "has_resources": false,
            "hooks": [],
            "id": "ws-u8sleaf524sarsg",
            "module_version_id": "",
            "name": "ws1-370",
            "operations": true,
            "provider_configuration": [],
            "run_operation_timeout": null,
            "tag_ids": null,
            "terraform_version": "1.2.6",
            "var_files": null,
            "vcs_provider_id": null,
            "vcs_repo": [],
            "working_directory": ""
          },
          "sensitive_attributes": [],
          "private": "eyJzY2hlbWFfdmVyc2lvbiI6IjQifQ=="
        },
        {
          "index_key": 371,
          "schema_version": 4,
          "attributes": {
            "agent_pool_id": null,
            "auto_apply": false,
            "created_by": [
              {
                "email": "v.vlasenko@scalr.com",
                "full_name": "",
                "username": "v.vlasenko@scalr.com"
              }
            ],
            "environment_id": "env-u8s912p8ttvked8",
            "execution_mode": "remote",
            "has_resources": false,
            "hooks": [],
            "id": "ws-u8sldekiiv7m4a8",
            "module_version_id": "",
            "name": "ws1-371",
            "operations": true,
            "provider_configuration": [],
            "run_operation_timeout": null,
            "tag_ids": null,
            "terraform_version": "1.2.6",
            "var_files": null,
            "vcs_provider_id": null,
            "vcs_repo": [],
            "working_directory": ""
          },
          "sensitive_attributes": [],
          "private": "eyJzY2hlbWFfdmVyc2lvbiI6IjQifQ=="
        },
        {
          "index_key": 373,
          "schema_version": 4,
          "attributes": {
            "agent_pool_id": null,
            "auto_apply": false,
            "created_by": [
              {
                "email": "v.vlasenko@scalr.com",
                "full_name": "",
                "username": "v.vlasenko@scalr.com"
              }
            ],
            "environment_id": "env-u8s912p8ttvked8",
            "execution_mode": "remote",
            "has_resources": false,
            "hooks": [],
            "id": "ws-u8slduoi0stu4p8",
            "module_version_id": "",
            "name": "ws1-373",
            "operations": true,
            "provider_configuration": [],
            "run_operation_timeout": null,
            "tag_ids": null,
            "terraform_version": "1.2.6",
            "var_files": null,
            "vcs_provider_id": null,
            "vcs_repo": [],
            "working_directory": ""
          },
          "sensitive_attributes": [],
          "private": "eyJzY2hlbWFfdmVyc2lvbiI6IjQifQ=="
        },
        {
          "index_key": 389,
          "schema_version": 4,
          "attributes": {
            "agent_pool_id": null,
            "auto_apply": false,
            "created_by": [
              {
                "email": "v.vlasenko@scalr.com",
                "full_name": "",
                "username": "v.vlasenko@scalr.com"
              }
            ],
            "environment_id": "env-u8s912p8ttvked8",
            "execution_mode": "remote",
            "has_resources": false,
            "hooks": [],
            "id": "ws-u8slcv3essaoai8",
            "module_version_id": "",
            "name": "ws1-389",
            "operations": true,
            "provider_configuration": [],
            "run_operation_timeout": null,
            "tag_ids": null,
            "terraform_version": "1.2.6",
            "var_files": null,
            "vcs_provider_id": null,
            "vcs_repo": [],
            "working_directory": ""
          },
          "sensitive_attributes": [],
          "private": "eyJzY2hlbWFfdmVyc2lvbiI6IjQifQ=="
        },
        {
          "index_key": 396,
          "schema_version": 4,
          "attributes": {
            "agent_pool_id": null,
            "auto_apply": false,
            "created_by": [
              {
                "email": "v.vlasenko@scalr.com",
                "full_name": "",
                "username": "v.vlasenko@scalr.com"
              }
            ],
            "environment_id": "env-u8s912p8ttvked8",
            "execution_mode": "remote",
            "has_resources": false,
            "hooks": [],
            "id": "ws-u8slcte1h28a61o",
            "module_version_id": "",
            "name": "ws1-396",
            "operations": true,
            "provider_configuration": [],
            "run_operation_timeout": null,
            "tag_ids": null,
            "terraform_version": "1.2.6",
            "var_files": null,
            "vcs_provider_id": null,
            "vcs_repo": [],
            "working_directory": ""
          },
          "sensitive_attributes": [],
          "private": "eyJzY2hlbWFfdmVyc2lvbiI6IjQifQ=="
        },
        {
          "index_key": 413,
          "schema_version": 4,
          "attributes": {
            "agent_pool_id": null,
            "auto_apply": false,
            "created_by": [
              {
                "email": "v.vlasenko@scalr.com",
                "full_name": "",
                "username": "v.vlasenko@scalr.com"
              }
            ],
            "environment_id": "env-u8s912p8ttvked8",
            "execution_mode": "remote",
            "has_resources": false,
            "hooks": [],
            "id": "ws-u8slcflik6j1i90",
            "module_version_id": "",
            "name": "ws1-413",
            "operations": true,
            "provider_configuration": [],
            "run_operation_timeout": null,
            "tag_ids": null,
            "terraform_version": "1.2.6",
            "var_files": null,
            "vcs_provider_id": null,
            "vcs_repo": [],
            "working_directory": ""
          },
          "sensitive_attributes": [],
          "private": "eyJzY2hlbWFfdmVyc2lvbiI6IjQifQ=="
        },
        {
          "index_key": 453,
          "schema_version": 4,
          "attributes": {
            "agent_pool_id": null,
            "auto_apply": false,
            "created_by": [
              {
                "email": "v.vlasenko@scalr.com",
                "full_name": "",
                "username": "v.vlasenko@scalr.com"
              }
            ],
            "environment_id": "env-u8s912p8ttvked8",
            "execution_mode": "remote",
            "has_resources": false,
            "hooks": [],
            "id": "ws-u8slccq1i4ocql0",
            "module_version_id": "",
            "name": "ws1-453",
            "operations": true,
            "provider_configuration": [],
            "run_operation_timeout": null,
            "tag_ids": null,
            "terraform_version": "1.2.6",
            "var_files": null,
            "vcs_provider_id": null,
            "vcs_repo": [],
            "working_directory": ""
          },
          "sensitive_attributes": [],
          "private": "eyJzY2hlbWFfdmVyc2lvbiI6IjQifQ=="
        },
        {
          "index_key": 468,
          "schema_version": 4,
          "attributes": {
            "agent_pool_id": null,
            "auto_apply": false,
            "created_by": [
              {
                "email": "v.vlasenko@scalr.com",
                "full_name": "",
                "username": "v.vlasenko@scalr.com"
              }
            ],
            "environment_id": "env-u8s912p8ttvked8",
            "execution_mode": "remote",
            "has_resources": false,
            "hooks": [],
            "id": "ws-u8slchihh3i63ag",
            "module_version_id": "",
            "name": "ws1-468",
            "operations": true,
            "provider_configuration": [],
            "run_operation_timeout": null,
            "tag_ids": null,
            "terraform_version": "1.2.6",
            "var_files": null,
            "vcs_provider_id": null,
            "vcs_repo": [],
            "working_directory": ""
          },
          "sensitive_attributes": [],
          "private": "eyJzY2hlbWFfdmVyc2lvbiI6IjQifQ=="
        },
        {
          "index_key": 471,
          "schema_version": 4,
          "attributes": {
            "agent_pool_id": null,
            "auto_apply": false,
            "created_by": [
              {
                "email": "v.vlasenko@scalr.com",
                "full_name": "",
                "username": "v.vlasenko@scalr.com"
              }
            ],
            "environment_id": "env-u8s912p8ttvked8",
            "execution_mode": "remote",
            "has_resources": false,
            "hooks": [],
            "id": "ws-u8sle3tkhnd0r4o",
            "module_version_id": "",
            "name": "ws1-471",
            "operations": true,
            "provider_configuration": [],
            "run_operation_timeout": null,
            "tag_ids": null,
            "terraform_version": "1.2.6",
            "var_files": null,
            "vcs_provider_id": null,
            "vcs_repo": [],
            "working_directory": ""
          },
          "sensitive_attributes": [],
          "private": "eyJzY2hlbWFfdmVyc2lvbiI6IjQifQ=="
        },
        {
          "index_key": 483,
          "schema_version": 4,
          "attributes": {
            "agent_pool_id": null,
            "auto_apply": false,
            "created_by": [
              {
                "email": "v.vlasenko@scalr.com",
                "full_name": "",
                "username": "v.vlasenko@scalr.com"
              }
            ],
            "environment_id": "env-u8s912p8ttvked8",
            "execution_mode": "remote",
            "has_resources": false,
            "hooks": [],
            "id": "ws-u8sldbf3qtmdrto",
            "module_version_id": "",
            "name": "ws1-483",
            "operations": true,
            "provider_configuration": [],
            "run_operation_timeout": null,
            "tag_ids": null,
            "terraform_version": "1.2.6",
            "var_files": null,
            "vcs_provider_id": null,
            "vcs_repo": [],
            "working_directory": ""
          },
          "sensitive_attributes": [],
          "private": "eyJzY2hlbWFfdmVyc2lvbiI6IjQifQ=="
        },
        {
          "index_key": 490,
          "schema_version": 4,
          "attributes": {
            "agent_pool_id": null,
            "auto_apply": false,
            "created_by": [
              {
                "email": "v.vlasenko@scalr.com",
                "full_name": "",
                "username": "v.vlasenko@scalr.com"
              }
            ],
            "environment_id": "env-u8s912p8ttvked8",
            "execution_mode": "remote",
            "has_resources": false,
            "hooks": [],
            "id": "ws-u8slekfrr9heas8",
            "module_version_id": "",
            "name": "ws1-490",
            "operations": true,
            "provider_configuration": [],
            "run_operation_timeout": null,
            "tag_ids": null,
            "terraform_version": "1.2.6",
            "var_files": null,
            "vcs_provider_id": null,
            "vcs_repo": [],
            "working_directory": ""
          },
          "sensitive_attributes": [],
          "private": "eyJzY2hlbWFfdmVyc2lvbiI6IjQifQ=="
        },
        {
          "index_key": 549,
          "schema_version": 4,
          "attributes": {
            "agent_pool_id": null,
            "auto_apply": false,
            "created_by": [
              {
                "email": "v.vlasenko@scalr.com",
                "full_name": "",
                "username": "v.vlasenko@scalr.com"
              }
            ],
            "environment_id": "env-u8s912p8ttvked8",
            "execution_mode": "remote",
            "has_resources": false,
            "hooks": [],
            "id": "ws-u8sle9rk5fnp1o0",
            "module_version_id": "",
            "name": "ws1-549",
            "operations": true,
            "provider_configuration": [],
            "run_operation_timeout": null,
            "tag_ids": null,
            "terraform_version": "1.2.6",
            "var_files": null,
            "vcs_provider_id": null,
            "vcs_repo": [],
            "working_directory": ""
          },
          "sensitive_attributes": [],
          "private": "eyJzY2hlbWFfdmVyc2lvbiI6IjQifQ=="
        },
        {
          "index_key": 559,
          "schema_version": 4,
          "attributes": {
            "agent_pool_id": null,
            "auto_apply": false,
            "created_by": [
              {
                "email": "v.vlasenko@scalr.com",
                "full_name": "",
                "username": "v.vlasenko@scalr.com"
              }
            ],
            "environment_id": "env-u8s912p8ttvked8",
            "execution_mode": "remote",
            "has_resources": false,
            "hooks": [],
            "id": "ws-u8sldn95ah58bp8",
            "module_version_id": "",
            "name": "ws1-559",
            "operations": true,
            "provider_configuration": [],
            "run_operation_timeout": null,
            "tag_ids": null,
            "terraform_version": "1.2.6",
            "var_files": null,
            "vcs_provider_id": null,
            "vcs_repo": [],
            "working_directory": ""
          },
          "sensitive_attributes": [],
          "private": "eyJzY2hlbWFfdmVyc2lvbiI6IjQifQ=="
        },
        {
          "index_key": 565,
          "schema_version": 4,
          "attributes": {
            "agent_pool_id": null,
            "auto_apply": false,
            "created_by": [
              {
                "email": "v.vlasenko@scalr.com",
                "full_name": "",
                "username": "v.vlasenko@scalr.com"
              }
            ],
            "environment_id": "env-u8s912p8ttvked8",
            "execution_mode": "remote",
            "has_resources": false,
            "hooks": [],
            "id": "ws-u8sldvflceiecuo",
            "module_version_id": "",
            "name": "ws1-565",
            "operations": true,
            "provider_configuration": [],
            "run_operation_timeout": null,
            "tag_ids": null,
            "terraform_version": "1.2.6",
            "var_files": null,
            "vcs_provider_id": null,
            "vcs_repo": [],
            "working_directory": ""
          },
          "sensitive_attributes": [],
          "private": "eyJzY2hlbWFfdmVyc2lvbiI6IjQifQ=="
        },
        {
          "index_key": 575,
          "schema_version": 4,
          "attributes": {
            "agent_pool_id": null,
            "auto_apply": false,
            "created_by": [
              {
                "email": "v.vlasenko@scalr.com",
                "full_name": "",
                "username": "v.vlasenko@scalr.com"
              }
            ],
            "environment_id": "env-u8s912p8ttvked8",
            "execution_mode": "remote",
            "has_resources": false,
            "hooks": [],
            "id": "ws-u8slehbos00fvro",
            "module_version_id": "",
            "name": "ws1-575",
            "operations": true,
            "provider_configuration": [],
            "run_operation_timeout": null,
            "tag_ids": null,
            "terraform_version": "1.2.6",
            "var_files": null,
            "vcs_provider_id": null,
            "vcs_repo": [],
            "working_directory": ""
          },
          "sensitive_attributes": [],
          "private": "eyJzY2hlbWFfdmVyc2lvbiI6IjQifQ=="
        },
        {
          "index_key": 576,
          "schema_version": 4,
          "attributes": {
            "agent_pool_id": null,
            "auto_apply": false,
            "created_by": [
              {
                "email": "v.vlasenko@scalr.com",
                "full_name": "",
                "username": "v.vlasenko@scalr.com"
              }
            ],
            "environment_id": "env-u8s912p8ttvked8",
            "execution_mode": "remote",
            "has_resources": false,
            "hooks": [],
            "id": "ws-u8sldq30dsilqig",
            "module_version_id": "",
            "name": "ws1-576",
            "operations": true,
            "provider_configuration": [],
            "run_operation_timeout": null,
            "tag_ids": null,
            "terraform_version": "1.2.6",
            "var_files": null,
            "vcs_provider_id": null,
            "vcs_repo": [],
            "working_directory": ""
          },
          "sensitive_attributes": [],
          "private": "eyJzY2hlbWFfdmVyc2lvbiI6IjQifQ=="
        },
        {
          "index_key": 601,
          "schema_version": 4,
          "attributes": {
            "agent_pool_id": null,
            "auto_apply": false,
            "created_by": [
              {
                "email": "v.vlasenko@scalr.com",
                "full_name": "",
                "username": "v.vlasenko@scalr.com"
              }
            ],
            "environment_id": "env-u8s912p8ttvked8",
            "execution_mode": "remote",
            "has_resources": false,
            "hooks": [],
            "id": "ws-u8sldrq3d3kfeqo",
            "module_version_id": "",
            "name": "ws1-601",
            "operations": true,
            "provider_configuration": [],
            "run_operation_timeout": null,
            "tag_ids": null,
            "terraform_version": "1.2.6",
            "var_files": null,
            "vcs_provider_id": null,
            "vcs_repo": [],
            "working_directory": ""
          },
          "sensitive_attributes": [],
          "private": "eyJzY2hlbWFfdmVyc2lvbiI6IjQifQ=="
        },
        {
          "index_key": 639,
          "schema_version": 4,
          "attributes": {
            "agent_pool_id": null,
            "auto_apply": false,
            "created_by": [
              {
                "email": "v.vlasenko@scalr.com",
                "full_name": "",
                "username": "v.vlasenko@scalr.com"
              }
            ],
            "environment_id": "env-u8s912p8ttvked8",
            "execution_mode": "remote",
            "has_resources": false,
            "hooks": [],
            "id": "ws-u8slce8qbf9ss30",
            "module_version_id": "",
            "name": "ws1-639",
            "operations": true,
            "provider_configuration": [],
            "run_operation_timeout": null,
            "tag_ids": null,
            "terraform_version": "1.2.6",
            "var_files": null,
            "vcs_provider_id": null,
            "vcs_repo": [],
            "working_directory": ""
          },
          "sensitive_attributes": [],
          "private": "eyJzY2hlbWFfdmVyc2lvbiI6IjQifQ=="
        },
        {
          "index_key": 642,
          "schema_version": 4,
          "attributes": {
            "agent_pool_id": null,
            "auto_apply": false,
            "created_by": [
              {
                "email": "v.vlasenko@scalr.com",
                "full_name": "",
                "username": "v.vlasenko@scalr.com"
              }
            ],
            "environment_id": "env-u8s912p8ttvked8",
            "execution_mode": "remote",
            "has_resources": false,
            "hooks": [],
            "id": "ws-u8slctlnq51r0p8",
            "module_version_id": "",
            "name": "ws1-642",
            "operations": true,
            "provider_configuration": [],
            "run_operation_timeout": null,
            "tag_ids": null,
            "terraform_version": "1.2.6",
            "var_files": null,
            "vcs_provider_id": null,
            "vcs_repo": [],
            "working_directory": ""
          },
          "sensitive_attributes": [],
          "private": "eyJzY2hlbWFfdmVyc2lvbiI6IjQifQ=="
        },
        {
          "index_key": 646,
          "schema_version": 4,
          "attributes": {
            "agent_pool_id": null,
            "auto_apply": false,
            "created_by": [
              {
                "email": "v.vlasenko@scalr.com",
                "full_name": "",
                "username": "v.vlasenko@scalr.com"
              }
            ],
            "environment_id": "env-u8s912p8ttvked8",
            "execution_mode": "remote",
            "has_resources": false,
            "hooks": [],
            "id": "ws-u8sle0nkd589s0g",
            "module_version_id": "",
            "name": "ws1-646",
            "operations": true,
            "provider_configuration": [],
            "run_operation_timeout": null,
            "tag_ids": null,
            "terraform_version": "1.2.6",
            "var_files": null,
            "vcs_provider_id": null,
            "vcs_repo": [],
            "working_directory": ""
          },
          "sensitive_attributes": [],
          "private": "eyJzY2hlbWFfdmVyc2lvbiI6IjQifQ=="
        },
        {
          "index_key": 651,
          "schema_version": 4,
          "attributes": {
            "agent_pool_id": null,
            "auto_apply": false,
            "created_by": [
              {
                "email": "v.vlasenko@scalr.com",
                "full_name": "",
                "username": "v.vlasenko@scalr.com"
              }
            ],
            "environment_id": "env-u8s912p8ttvked8",
            "execution_mode": "remote",
            "has_resources": false,
            "hooks": [],
            "id": "ws-u8slccqspngi1pg",
            "module_version_id": "",
            "name": "ws1-651",
            "operations": true,
            "provider_configuration": [],
            "run_operation_timeout": null,
            "tag_ids": null,
            "terraform_version": "1.2.6",
            "var_files": null,
            "vcs_provider_id": null,
            "vcs_repo": [],
            "working_directory": ""
          },
          "sensitive_attributes": [],
          "private": "eyJzY2hlbWFfdmVyc2lvbiI6IjQifQ=="
        },
        {
          "index_key": 661,
          "schema_version": 4,
          "attributes": {
            "agent_pool_id": null,
            "auto_apply": false,
            "created_by": [
              {
                "email": "v.vlasenko@scalr.com",
                "full_name": "",
                "username": "v.vlasenko@scalr.com"
              }
            ],
            "environment_id": "env-u8s912p8ttvked8",
            "execution_mode": "remote",
            "has_resources": false,
            "hooks": [],
            "id": "ws-u8sle8tbnl127lo",
            "module_version_id": "",
            "name": "ws1-661",
            "operations": true,
            "provider_configuration": [],
            "run_operation_timeout": null,
            "tag_ids": null,
            "terraform_version": "1.2.6",
            "var_files": null,
            "vcs_provider_id": null,
            "vcs_repo": [],
            "working_directory": ""
          },
          "sensitive_attributes": [],
          "private": "eyJzY2hlbWFfdmVyc2lvbiI6IjQifQ=="
        },
        {
          "index_key": 670,
          "schema_version": 4,
          "attributes": {
            "agent_pool_id": null,
            "auto_apply": false,
            "created_by": [
              {
                "email": "v.vlasenko@scalr.com",
                "full_name": "",
                "username": "v.vlasenko@scalr.com"
              }
            ],
            "environment_id": "env-u8s912p8ttvked8",
            "execution_mode": "remote",
            "has_resources": false,
            "hooks": [],
            "id": "ws-u8slcp4ockighb8",
            "module_version_id": "",
            "name": "ws1-670",
            "operations": true,
            "provider_configuration": [],
            "run_operation_timeout": null,
            "tag_ids": null,
            "terraform_version": "1.2.6",
            "var_files": null,
            "vcs_provider_id": null,
            "vcs_repo": [],
            "working_directory": ""
          },
          "sensitive_attributes": [],
          "private": "eyJzY2hlbWFfdmVyc2lvbiI6IjQifQ=="
        },
        {
          "index_key": 671,
          "schema_version": 4,
          "attributes": {
            "agent_pool_id": null,
            "auto_apply": false,
            "created_by": [
              {
                "email": "v.vlasenko@scalr.com",
                "full_name": "",
                "username": "v.vlasenko@scalr.com"
              }
            ],
            "environment_id": "env-u8s912p8ttvked8",
            "execution_mode": "remote",
            "has_resources": false,
            "hooks": [],
            "id": "ws-u8slchprq7ua0g8",
            "module_version_id": "",
            "name": "ws1-671",
            "operations": true,
            "provider_configuration": [],
            "run_operation_timeout": null,
            "tag_ids": null,
            "terraform_version": "1.2.6",
            "var_files": null,
            "vcs_provider_id": null,
            "vcs_repo": [],
            "working_directory": ""
          },
          "sensitive_attributes": [],
          "private": "eyJzY2hlbWFfdmVyc2lvbiI6IjQifQ=="
        },
        {
          "index_key": 675,
          "schema_version": 4,
          "attributes": {
            "agent_pool_id": null,
            "auto_apply": false,
            "created_by": [
              {
                "email": "v.vlasenko@scalr.com",
                "full_name": "",
                "username": "v.vlasenko@scalr.com"
              }
            ],
            "environment_id": "env-u8s912p8ttvked8",
            "execution_mode": "remote",
            "has_resources": false,
            "hooks": [],
            "id": "ws-u8sldl53ajinv60",
            "module_version_id": "",
            "name": "ws1-675",
            "operations": true,
            "provider_configuration": [],
            "run_operation_timeout": null,
            "tag_ids": null,
            "terraform_version": "1.2.6",
            "var_files": null,
            "vcs_provider_id": null,
            "vcs_repo": [],
            "working_directory": ""
          },
          "sensitive_attributes": [],
          "private": "eyJzY2hlbWFfdmVyc2lvbiI6IjQifQ=="
        },
        {
          "index_key": 685,
          "schema_version": 4,
          "attributes": {
            "agent_pool_id": null,
            "auto_apply": false,
            "created_by": [
              {
                "email": "v.vlasenko@scalr.com",
                "full_name": "",
                "username": "v.vlasenko@scalr.com"
              }
            ],
            "environment_id": "env-u8s912p8ttvked8",
            "execution_mode": "remote",
            "has_resources": false,
            "hooks": [],
            "id": "ws-u8sle7ug2nr2eu8",
            "module_version_id": "",
            "name": "ws1-685",
            "operations": true,
            "provider_configuration": [],
            "run_operation_timeout": null,
            "tag_ids": null,
            "terraform_version": "1.2.6",
            "var_files": null,
            "vcs_provider_id": null,
            "vcs_repo": [],
            "working_directory": ""
          },
          "sensitive_attributes": [],
          "private": "eyJzY2hlbWFfdmVyc2lvbiI6IjQifQ=="
        },
        {
          "index_key": 688,
          "schema_version": 4,
          "attributes": {
            "agent_pool_id": null,
            "auto_apply": false,
            "created_by": [
              {
                "email": "v.vlasenko@scalr.com",
                "full_name": "",
                "username": "v.vlasenko@scalr.com"
              }
            ],
            "environment_id": "env-u8s912p8ttvked8",
            "execution_mode": "remote",
            "has_resources": false,
            "hooks": [],
            "id": "ws-u8slc9nerihk7d0",
            "module_version_id": "",
            "name": "ws1-688",
            "operations": true,
            "provider_configuration": [],
            "run_operation_timeout": null,
            "tag_ids": null,
            "terraform_version": "1.2.6",
            "var_files": null,
            "vcs_provider_id": null,
            "vcs_repo": [],
            "working_directory": ""
          },
          "sensitive_attributes": [],
          "private": "eyJzY2hlbWFfdmVyc2lvbiI6IjQifQ=="
        },
        {
          "index_key": 719,
          "schema_version": 4,
          "attributes": {
            "agent_pool_id": null,
            "auto_apply": false,
            "created_by": [
              {
                "email": "v.vlasenko@scalr.com",
                "full_name": "",
                "username": "v.vlasenko@scalr.com"
              }
            ],
            "environment_id": "env-u8s912p8ttvked8",
            "execution_mode": "remote",
            "has_resources": false,
            "hooks": [],
            "id": "ws-u8slefm1ai0oc4g",
            "module_version_id": "",
            "name": "ws1-719",
            "operations": true,
            "provider_configuration": [],
            "run_operation_timeout": null,
            "tag_ids": null,
            "terraform_version": "1.2.6",
            "var_files": null,
            "vcs_provider_id": null,
            "vcs_repo": [],
            "working_directory": ""
          },
          "sensitive_attributes": [],
          "private": "eyJzY2hlbWFfdmVyc2lvbiI6IjQifQ=="
        },
        {
          "index_key": 735,
          "schema_version": 4,
          "attributes": {
            "agent_pool_id": null,
            "auto_apply": false,
            "created_by": [
              {
                "email": "v.vlasenko@scalr.com",
                "full_name": "",
                "username": "v.vlasenko@scalr.com"
              }
            ],
            "environment_id": "env-u8s912p8ttvked8",
            "execution_mode": "remote",
            "has_resources": false,
            "hooks": [],
            "id": "ws-u8slcluu21ige88",
            "module_version_id": "",
            "name": "ws1-735",
            "operations": true,
            "provider_configuration": [],
            "run_operation_timeout": null,
            "tag_ids": null,
            "terraform_version": "1.2.6",
            "var_files": null,
            "vcs_provider_id": null,
            "vcs_repo": [],
            "working_directory": ""
          },
          "sensitive_attributes": [],
          "private": "eyJzY2hlbWFfdmVyc2lvbiI6IjQifQ=="
        },
        {
          "index_key": 741,
          "schema_version": 4,
          "attributes": {
            "agent_pool_id": null,
            "auto_apply": false,
            "created_by": [
              {
                "email": "v.vlasenko@scalr.com",
                "full_name": "",
                "username": "v.vlasenko@scalr.com"
              }
            ],
            "environment_id": "env-u8s912p8ttvked8",
            "execution_mode": "remote",
            "has_resources": false,
            "hooks": [],
            "id": "ws-u8sldm6e1i365og",
            "module_version_id": "",
            "name": "ws1-741",
            "operations": true,
            "provider_configuration": [],
            "run_operation_timeout": null,
            "tag_ids": null,
            "terraform_version": "1.2.6",
            "var_files": null,
            "vcs_provider_id": null,
            "vcs_repo": [],
            "working_directory": ""
          },
          "sensitive_attributes": [],
          "private": "eyJzY2hlbWFfdmVyc2lvbiI6IjQifQ=="
        },
        {
          "index_key": 767,
          "schema_version": 4,
          "attributes": {
            "agent_pool_id": null,
            "auto_apply": false,
            "created_by": [
              {
                "email": "v.vlasenko@scalr.com",
                "full_name": "",
                "username": "v.vlasenko@scalr.com"
              }
            ],
            "environment_id": "env-u8s912p8ttvked8",
            "execution_mode": "remote",
            "has_resources": false,
            "hooks": [],
            "id": "ws-u8sle5ct9258em0",
            "module_version_id": "",
            "name": "ws1-767",
            "operations": true,
            "provider_configuration": [],
            "run_operation_timeout": null,
            "tag_ids": null,
            "terraform_version": "1.2.6",
            "var_files": null,
            "vcs_provider_id": null,
            "vcs_repo": [],
            "working_directory": ""
          },
          "sensitive_attributes": [],
          "private": "eyJzY2hlbWFfdmVyc2lvbiI6IjQifQ=="
        },
        {
          "index_key": 782,
          "schema_version": 4,
          "attributes": {
            "agent_pool_id": null,
            "auto_apply": false,
            "created_by": [
              {
                "email": "v.vlasenko@scalr.com",
                "full_name": "",
                "username": "v.vlasenko@scalr.com"
              }
            ],
            "environment_id": "env-u8s912p8ttvked8",
            "execution_mode": "remote",
            "has_resources": false,
            "hooks": [],
            "id": "ws-u8sle06k8ukgq60",
            "module_version_id": "",
            "name": "ws1-782",
            "operations": true,
            "provider_configuration": [],
            "run_operation_timeout": null,
            "tag_ids": null,
            "terraform_version": "1.2.6",
            "var_files": null,
            "vcs_provider_id": null,
            "vcs_repo": [],
            "working_directory": ""
          },
          "sensitive_attributes": [],
          "private": "eyJzY2hlbWFfdmVyc2lvbiI6IjQifQ=="
        },
        {
          "index_key": 784,
          "schema_version": 4,
          "attributes": {
            "agent_pool_id": null,
            "auto_apply": false,
            "created_by": [
              {
                "email": "v.vlasenko@scalr.com",
                "full_name": "",
                "username": "v.vlasenko@scalr.com"
              }
            ],
            "environment_id": "env-u8s912p8ttvked8",
            "execution_mode": "remote",
            "has_resources": false,
            "hooks": [],
            "id": "ws-u8sld3dk4bq6k4o",
            "module_version_id": "",
            "name": "ws1-784",
            "operations": true,
            "provider_configuration": [],
            "run_operation_timeout": null,
            "tag_ids": null,
            "terraform_version": "1.2.6",
            "var_files": null,
            "vcs_provider_id": null,
            "vcs_repo": [],
            "working_directory": ""
          },
          "sensitive_attributes": [],
          "private": "eyJzY2hlbWFfdmVyc2lvbiI6IjQifQ=="
        },
        {
          "index_key": 787,
          "schema_version": 4,
          "attributes": {
            "agent_pool_id": null,
            "auto_apply": false,
            "created_by": [
              {
                "email": "v.vlasenko@scalr.com",
                "full_name": "",
                "username": "v.vlasenko@scalr.com"
              }
            ],
            "environment_id": "env-u8s912p8ttvked8",
            "execution_mode": "remote",
            "has_resources": false,
            "hooks": [],
            "id": "ws-u8sleoa2a471b7g",
            "module_version_id": "",
            "name": "ws1-787",
            "operations": true,
            "provider_configuration": [],
            "run_operation_timeout": null,
            "tag_ids": null,
            "terraform_version": "1.2.6",
            "var_files": null,
            "vcs_provider_id": null,
            "vcs_repo": [],
            "working_directory": ""
          },
          "sensitive_attributes": [],
          "private": "eyJzY2hlbWFfdmVyc2lvbiI6IjQifQ=="
        },
        {
          "index_key": 790,
          "schema_version": 4,
          "attributes": {
            "agent_pool_id": null,
            "auto_apply": false,
            "created_by": [
              {
                "email": "v.vlasenko@scalr.com",
                "full_name": "",
                "username": "v.vlasenko@scalr.com"
              }
            ],
            "environment_id": "env-u8s912p8ttvked8",
            "execution_mode": "remote",
            "has_resources": false,
            "hooks": [],
            "id": "ws-u8sle2gpjmic34o",
            "module_version_id": "",
            "name": "ws1-790",
            "operations": true,
            "provider_configuration": [],
            "run_operation_timeout": null,
            "tag_ids": null,
            "terraform_version": "1.2.6",
            "var_files": null,
            "vcs_provider_id": null,
            "vcs_repo": [],
            "working_directory": ""
          },
          "sensitive_attributes": [],
          "private": "eyJzY2hlbWFfdmVyc2lvbiI6IjQifQ=="
        },
        {
          "index_key": 802,
          "schema_version": 4,
          "attributes": {
            "agent_pool_id": null,
            "auto_apply": false,
            "created_by": [
              {
                "email": "v.vlasenko@scalr.com",
                "full_name": "",
                "username": "v.vlasenko@scalr.com"
              }
            ],
            "environment_id": "env-u8s912p8ttvked8",
            "execution_mode": "remote",
            "has_resources": false,
            "hooks": [],
            "id": "ws-u8sldps5mkk556g",
            "module_version_id": "",
            "name": "ws1-802",
            "operations": true,
            "provider_configuration": [],
            "run_operation_timeout": null,
            "tag_ids": null,
            "terraform_version": "1.2.6",
            "var_files": null,
            "vcs_provider_id": null,
            "vcs_repo": [],
            "working_directory": ""
          },
          "sensitive_attributes": [],
          "private": "eyJzY2hlbWFfdmVyc2lvbiI6IjQifQ=="
        },
        {
          "index_key": 803,
          "schema_version": 4,
          "attributes": {
            "agent_pool_id": null,
            "auto_apply": false,
            "created_by": [
              {
                "email": "v.vlasenko@scalr.com",
                "full_name": "",
                "username": "v.vlasenko@scalr.com"
              }
            ],
            "environment_id": "env-u8s912p8ttvked8",
            "execution_mode": "remote",
            "has_resources": false,
            "hooks": [],
            "id": "ws-u8sldsk0q4l454o",
            "module_version_id": "",
            "name": "ws1-803",
            "operations": true,
            "provider_configuration": [],
            "run_operation_timeout": null,
            "tag_ids": null,
            "terraform_version": "1.2.6",
            "var_files": null,
            "vcs_provider_id": null,
            "vcs_repo": [],
            "working_directory": ""
          },
          "sensitive_attributes": [],
          "private": "eyJzY2hlbWFfdmVyc2lvbiI6IjQifQ=="
        },
        {
          "index_key": 815,
          "schema_version": 4,
          "attributes": {
            "agent_pool_id": null,
            "auto_apply": false,
            "created_by": [
              {
                "email": "v.vlasenko@scalr.com",
                "full_name": "",
                "username": "v.vlasenko@scalr.com"
              }
            ],
            "environment_id": "env-u8s912p8ttvked8",
            "execution_mode": "remote",
            "has_resources": false,
            "hooks": [],
            "id": "ws-u8slcelg556p430",
            "module_version_id": "",
            "name": "ws1-815",
            "operations": true,
            "provider_configuration": [],
            "run_operation_timeout": null,
            "tag_ids": null,
            "terraform_version": "1.2.6",
            "var_files": null,
            "vcs_provider_id": null,
            "vcs_repo": [],
            "working_directory": ""
          },
          "sensitive_attributes": [],
          "private": "eyJzY2hlbWFfdmVyc2lvbiI6IjQifQ=="
        },
        {
          "index_key": 822,
          "schema_version": 4,
          "attributes": {
            "agent_pool_id": null,
            "auto_apply": false,
            "created_by": [
              {
                "email": "v.vlasenko@scalr.com",
                "full_name": "",
                "username": "v.vlasenko@scalr.com"
              }
            ],
            "environment_id": "env-u8s912p8ttvked8",
            "execution_mode": "remote",
            "has_resources": false,
            "hooks": [],
            "id": "ws-u8sle0imtnv0hqg",
            "module_version_id": "",
            "name": "ws1-822",
            "operations": true,
            "provider_configuration": [],
            "run_operation_timeout": null,
            "tag_ids": null,
            "terraform_version": "1.2.6",
            "var_files": null,
            "vcs_provider_id": null,
            "vcs_repo": [],
            "working_directory": ""
          },
          "sensitive_attributes": [],
          "private": "eyJzY2hlbWFfdmVyc2lvbiI6IjQifQ=="
        },
        {
          "index_key": 824,
          "schema_version": 4,
          "attributes": {
            "agent_pool_id": null,
            "auto_apply": false,
            "created_by": [
              {
                "email": "v.vlasenko@scalr.com",
                "full_name": "",
                "username": "v.vlasenko@scalr.com"
              }
            ],
            "environment_id": "env-u8s912p8ttvked8",
            "execution_mode": "remote",
            "has_resources": false,
            "hooks": [],
            "id": "ws-u8slcjhorp5ogb8",
            "module_version_id": "",
            "name": "ws1-824",
            "operations": true,
            "provider_configuration": [],
            "run_operation_timeout": null,
            "tag_ids": null,
            "terraform_version": "1.2.6",
            "var_files": null,
            "vcs_provider_id": null,
            "vcs_repo": [],
            "working_directory": ""
          },
          "sensitive_attributes": [],
          "private": "eyJzY2hlbWFfdmVyc2lvbiI6IjQifQ=="
        },
        {
          "index_key": 836,
          "schema_version": 4,
          "attributes": {
            "agent_pool_id": null,
            "auto_apply": false,
            "created_by": [
              {
                "email": "v.vlasenko@scalr.com",
                "full_name": "",
                "username": "v.vlasenko@scalr.com"
              }
            ],
            "environment_id": "env-u8s912p8ttvked8",
            "execution_mode": "remote",
            "has_resources": false,
            "hooks": [],
            "id": "ws-u8slcd7q2sigl3o",
            "module_version_id": "",
            "name": "ws1-836",
            "operations": true,
            "provider_configuration": [],
            "run_operation_timeout": null,
            "tag_ids": null,
            "terraform_version": "1.2.6",
            "var_files": null,
            "vcs_provider_id": null,
            "vcs_repo": [],
            "working_directory": ""
          },
          "sensitive_attributes": [],
          "private": "eyJzY2hlbWFfdmVyc2lvbiI6IjQifQ=="
        },
        {
          "index_key": 837,
          "schema_version": 4,
          "attributes": {
            "agent_pool_id": null,
            "auto_apply": false,
            "created_by": [
              {
                "email": "v.vlasenko@scalr.com",
                "full_name": "",
                "username": "v.vlasenko@scalr.com"
              }
            ],
            "environment_id": "env-u8s912p8ttvked8",
            "execution_mode": "remote",
            "has_resources": false,
            "hooks": [],
            "id": "ws-u8sld0rinqr7kdg",
            "module_version_id": "",
            "name": "ws1-837",
            "operations": true,
            "provider_configuration": [],
            "run_operation_timeout": null,
            "tag_ids": null,
            "terraform_version": "1.2.6",
            "var_files": null,
            "vcs_provider_id": null,
            "vcs_repo": [],
            "working_directory": ""
          },
          "sensitive_attributes": [],
          "private": "eyJzY2hlbWFfdmVyc2lvbiI6IjQifQ=="
        },
        {
          "index_key": 859,
          "schema_version": 4,
          "attributes": {
            "agent_pool_id": null,
            "auto_apply": false,
            "created_by": [
              {
                "email": "v.vlasenko@scalr.com",
                "full_name": "",
                "username": "v.vlasenko@scalr.com"
              }
            ],
            "environment_id": "env-u8s912p8ttvked8",
            "execution_mode": "remote",
            "has_resources": false,
            "hooks": [],
            "id": "ws-u8sle84vq0m7tf8",
            "module_version_id": "",
            "name": "ws1-859",
            "operations": true,
            "provider_configuration": [],
            "run_operation_timeout": null,
            "tag_ids": null,
            "terraform_version": "1.2.6",
            "var_files": null,
            "vcs_provider_id": null,
            "vcs_repo": [],
            "working_directory": ""
          },
          "sensitive_attributes": [],
          "private": "eyJzY2hlbWFfdmVyc2lvbiI6IjQifQ=="
        },
        {
          "index_key": 879,
          "schema_version": 4,
          "attributes": {
            "agent_pool_id": null,
            "auto_apply": false,
            "created_by": [
              {
                "email": "v.vlasenko@scalr.com",
                "full_name": "",
                "username": "v.vlasenko@scalr.com"
              }
            ],
            "environment_id": "env-u8s912p8ttvked8",
            "execution_mode": "remote",
            "has_resources": false,
            "hooks": [],
            "id": "ws-u8sldiuc2fc3lg0",
            "module_version_id": "",
            "name": "ws1-879",
            "operations": true,
            "provider_configuration": [],
            "run_operation_timeout": null,
            "tag_ids": null,
            "terraform_version": "1.2.6",
            "var_files": null,
            "vcs_provider_id": null,
            "vcs_repo": [],
            "working_directory": ""
          },
          "sensitive_attributes": [],
          "private": "eyJzY2hlbWFfdmVyc2lvbiI6IjQifQ=="
        },
        {
          "index_key": 896,
          "schema_version": 4,
          "attributes": {
            "agent_pool_id": null,
            "auto_apply": false,
            "created_by": [
              {
                "email": "v.vlasenko@scalr.com",
                "full_name": "",
                "username": "v.vlasenko@scalr.com"
              }
            ],
            "environment_id": "env-u8s912p8ttvked8",
            "execution_mode": "remote",
            "has_resources": false,
            "hooks": [],
            "id": "ws-u8sledspdvtn0bo",
            "module_version_id": "",
            "name": "ws1-896",
            "operations": true,
            "provider_configuration": [],
            "run_operation_timeout": null,
            "tag_ids": null,
            "terraform_version": "1.2.6",
            "var_files": null,
            "vcs_provider_id": null,
            "vcs_repo": [],
            "working_directory": ""
          },
          "sensitive_attributes": [],
          "private": "eyJzY2hlbWFfdmVyc2lvbiI6IjQifQ=="
        },
        {
          "index_key": 899,
          "schema_version": 4,
          "attributes": {
            "agent_pool_id": null,
            "auto_apply": false,
            "created_by": [
              {
                "email": "v.vlasenko@scalr.com",
                "full_name": "",
                "username": "v.vlasenko@scalr.com"
              }
            ],
            "environment_id": "env-u8s912p8ttvked8",
            "execution_mode": "remote",
            "has_resources": false,
            "hooks": [],
            "id": "ws-u8sldoeg20tgpi0",
            "module_version_id": "",
            "name": "ws1-899",
            "operations": true,
            "provider_configuration": [],
            "run_operation_timeout": null,
            "tag_ids": null,
            "terraform_version": "1.2.6",
            "var_files": null,
            "vcs_provider_id": null,
            "vcs_repo": [],
            "working_directory": ""
          },
          "sensitive_attributes": [],
          "private": "eyJzY2hlbWFfdmVyc2lvbiI6IjQifQ=="
        },
        {
          "index_key": 900,
          "schema_version": 4,
          "attributes": {
            "agent_pool_id": null,
            "auto_apply": false,
            "created_by": [
              {
                "email": "v.vlasenko@scalr.com",
                "full_name": "",
                "username": "v.vlasenko@scalr.com"
              }
            ],
            "environment_id": "env-u8s912p8ttvked8",
            "execution_mode": "remote",
            "has_resources": false,
            "hooks": [],
            "id": "ws-u8sleoti359v740",
            "module_version_id": "",
            "name": "ws1-900",
            "operations": true,
            "provider_configuration": [],
            "run_operation_timeout": null,
            "tag_ids": null,
            "terraform_version": "1.2.6",
            "var_files": null,
            "vcs_provider_id": null,
            "vcs_repo": [],
            "working_directory": ""
          },
          "sensitive_attributes": [],
          "private": "eyJzY2hlbWFfdmVyc2lvbiI6IjQifQ=="
        },
        {
          "index_key": 905,
          "schema_version": 4,
          "attributes": {
            "agent_pool_id": null,
            "auto_apply": false,
            "created_by": [
              {
                "email": "v.vlasenko@scalr.com",
                "full_name": "",
                "username": "v.vlasenko@scalr.com"
              }
            ],
            "environment_id": "env-u8s912p8ttvked8",
            "execution_mode": "remote",
            "has_resources": false,
            "hooks": [],
            "id": "ws-u8slectlk7ulllo",
            "module_version_id": "",
            "name": "ws1-905",
            "operations": true,
            "provider_configuration": [],
            "run_operation_timeout": null,
            "tag_ids": null,
            "terraform_version": "1.2.6",
            "var_files": null,
            "vcs_provider_id": null,
            "vcs_repo": [],
            "working_directory": ""
          },
          "sensitive_attributes": [],
          "private": "eyJzY2hlbWFfdmVyc2lvbiI6IjQifQ=="
        },
        {
          "index_key": 909,
          "schema_version": 4,
          "attributes": {
            "agent_pool_id": null,
            "auto_apply": false,
            "created_by": [
              {
                "email": "v.vlasenko@scalr.com",
                "full_name": "",
                "username": "v.vlasenko@scalr.com"
              }
            ],
            "environment_id": "env-u8s912p8ttvked8",
            "execution_mode": "remote",
            "has_resources": false,
            "hooks": [],
            "id": "ws-u8sld0gi2p8pa4g",
            "module_version_id": "",
            "name": "ws1-909",
            "operations": true,
            "provider_configuration": [],
            "run_operation_timeout": null,
            "tag_ids": null,
            "terraform_version": "1.2.6",
            "var_files": null,
            "vcs_provider_id": null,
            "vcs_repo": [],
            "working_directory": ""
          },
          "sensitive_attributes": [],
          "private": "eyJzY2hlbWFfdmVyc2lvbiI6IjQifQ=="
        },
        {
          "index_key": 917,
          "schema_version": 4,
          "attributes": {
            "agent_pool_id": null,
            "auto_apply": false,
            "created_by": [
              {
                "email": "v.vlasenko@scalr.com",
                "full_name": "",
                "username": "v.vlasenko@scalr.com"
              }
            ],
            "environment_id": "env-u8s912p8ttvked8",
            "execution_mode": "remote",
            "has_resources": false,
            "hooks": [],
            "id": "ws-u8sld86e5qqtkb8",
            "module_version_id": "",
            "name": "ws1-917",
            "operations": true,
            "provider_configuration": [],
            "run_operation_timeout": null,
            "tag_ids": null,
            "terraform_version": "1.2.6",
            "var_files": null,
            "vcs_provider_id": null,
            "vcs_repo": [],
            "working_directory": ""
          },
          "sensitive_attributes": [],
          "private": "eyJzY2hlbWFfdmVyc2lvbiI6IjQifQ=="
        },
        {
          "index_key": 920,
          "schema_version": 4,
          "attributes": {
            "agent_pool_id": null,
            "auto_apply": false,
            "created_by": [
              {
                "email": "v.vlasenko@scalr.com",
                "full_name": "",
                "username": "v.vlasenko@scalr.com"
              }
            ],
            "environment_id": "env-u8s912p8ttvked8",
            "execution_mode": "remote",
            "has_resources": false,
            "hooks": [],
            "id": "ws-u8slecr3anuh49o",
            "module_version_id": "",
            "name": "ws1-920",
            "operations": true,
            "provider_configuration": [],
            "run_operation_timeout": null,
            "tag_ids": null,
            "terraform_version": "1.2.6",
            "var_files": null,
            "vcs_provider_id": null,
            "vcs_repo": [],
            "working_directory": ""
          },
          "sensitive_attributes": [],
          "private": "eyJzY2hlbWFfdmVyc2lvbiI6IjQifQ=="
        },
        {
          "index_key": 943,
          "schema_version": 4,
          "attributes": {
            "agent_pool_id": null,
            "auto_apply": false,
            "created_by": [
              {
                "email": "v.vlasenko@scalr.com",
                "full_name": "",
                "username": "v.vlasenko@scalr.com"
              }
            ],
            "environment_id": "env-u8s912p8ttvked8",
            "execution_mode": "remote",
            "has_resources": false,
            "hooks": [],
            "id": "ws-u8sle9bqb8qe7g0",
            "module_version_id": "",
            "name": "ws1-943",
            "operations": true,
            "provider_configuration": [],
            "run_operation_timeout": null,
            "tag_ids": null,
            "terraform_version": "1.2.6",
            "var_files": null,
            "vcs_provider_id": null,
            "vcs_repo": [],
            "working_directory": ""
          },
          "sensitive_attributes": [],
          "private": "eyJzY2hlbWFfdmVyc2lvbiI6IjQifQ=="
        },
        {
          "index_key": 960,
          "schema_version": 4,
          "attributes": {
            "agent_pool_id": null,
            "auto_apply": false,
            "created_by": [
              {
                "email": "v.vlasenko@scalr.com",
                "full_name": "",
                "username": "v.vlasenko@scalr.com"
              }
            ],
            "environment_id": "env-u8s912p8ttvked8",
            "execution_mode": "remote",
            "has_resources": false,
            "hooks": [],
            "id": "ws-u8sldk7ll3p6ukg",
            "module_version_id": "",
            "name": "ws1-960",
            "operations": true,
            "provider_configuration": [],
            "run_operation_timeout": null,
            "tag_ids": null,
            "terraform_version": "1.2.6",
            "var_files": null,
            "vcs_provider_id": null,
            "vcs_repo": [],
            "working_directory": ""
          },
          "sensitive_attributes": [],
          "private": "eyJzY2hlbWFfdmVyc2lvbiI6IjQifQ=="
        },
        {
          "index_key": 961,
          "schema_version": 4,
          "attributes": {
            "agent_pool_id": null,
            "auto_apply": false,
            "created_by": [
              {
                "email": "v.vlasenko@scalr.com",
                "full_name": "",
                "username": "v.vlasenko@scalr.com"
              }
            ],
            "environment_id": "env-u8s912p8ttvked8",
            "execution_mode": "remote",
            "has_resources": false,
            "hooks": [],
            "id": "ws-u8sldg9o54ehg50",
            "module_version_id": "",
            "name": "ws1-961",
            "operations": true,
            "provider_configuration": [],
            "run_operation_timeout": null,
            "tag_ids": null,
            "terraform_version": "1.2.6",
            "var_files": null,
            "vcs_provider_id": null,
            "vcs_repo": [],
            "working_directory": ""
          },
          "sensitive_attributes": [],
          "private": "eyJzY2hlbWFfdmVyc2lvbiI6IjQifQ=="
        },
        {
          "index_key": 989,
          "schema_version": 4,
          "attributes": {
            "agent_pool_id": null,
            "auto_apply": false,
            "created_by": [
              {
                "email": "v.vlasenko@scalr.com",
                "full_name": "",
                "username": "v.vlasenko@scalr.com"
              }
            ],
            "environment_id": "env-u8s912p8ttvked8",
            "execution_mode": "remote",
            "has_resources": false,
            "hooks": [],
            "id": "ws-u8sldrliggufs80",
            "module_version_id": "",
            "name": "ws1-989",
            "operations": true,
            "provider_configuration": [],
            "run_operation_timeout": null,
            "tag_ids": null,
            "terraform_version": "1.2.6",
            "var_files": null,
            "vcs_provider_id": null,
            "vcs_repo": [],
            "working_directory": ""
          },
          "sensitive_attributes": [],
          "private": "eyJzY2hlbWFfdmVyc2lvbiI6IjQifQ=="
        },
        {
          "index_key": 1002,
          "schema_version": 4,
          "attributes": {
            "agent_pool_id": null,
            "auto_apply": false,
            "created_by": [
              {
                "email": "v.vlasenko@scalr.com",
                "full_name": "",
                "username": "v.vlasenko@scalr.com"
              }
            ],
            "environment_id": "env-u8s912p8ttvked8",
            "execution_mode": "remote",
            "has_resources": false,
            "hooks": [],
            "id": "ws-u8slcn8hqpol85o",
            "module_version_id": "",
            "name": "ws1-1002",
            "operations": true,
            "provider_configuration": [],
            "run_operation_timeout": null,
            "tag_ids": null,
            "terraform_version": "1.2.6",
            "var_files": null,
            "vcs_provider_id": null,
            "vcs_repo": [],
            "working_directory": ""
          },
          "sensitive_attributes": [],
          "private": "eyJzY2hlbWFfdmVyc2lvbiI6IjQifQ=="
        },
        {
          "index_key": 1004,
          "schema_version": 4,
          "attributes": {
            "agent_pool_id": null,
            "auto_apply": false,
            "created_by": [
              {
                "email": "v.vlasenko@scalr.com",
                "full_name": "",
                "username": "v.vlasenko@scalr.com"
              }
            ],
            "environment_id": "env-u8s912p8ttvked8",
            "execution_mode": "remote",
            "has_resources": false,
            "hooks": [],
            "id": "ws-u8sldr9n92lov6g",
            "module_version_id": "",
            "name": "ws1-1004",
            "operations": true,
            "provider_configuration": [],
            "run_operation_timeout": null,
            "tag_ids": null,
            "terraform_version": "1.2.6",
            "var_files": null,
            "vcs_provider_id": null,
            "vcs_repo": [],
            "working_directory": ""
          },
          "sensitive_attributes": [],
          "private": "eyJzY2hlbWFfdmVyc2lvbiI6IjQifQ=="
        },
        {
          "index_key": 1010,
          "schema_version": 4,
          "attributes": {
            "agent_pool_id": null,
            "auto_apply": false,
            "created_by": [
              {
                "email": "v.vlasenko@scalr.com",
                "full_name": "",
                "username": "v.vlasenko@scalr.com"
              }
            ],
            "environment_id": "env-u8s912p8ttvked8",
            "execution_mode": "remote",
            "has_resources": false,
            "hooks": [],
            "id": "ws-u8sle43k2cr4vto",
            "module_version_id": "",
            "name": "ws1-1010",
            "operations": true,
            "provider_configuration": [],
            "run_operation_timeout": null,
            "tag_ids": null,
            "terraform_version": "1.2.6",
            "var_files": null,
            "vcs_provider_id": null,
            "vcs_repo": [],
            "working_directory": ""
          },
          "sensitive_attributes": [],
          "private": "eyJzY2hlbWFfdmVyc2lvbiI6IjQifQ=="
        },
        {
          "index_key": 1030,
          "schema_version": 4,
          "attributes": {
            "agent_pool_id": null,
            "auto_apply": false,
            "created_by": [
              {
                "email": "v.vlasenko@scalr.com",
                "full_name": "",
                "username": "v.vlasenko@scalr.com"
              }
            ],
            "environment_id": "env-u8s912p8ttvked8",
            "execution_mode": "remote",
            "has_resources": false,
            "hooks": [],
            "id": "ws-u8sldahnjs1rud0",
            "module_version_id": "",
            "name": "ws1-1030",
            "operations": true,
            "provider_configuration": [],
            "run_operation_timeout": null,
            "tag_ids": null,
            "terraform_version": "1.2.6",
            "var_files": null,
            "vcs_provider_id": null,
            "vcs_repo": [],
            "working_directory": ""
          },
          "sensitive_attributes": [],
          "private": "eyJzY2hlbWFfdmVyc2lvbiI6IjQifQ=="
        },
        {
          "index_key": 1041,
          "schema_version": 4,
          "attributes": {
            "agent_pool_id": null,
            "auto_apply": false,
            "created_by": [
              {
                "email": "v.vlasenko@scalr.com",
                "full_name": "",
                "username": "v.vlasenko@scalr.com"
              }
            ],
            "environment_id": "env-u8s912p8ttvked8",
            "execution_mode": "remote",
            "has_resources": false,
            "hooks": [],
            "id": "ws-u8sld9v3jk4gec0",
            "module_version_id": "",
            "name": "ws1-1041",
            "operations": true,
            "provider_configuration": [],
            "run_operation_timeout": null,
            "tag_ids": null,
            "terraform_version": "1.2.6",
            "var_files": null,
            "vcs_provider_id": null,
            "vcs_repo": [],
            "working_directory": ""
          },
          "sensitive_attributes": [],
          "private": "eyJzY2hlbWFfdmVyc2lvbiI6IjQifQ=="
        },
        {
          "index_key": 1060,
          "schema_version": 4,
          "attributes": {
            "agent_pool_id": null,
            "auto_apply": false,
            "created_by": [
              {
                "email": "v.vlasenko@scalr.com",
                "full_name": "",
                "username": "v.vlasenko@scalr.com"
              }
            ],
            "environment_id": "env-u8s912p8ttvked8",
            "execution_mode": "remote",
            "has_resources": false,
            "hooks": [],
            "id": "ws-u8sld3q3b5n3620",
            "module_version_id": "",
            "name": "ws1-1060",
            "operations": true,
            "provider_configuration": [],
            "run_operation_timeout": null,
            "tag_ids": null,
            "terraform_version": "1.2.6",
            "var_files": null,
            "vcs_provider_id": null,
            "vcs_repo": [],
            "working_directory": ""
          },
          "sensitive_attributes": [],
          "private": "eyJzY2hlbWFfdmVyc2lvbiI6IjQifQ=="
        },
        {
          "index_key": 1066,
          "schema_version": 4,
          "attributes": {
            "agent_pool_id": null,
            "auto_apply": false,
            "created_by": [
              {
                "email": "v.vlasenko@scalr.com",
                "full_name": "",
                "username": "v.vlasenko@scalr.com"
              }
            ],
            "environment_id": "env-u8s912p8ttvked8",
            "execution_mode": "remote",
            "has_resources": false,
            "hooks": [],
            "id": "ws-u8sld5r8qsntavo",
            "module_version_id": "",
            "name": "ws1-1066",
            "operations": true,
            "provider_configuration": [],
            "run_operation_timeout": null,
            "tag_ids": null,
            "terraform_version": "1.2.6",
            "var_files": null,
            "vcs_provider_id": null,
            "vcs_repo": [],
            "working_directory": ""
          },
          "sensitive_attributes": [],
          "private": "eyJzY2hlbWFfdmVyc2lvbiI6IjQifQ=="
        },
        {
          "index_key": 1067,
          "schema_version": 4,
          "attributes": {
            "agent_pool_id": null,
            "auto_apply": false,
            "created_by": [
              {
                "email": "v.vlasenko@scalr.com",
                "full_name": "",
                "username": "v.vlasenko@scalr.com"
              }
            ],
            "environment_id": "env-u8s912p8ttvked8",
            "execution_mode": "remote",
            "has_resources": false,
            "hooks": [],
            "id": "ws-u8slcqljrsbvpio",
            "module_version_id": "",
            "name": "ws1-1067",
            "operations": true,
            "provider_configuration": [],
            "run_operation_timeout": null,
            "tag_ids": null,
            "terraform_version": "1.2.6",
            "var_files": null,
            "vcs_provider_id": null,
            "vcs_repo": [],
            "working_directory": ""
          },
          "sensitive_attributes": [],
          "private": "eyJzY2hlbWFfdmVyc2lvbiI6IjQifQ=="
        },
        {
          "index_key": 1079,
          "schema_version": 4,
          "attributes": {
            "agent_pool_id": null,
            "auto_apply": false,
            "created_by": [
              {
                "email": "v.vlasenko@scalr.com",
                "full_name": "",
                "username": "v.vlasenko@scalr.com"
              }
            ],
            "environment_id": "env-u8s912p8ttvked8",
            "execution_mode": "remote",
            "has_resources": false,
            "hooks": [],
            "id": "ws-u8slehhmq82a4l0",
            "module_version_id": "",
            "name": "ws1-1079",
            "operations": true,
            "provider_configuration": [],
            "run_operation_timeout": null,
            "tag_ids": null,
            "terraform_version": "1.2.6",
            "var_files": null,
            "vcs_provider_id": null,
            "vcs_repo": [],
            "working_directory": ""
          },
          "sensitive_attributes": [],
          "private": "eyJzY2hlbWFfdmVyc2lvbiI6IjQifQ=="
        },
        {
          "index_key": 1080,
          "schema_version": 4,
          "attributes": {
            "agent_pool_id": null,
            "auto_apply": false,
            "created_by": [
              {
                "email": "v.vlasenko@scalr.com",
                "full_name": "",
                "username": "v.vlasenko@scalr.com"
              }
            ],
            "environment_id": "env-u8s912p8ttvked8",
            "execution_mode": "remote",
            "has_resources": false,
            "hooks": [],
            "id": "ws-u8slc9mi8jjlo6o",
            "module_version_id": "",
            "name": "ws1-1080",
            "operations": true,
            "provider_configuration": [],
            "run_operation_timeout": null,
            "tag_ids": null,
            "terraform_version": "1.2.6",
            "var_files": null,
            "vcs_provider_id": null,
            "vcs_repo": [],
            "working_directory": ""
          },
          "sensitive_attributes": [],
          "private": "eyJzY2hlbWFfdmVyc2lvbiI6IjQifQ=="
        },
        {
          "index_key": 1098,
          "schema_version": 4,
          "attributes": {
            "agent_pool_id": null,
            "auto_apply": false,
            "created_by": [
              {
                "email": "v.vlasenko@scalr.com",
                "full_name": "",
                "username": "v.vlasenko@scalr.com"
              }
            ],
            "environment_id": "env-u8s912p8ttvked8",
            "execution_mode": "remote",
            "has_resources": false,
            "hooks": [],
            "id": "ws-u8slcbbq3er9vi0",
            "module_version_id": "",
            "name": "ws1-1098",
            "operations": true,
            "provider_configuration": [],
            "run_operation_timeout": null,
            "tag_ids": null,
            "terraform_version": "1.2.6",
            "var_files": null,
            "vcs_provider_id": null,
            "vcs_repo": [],
            "working_directory": ""
          },
          "sensitive_attributes": [],
          "private": "eyJzY2hlbWFfdmVyc2lvbiI6IjQifQ=="
        },
        {
          "index_key": 1115,
          "schema_version": 4,
          "attributes": {
            "agent_pool_id": null,
            "auto_apply": false,
            "created_by": [
              {
                "email": "v.vlasenko@scalr.com",
                "full_name": "",
                "username": "v.vlasenko@scalr.com"
              }
            ],
            "environment_id": "env-u8s912p8ttvked8",
            "execution_mode": "remote",
            "has_resources": false,
            "hooks": [],
            "id": "ws-u8slefegja126s0",
            "module_version_id": "",
            "name": "ws1-1115",
            "operations": true,
            "provider_configuration": [],
            "run_operation_timeout": null,
            "tag_ids": null,
            "terraform_version": "1.2.6",
            "var_files": null,
            "vcs_provider_id": null,
            "vcs_repo": [],
            "working_directory": ""
          },
          "sensitive_attributes": [],
          "private": "eyJzY2hlbWFfdmVyc2lvbiI6IjQifQ=="
        },
        {
          "index_key": 1118,
          "schema_version": 4,
          "attributes": {
            "agent_pool_id": null,
            "auto_apply": false,
            "created_by": [
              {
                "email": "v.vlasenko@scalr.com",
                "full_name": "",
                "username": "v.vlasenko@scalr.com"
              }
            ],
            "environment_id": "env-u8s912p8ttvked8",
            "execution_mode": "remote",
            "has_resources": false,
            "hooks": [],
            "id": "ws-u8sld4rtc219c18",
            "module_version_id": "",
            "name": "ws1-1118",
            "operations": true,
            "provider_configuration": [],
            "run_operation_timeout": null,
            "tag_ids": null,
            "terraform_version": "1.2.6",
            "var_files": null,
            "vcs_provider_id": null,
            "vcs_repo": [],
            "working_directory": ""
          },
          "sensitive_attributes": [],
          "private": "eyJzY2hlbWFfdmVyc2lvbiI6IjQifQ=="
        },
        {
          "index_key": 1141,
          "schema_version": 4,
          "attributes": {
            "agent_pool_id": null,
            "auto_apply": false,
            "created_by": [
              {
                "email": "v.vlasenko@scalr.com",
                "full_name": "",
                "username": "v.vlasenko@scalr.com"
              }
            ],
            "environment_id": "env-u8s912p8ttvked8",
            "execution_mode": "remote",
            "has_resources": false,
            "hooks": [],
            "id": "ws-u8slehhr5o07hcg",
            "module_version_id": "",
            "name": "ws1-1141",
            "operations": true,
            "provider_configuration": [],
            "run_operation_timeout": null,
            "tag_ids": null,
            "terraform_version": "1.2.6",
            "var_files": null,
            "vcs_provider_id": null,
            "vcs_repo": [],
            "working_directory": ""
          },
          "sensitive_attributes": [],
          "private": "eyJzY2hlbWFfdmVyc2lvbiI6IjQifQ=="
        },
        {
          "index_key": 1142,
          "schema_version": 4,
          "attributes": {
            "agent_pool_id": null,
            "auto_apply": false,
            "created_by": [
              {
                "email": "v.vlasenko@scalr.com",
                "full_name": "",
                "username": "v.vlasenko@scalr.com"
              }
            ],
            "environment_id": "env-u8s912p8ttvked8",
            "execution_mode": "remote",
            "has_resources": false,
            "hooks": [],
            "id": "ws-u8sleec902u1vto",
            "module_version_id": "",
            "name": "ws1-1142",
            "operations": true,
            "provider_configuration": [],
            "run_operation_timeout": null,
            "tag_ids": null,
            "terraform_version": "1.2.6",
            "var_files": null,
            "vcs_provider_id": null,
            "vcs_repo": [],
            "working_directory": ""
          },
          "sensitive_attributes": [],
          "private": "eyJzY2hlbWFfdmVyc2lvbiI6IjQifQ=="
        },
        {
          "index_key": 1165,
          "schema_version": 4,
          "attributes": {
            "agent_pool_id": null,
            "auto_apply": false,
            "created_by": [
              {
                "email": "v.vlasenko@scalr.com",
                "full_name": "",
                "username": "v.vlasenko@scalr.com"
              }
            ],
            "environment_id": "env-u8s912p8ttvked8",
            "execution_mode": "remote",
            "has_resources": false,
            "hooks": [],
            "id": "ws-u8sldoue3afr1to",
            "module_version_id": "",
            "name": "ws1-1165",
            "operations": true,
            "provider_configuration": [],
            "run_operation_timeout": null,
            "tag_ids": null,
            "terraform_version": "1.2.6",
            "var_files": null,
            "vcs_provider_id": null,
            "vcs_repo": [],
            "working_directory": ""
          },
          "sensitive_attributes": [],
          "private": "eyJzY2hlbWFfdmVyc2lvbiI6IjQifQ=="
        },
        {
          "index_key": 1173,
          "schema_version": 4,
          "attributes": {
            "agent_pool_id": null,
            "auto_apply": false,
            "created_by": [
              {
                "email": "v.vlasenko@scalr.com",
                "full_name": "",
                "username": "v.vlasenko@scalr.com"
              }
            ],
            "environment_id": "env-u8s912p8ttvked8",
            "execution_mode": "remote",
            "has_resources": false,
            "hooks": [],
            "id": "ws-u8slcqv5llcmmt0",
            "module_version_id": "",
            "name": "ws1-1173",
            "operations": true,
            "provider_configuration": [],
            "run_operation_timeout": null,
            "tag_ids": null,
            "terraform_version": "1.2.6",
            "var_files": null,
            "vcs_provider_id": null,
            "vcs_repo": [],
            "working_directory": ""
          },
          "sensitive_attributes": [],
          "private": "eyJzY2hlbWFfdmVyc2lvbiI6IjQifQ=="
        },
        {
          "index_key": 1176,
          "schema_version": 4,
          "attributes": {
            "agent_pool_id": null,
            "auto_apply": false,
            "created_by": [
              {
                "email": "v.vlasenko@scalr.com",
                "full_name": "",
                "username": "v.vlasenko@scalr.com"
              }
            ],
            "environment_id": "env-u8s912p8ttvked8",
            "execution_mode": "remote",
            "has_resources": false,
            "hooks": [],
            "id": "ws-u8sld9c59hmlug0",
            "module_version_id": "",
            "name": "ws1-1176",
            "operations": true,
            "provider_configuration": [],
            "run_operation_timeout": null,
            "tag_ids": null,
            "terraform_version": "1.2.6",
            "var_files": null,
            "vcs_provider_id": null,
            "vcs_repo": [],
            "working_directory": ""
          },
          "sensitive_attributes": [],
          "private": "eyJzY2hlbWFfdmVyc2lvbiI6IjQifQ=="
        },
        {
          "index_key": 1180,
          "schema_version": 4,
          "attributes": {
            "agent_pool_id": null,
            "auto_apply": false,
            "created_by": [
              {
                "email": "v.vlasenko@scalr.com",
                "full_name": "",
                "username": "v.vlasenko@scalr.com"
              }
            ],
            "environment_id": "env-u8s912p8ttvked8",
            "execution_mode": "remote",
            "has_resources": false,
            "hooks": [],
            "id": "ws-u8slcmmb406rve8",
            "module_version_id": "",
            "name": "ws1-1180",
            "operations": true,
            "provider_configuration": [],
            "run_operation_timeout": null,
            "tag_ids": null,
            "terraform_version": "1.2.6",
            "var_files": null,
            "vcs_provider_id": null,
            "vcs_repo": [],
            "working_directory": ""
          },
          "sensitive_attributes": [],
          "private": "eyJzY2hlbWFfdmVyc2lvbiI6IjQifQ=="
        },
        {
          "index_key": 1193,
          "schema_version": 4,
          "attributes": {
            "agent_pool_id": null,
            "auto_apply": false,
            "created_by": [
              {
                "email": "v.vlasenko@scalr.com",
                "full_name": "",
                "username": "v.vlasenko@scalr.com"
              }
            ],
            "environment_id": "env-u8s912p8ttvked8",
            "execution_mode": "remote",
            "has_resources": false,
            "hooks": [],
            "id": "ws-u8sldlh5ridg300",
            "module_version_id": "",
            "name": "ws1-1193",
            "operations": true,
            "provider_configuration": [],
            "run_operation_timeout": null,
            "tag_ids": null,
            "terraform_version": "1.2.6",
            "var_files": null,
            "vcs_provider_id": null,
            "vcs_repo": [],
            "working_directory": ""
          },
          "sensitive_attributes": [],
          "private": "eyJzY2hlbWFfdmVyc2lvbiI6IjQifQ=="
        },
        {
          "index_key": 1207,
          "schema_version": 4,
          "attributes": {
            "agent_pool_id": null,
            "auto_apply": false,
            "created_by": [
              {
                "email": "v.vlasenko@scalr.com",
                "full_name": "",
                "username": "v.vlasenko@scalr.com"
              }
            ],
            "environment_id": "env-u8s912p8ttvked8",
            "execution_mode": "remote",
            "has_resources": false,
            "hooks": [],
            "id": "ws-u8sle4kje00o36g",
            "module_version_id": "",
            "name": "ws1-1207",
            "operations": true,
            "provider_configuration": [],
            "run_operation_timeout": null,
            "tag_ids": null,
            "terraform_version": "1.2.6",
            "var_files": null,
            "vcs_provider_id": null,
            "vcs_repo": [],
            "working_directory": ""
          },
          "sensitive_attributes": [],
          "private": "eyJzY2hlbWFfdmVyc2lvbiI6IjQifQ=="
        },
        {
          "index_key": 1215,
          "schema_version": 4,
          "attributes": {
            "agent_pool_id": null,
            "auto_apply": false,
            "created_by": [
              {
                "email": "v.vlasenko@scalr.com",
                "full_name": "",
                "username": "v.vlasenko@scalr.com"
              }
            ],
            "environment_id": "env-u8s912p8ttvked8",
            "execution_mode": "remote",
            "has_resources": false,
            "hooks": [],
            "id": "ws-u8slcu2vuetu9oo",
            "module_version_id": "",
            "name": "ws1-1215",
            "operations": true,
            "provider_configuration": [],
            "run_operation_timeout": null,
            "tag_ids": null,
            "terraform_version": "1.2.6",
            "var_files": null,
            "vcs_provider_id": null,
            "vcs_repo": [],
            "working_directory": ""
          },
          "sensitive_attributes": [],
          "private": "eyJzY2hlbWFfdmVyc2lvbiI6IjQifQ=="
        },
        {
          "index_key": 1225,
          "schema_version": 4,
          "attributes": {
            "agent_pool_id": null,
            "auto_apply": false,
            "created_by": [
              {
                "email": "v.vlasenko@scalr.com",
                "full_name": "",
                "username": "v.vlasenko@scalr.com"
              }
            ],
            "environment_id": "env-u8s912p8ttvked8",
            "execution_mode": "remote",
            "has_resources": false,
            "hooks": [],
            "id": "ws-u8sldsvutv11m2o",
            "module_version_id": "",
            "name": "ws1-1225",
            "operations": true,
            "provider_configuration": [],
            "run_operation_timeout": null,
            "tag_ids": null,
            "terraform_version": "1.2.6",
            "var_files": null,
            "vcs_provider_id": null,
            "vcs_repo": [],
            "working_directory": ""
          },
          "sensitive_attributes": [],
          "private": "eyJzY2hlbWFfdmVyc2lvbiI6IjQifQ=="
        },
        {
          "index_key": 1251,
          "schema_version": 4,
          "attributes": {
            "agent_pool_id": null,
            "auto_apply": false,
            "created_by": [
              {
                "email": "v.vlasenko@scalr.com",
                "full_name": "",
                "username": "v.vlasenko@scalr.com"
              }
            ],
            "environment_id": "env-u8s912p8ttvked8",
            "execution_mode": "remote",
            "has_resources": false,
            "hooks": [],
            "id": "ws-u8slcvn2a2sno4g",
            "module_version_id": "",
            "name": "ws1-1251",
            "operations": true,
            "provider_configuration": [],
            "run_operation_timeout": null,
            "tag_ids": null,
            "terraform_version": "1.2.6",
            "var_files": null,
            "vcs_provider_id": null,
            "vcs_repo": [],
            "working_directory": ""
          },
          "sensitive_attributes": [],
          "private": "eyJzY2hlbWFfdmVyc2lvbiI6IjQifQ=="
        },
        {
          "index_key": 1291,
          "schema_version": 4,
          "attributes": {
            "agent_pool_id": null,
            "auto_apply": false,
            "created_by": [
              {
                "email": "v.vlasenko@scalr.com",
                "full_name": "",
                "username": "v.vlasenko@scalr.com"
              }
            ],
            "environment_id": "env-u8s912p8ttvked8",
            "execution_mode": "remote",
            "has_resources": false,
            "hooks": [],
            "id": "ws-u8slco3ggp1f16g",
            "module_version_id": "",
            "name": "ws1-1291",
            "operations": true,
            "provider_configuration": [],
            "run_operation_timeout": null,
            "tag_ids": null,
            "terraform_version": "1.2.6",
            "var_files": null,
            "vcs_provider_id": null,
            "vcs_repo": [],
            "working_directory": ""
          },
          "sensitive_attributes": [],
          "private": "eyJzY2hlbWFfdmVyc2lvbiI6IjQifQ=="
        },
        {
          "index_key": 1301,
          "schema_version": 4,
          "attributes": {
            "agent_pool_id": null,
            "auto_apply": false,
            "created_by": [
              {
                "email": "v.vlasenko@scalr.com",
                "full_name": "",
                "username": "v.vlasenko@scalr.com"
              }
            ],
            "environment_id": "env-u8s912p8ttvked8",
            "execution_mode": "remote",
            "has_resources": false,
            "hooks": [],
            "id": "ws-u8slcthd14f40b0",
            "module_version_id": "",
            "name": "ws1-1301",
            "operations": true,
            "provider_configuration": [],
            "run_operation_timeout": null,
            "tag_ids": null,
            "terraform_version": "1.2.6",
            "var_files": null,
            "vcs_provider_id": null,
            "vcs_repo": [],
            "working_directory": ""
          },
          "sensitive_attributes": [],
          "private": "eyJzY2hlbWFfdmVyc2lvbiI6IjQifQ=="
        },
        {
          "index_key": 1307,
          "schema_version": 4,
          "attributes": {
            "agent_pool_id": null,
            "auto_apply": false,
            "created_by": [
              {
                "email": "v.vlasenko@scalr.com",
                "full_name": "",
                "username": "v.vlasenko@scalr.com"
              }
            ],
            "environment_id": "env-u8s912p8ttvked8",
            "execution_mode": "remote",
            "has_resources": false,
            "hooks": [],
            "id": "ws-u8slcigqfrrsco8",
            "module_version_id": "",
            "name": "ws1-1307",
            "operations": true,
            "provider_configuration": [],
            "run_operation_timeout": null,
            "tag_ids": null,
            "terraform_version": "1.2.6",
            "var_files": null,
            "vcs_provider_id": null,
            "vcs_repo": [],
            "working_directory": ""
          },
          "sensitive_attributes": [],
          "private": "eyJzY2hlbWFfdmVyc2lvbiI6IjQifQ=="
        },
        {
          "index_key": 1309,
          "schema_version": 4,
          "attributes": {
            "agent_pool_id": null,
            "auto_apply": false,
            "created_by": [
              {
                "email": "v.vlasenko@scalr.com",
                "full_name": "",
                "username": "v.vlasenko@scalr.com"
              }
            ],
            "environment_id": "env-u8s912p8ttvked8",
            "execution_mode": "remote",
            "has_resources": false,
            "hooks": [],
            "id": "ws-u8sle21lspact2o",
            "module_version_id": "",
            "name": "ws1-1309",
            "operations": true,
            "provider_configuration": [],
            "run_operation_timeout": null,
            "tag_ids": null,
            "terraform_version": "1.2.6",
            "var_files": null,
            "vcs_provider_id": null,
            "vcs_repo": [],
            "working_directory": ""
          },
          "sensitive_attributes": [],
          "private": "eyJzY2hlbWFfdmVyc2lvbiI6IjQifQ=="
        },
        {
          "index_key": 1310,
          "schema_version": 4,
          "attributes": {
            "agent_pool_id": null,
            "auto_apply": false,
            "created_by": [
              {
                "email": "v.vlasenko@scalr.com",
                "full_name": "",
                "username": "v.vlasenko@scalr.com"
              }
            ],
            "environment_id": "env-u8s912p8ttvked8",
            "execution_mode": "remote",
            "has_resources": false,
            "hooks": [],
            "id": "ws-u8sldvm5bru9n7g",
            "module_version_id": "",
            "name": "ws1-1310",
            "operations": true,
            "provider_configuration": [],
            "run_operation_timeout": null,
            "tag_ids": null,
            "terraform_version": "1.2.6",
            "var_files": null,
            "vcs_provider_id": null,
            "vcs_repo": [],
            "working_directory": ""
          },
          "sensitive_attributes": [],
          "private": "eyJzY2hlbWFfdmVyc2lvbiI6IjQifQ=="
        },
        {
          "index_key": 1314,
          "schema_version": 4,
          "attributes": {
            "agent_pool_id": null,
            "auto_apply": false,
            "created_by": [
              {
                "email": "v.vlasenko@scalr.com",
                "full_name": "",
                "username": "v.vlasenko@scalr.com"
              }
            ],
            "environment_id": "env-u8s912p8ttvked8",
            "execution_mode": "remote",
            "has_resources": false,
            "hooks": [],
            "id": "ws-u8sld7l9mikaa10",
            "module_version_id": "",
            "name": "ws1-1314",
            "operations": true,
            "provider_configuration": [],
            "run_operation_timeout": null,
            "tag_ids": null,
            "terraform_version": "1.2.6",
            "var_files": null,
            "vcs_provider_id": null,
            "vcs_repo": [],
            "working_directory": ""
          },
          "sensitive_attributes": [],
          "private": "eyJzY2hlbWFfdmVyc2lvbiI6IjQifQ=="
        },
        {
          "index_key": 1323,
          "schema_version": 4,
          "attributes": {
            "agent_pool_id": null,
            "auto_apply": false,
            "created_by": [
              {
                "email": "v.vlasenko@scalr.com",
                "full_name": "",
                "username": "v.vlasenko@scalr.com"
              }
            ],
            "environment_id": "env-u8s912p8ttvked8",
            "execution_mode": "remote",
            "has_resources": false,
            "hooks": [],
            "id": "ws-u8slctbsqcnqai0",
            "module_version_id": "",
            "name": "ws1-1323",
            "operations": true,
            "provider_configuration": [],
            "run_operation_timeout": null,
            "tag_ids": null,
            "terraform_version": "1.2.6",
            "var_files": null,
            "vcs_provider_id": null,
            "vcs_repo": [],
            "working_directory": ""
          },
          "sensitive_attributes": [],
          "private": "eyJzY2hlbWFfdmVyc2lvbiI6IjQifQ=="
        },
        {
          "index_key": 1341,
          "schema_version": 4,
          "attributes": {
            "agent_pool_id": null,
            "auto_apply": false,
            "created_by": [
              {
                "email": "v.vlasenko@scalr.com",
                "full_name": "",
                "username": "v.vlasenko@scalr.com"
              }
            ],
            "environment_id": "env-u8s912p8ttvked8",
            "execution_mode": "remote",
            "has_resources": false,
            "hooks": [],
            "id": "ws-u8sldbs4h8e1ip8",
            "module_version_id": "",
            "name": "ws1-1341",
            "operations": true,
            "provider_configuration": [],
            "run_operation_timeout": null,
            "tag_ids": null,
            "terraform_version": "1.2.6",
            "var_files": null,
            "vcs_provider_id": null,
            "vcs_repo": [],
            "working_directory": ""
          },
          "sensitive_attributes": [],
          "private": "eyJzY2hlbWFfdmVyc2lvbiI6IjQifQ=="
        },
        {
          "index_key": 1348,
          "schema_version": 4,
          "attributes": {
            "agent_pool_id": null,
            "auto_apply": false,
            "created_by": [
              {
                "email": "v.vlasenko@scalr.com",
                "full_name": "",
                "username": "v.vlasenko@scalr.com"
              }
            ],
            "environment_id": "env-u8s912p8ttvked8",
            "execution_mode": "remote",
            "has_resources": false,
            "hooks": [],
            "id": "ws-u8slcbgblak3ofo",
            "module_version_id": "",
            "name": "ws1-1348",
            "operations": true,
            "provider_configuration": [],
            "run_operation_timeout": null,
            "tag_ids": null,
            "terraform_version": "1.2.6",
            "var_files": null,
            "vcs_provider_id": null,
            "vcs_repo": [],
            "working_directory": ""
          },
          "sensitive_attributes": [],
          "private": "eyJzY2hlbWFfdmVyc2lvbiI6IjQifQ=="
        },
        {
          "index_key": 1363,
          "schema_version": 4,
          "attributes": {
            "agent_pool_id": null,
            "auto_apply": false,
            "created_by": [
              {
                "email": "v.vlasenko@scalr.com",
                "full_name": "",
                "username": "v.vlasenko@scalr.com"
              }
            ],
            "environment_id": "env-u8s912p8ttvked8",
            "execution_mode": "remote",
            "has_resources": false,
            "hooks": [],
            "id": "ws-u8sleoak08sfqb0",
            "module_version_id": "",
            "name": "ws1-1363",
            "operations": true,
            "provider_configuration": [],
            "run_operation_timeout": null,
            "tag_ids": null,
            "terraform_version": "1.2.6",
            "var_files": null,
            "vcs_provider_id": null,
            "vcs_repo": [],
            "working_directory": ""
          },
          "sensitive_attributes": [],
          "private": "eyJzY2hlbWFfdmVyc2lvbiI6IjQifQ=="
        },
        {
          "index_key": 1372,
          "schema_version": 4,
          "attributes": {
            "agent_pool_id": null,
            "auto_apply": false,
            "created_by": [
              {
                "email": "v.vlasenko@scalr.com",
                "full_name": "",
                "username": "v.vlasenko@scalr.com"
              }
            ],
            "environment_id": "env-u8s912p8ttvked8",
            "execution_mode": "remote",
            "has_resources": false,
            "hooks": [],
            "id": "ws-u8sld9k7drcckj0",
            "module_version_id": "",
            "name": "ws1-1372",
            "operations": true,
            "provider_configuration": [],
            "run_operation_timeout": null,
            "tag_ids": null,
            "terraform_version": "1.2.6",
            "var_files": null,
            "vcs_provider_id": null,
            "vcs_repo": [],
            "working_directory": ""
          },
          "sensitive_attributes": [],
          "private": "eyJzY2hlbWFfdmVyc2lvbiI6IjQifQ=="
        },
        {
          "index_key": 1382,
          "schema_version": 4,
          "attributes": {
            "agent_pool_id": null,
            "auto_apply": false,
            "created_by": [
              {
                "email": "v.vlasenko@scalr.com",
                "full_name": "",
                "username": "v.vlasenko@scalr.com"
              }
            ],
            "environment_id": "env-u8s912p8ttvked8",
            "execution_mode": "remote",
            "has_resources": false,
            "hooks": [],
            "id": "ws-u8sldnn9etf3808",
            "module_version_id": "",
            "name": "ws1-1382",
            "operations": true,
            "provider_configuration": [],
            "run_operation_timeout": null,
            "tag_ids": null,
            "terraform_version": "1.2.6",
            "var_files": null,
            "vcs_provider_id": null,
            "vcs_repo": [],
            "working_directory": ""
          },
          "sensitive_attributes": [],
          "private": "eyJzY2hlbWFfdmVyc2lvbiI6IjQifQ=="
        },
        {
          "index_key": 1397,
          "schema_version": 4,
          "attributes": {
            "agent_pool_id": null,
            "auto_apply": false,
            "created_by": [
              {
                "email": "v.vlasenko@scalr.com",
                "full_name": "",
                "username": "v.vlasenko@scalr.com"
              }
            ],
            "environment_id": "env-u8s912p8ttvked8",
            "execution_mode": "remote",
            "has_resources": false,
            "hooks": [],
            "id": "ws-u8slcvkou5gdptg",
            "module_version_id": "",
            "name": "ws1-1397",
            "operations": true,
            "provider_configuration": [],
            "run_operation_timeout": null,
            "tag_ids": null,
            "terraform_version": "1.2.6",
            "var_files": null,
            "vcs_provider_id": null,
            "vcs_repo": [],
            "working_directory": ""
          },
          "sensitive_attributes": [],
          "private": "eyJzY2hlbWFfdmVyc2lvbiI6IjQifQ=="
        },
        {
          "index_key": 1398,
          "schema_version": 4,
          "attributes": {
            "agent_pool_id": null,
            "auto_apply": false,
            "created_by": [
              {
                "email": "v.vlasenko@scalr.com",
                "full_name": "",
                "username": "v.vlasenko@scalr.com"
              }
            ],
            "environment_id": "env-u8s912p8ttvked8",
            "execution_mode": "remote",
            "has_resources": false,
            "hooks": [],
            "id": "ws-u8slc9ph0lkgqrg",
            "module_version_id": "",
            "name": "ws1-1398",
            "operations": true,
            "provider_configuration": [],
            "run_operation_timeout": null,
            "tag_ids": null,
            "terraform_version": "1.2.6",
            "var_files": null,
            "vcs_provider_id": null,
            "vcs_repo": [],
            "working_directory": ""
          },
          "sensitive_attributes": [],
          "private": "eyJzY2hlbWFfdmVyc2lvbiI6IjQifQ=="
        },
        {
          "index_key": 1401,
          "schema_version": 4,
          "attributes": {
            "agent_pool_id": null,
            "auto_apply": false,
            "created_by": [
              {
                "email": "v.vlasenko@scalr.com",
                "full_name": "",
                "username": "v.vlasenko@scalr.com"
              }
            ],
            "environment_id": "env-u8s912p8ttvked8",
            "execution_mode": "remote",
            "has_resources": false,
            "hooks": [],
            "id": "ws-u8sldis7bl2i0s0",
            "module_version_id": "",
            "name": "ws1-1401",
            "operations": true,
            "provider_configuration": [],
            "run_operation_timeout": null,
            "tag_ids": null,
            "terraform_version": "1.2.6",
            "var_files": null,
            "vcs_provider_id": null,
            "vcs_repo": [],
            "working_directory": ""
          },
          "sensitive_attributes": [],
          "private": "eyJzY2hlbWFfdmVyc2lvbiI6IjQifQ=="
        },
        {
          "index_key": 1429,
          "schema_version": 4,
          "attributes": {
            "agent_pool_id": null,
            "auto_apply": false,
            "created_by": [
              {
                "email": "v.vlasenko@scalr.com",
                "full_name": "",
                "username": "v.vlasenko@scalr.com"
              }
            ],
            "environment_id": "env-u8s912p8ttvked8",
            "execution_mode": "remote",
            "has_resources": false,
            "hooks": [],
            "id": "ws-u8sleb08ovlkm98",
            "module_version_id": "",
            "name": "ws1-1429",
            "operations": true,
            "provider_configuration": [],
            "run_operation_timeout": null,
            "tag_ids": null,
            "terraform_version": "1.2.6",
            "var_files": null,
            "vcs_provider_id": null,
            "vcs_repo": [],
            "working_directory": ""
          },
          "sensitive_attributes": [],
          "private": "eyJzY2hlbWFfdmVyc2lvbiI6IjQifQ=="
        },
        {
          "index_key": 1433,
          "schema_version": 4,
          "attributes": {
            "agent_pool_id": null,
            "auto_apply": false,
            "created_by": [
              {
                "email": "v.vlasenko@scalr.com",
                "full_name": "",
                "username": "v.vlasenko@scalr.com"
              }
            ],
            "environment_id": "env-u8s912p8ttvked8",
            "execution_mode": "remote",
            "has_resources": false,
            "hooks": [],
            "id": "ws-u8sld0cunlm6lo8",
            "module_version_id": "",
            "name": "ws1-1433",
            "operations": true,
            "provider_configuration": [],
            "run_operation_timeout": null,
            "tag_ids": null,
            "terraform_version": "1.2.6",
            "var_files": null,
            "vcs_provider_id": null,
            "vcs_repo": [],
            "working_directory": ""
          },
          "sensitive_attributes": [],
          "private": "eyJzY2hlbWFfdmVyc2lvbiI6IjQifQ=="
        },
        {
          "index_key": 1440,
          "schema_version": 4,
          "attributes": {
            "agent_pool_id": null,
            "auto_apply": false,
            "created_by": [
              {
                "email": "v.vlasenko@scalr.com",
                "full_name": "",
                "username": "v.vlasenko@scalr.com"
              }
            ],
            "environment_id": "env-u8s912p8ttvked8",
            "execution_mode": "remote",
            "has_resources": false,
            "hooks": [],
            "id": "ws-u8sldlflnti9u4g",
            "module_version_id": "",
            "name": "ws1-1440",
            "operations": true,
            "provider_configuration": [],
            "run_operation_timeout": null,
            "tag_ids": null,
            "terraform_version": "1.2.6",
            "var_files": null,
            "vcs_provider_id": null,
            "vcs_repo": [],
            "working_directory": ""
          },
          "sensitive_attributes": [],
          "private": "eyJzY2hlbWFfdmVyc2lvbiI6IjQifQ=="
        },
        {
          "index_key": 1459,
          "schema_version": 4,
          "attributes": {
            "agent_pool_id": null,
            "auto_apply": false,
            "created_by": [
              {
                "email": "v.vlasenko@scalr.com",
                "full_name": "",
                "username": "v.vlasenko@scalr.com"
              }
            ],
            "environment_id": "env-u8s912p8ttvked8",
            "execution_mode": "remote",
            "has_resources": false,
            "hooks": [],
            "id": "ws-u8sldq6rkk03rno",
            "module_version_id": "",
            "name": "ws1-1459",
            "operations": true,
            "provider_configuration": [],
            "run_operation_timeout": null,
            "tag_ids": null,
            "terraform_version": "1.2.6",
            "var_files": null,
            "vcs_provider_id": null,
            "vcs_repo": [],
            "working_directory": ""
          },
          "sensitive_attributes": [],
          "private": "eyJzY2hlbWFfdmVyc2lvbiI6IjQifQ=="
        },
        {
          "index_key": 1466,
          "schema_version": 4,
          "attributes": {
            "agent_pool_id": null,
            "auto_apply": false,
            "created_by": [
              {
                "email": "v.vlasenko@scalr.com",
                "full_name": "",
                "username": "v.vlasenko@scalr.com"
              }
            ],
            "environment_id": "env-u8s912p8ttvked8",
            "execution_mode": "remote",
            "has_resources": false,
            "hooks": [],
            "id": "ws-u8slcs1hl6gdmp8",
            "module_version_id": "",
            "name": "ws1-1466",
            "operations": true,
            "provider_configuration": [],
            "run_operation_timeout": null,
            "tag_ids": null,
            "terraform_version": "1.2.6",
            "var_files": null,
            "vcs_provider_id": null,
            "vcs_repo": [],
            "working_directory": ""
          },
          "sensitive_attributes": [],
          "private": "eyJzY2hlbWFfdmVyc2lvbiI6IjQifQ=="
        },
        {
          "index_key": 1481,
          "schema_version": 4,
          "attributes": {
            "agent_pool_id": null,
            "auto_apply": false,
            "created_by": [
              {
                "email": "v.vlasenko@scalr.com",
                "full_name": "",
                "username": "v.vlasenko@scalr.com"
              }
            ],
            "environment_id": "env-u8s912p8ttvked8",
            "execution_mode": "remote",
            "has_resources": false,
            "hooks": [],
            "id": "ws-u8slco1dj2bimu8",
            "module_version_id": "",
            "name": "ws1-1481",
            "operations": true,
            "provider_configuration": [],
            "run_operation_timeout": null,
            "tag_ids": null,
            "terraform_version": "1.2.6",
            "var_files": null,
            "vcs_provider_id": null,
            "vcs_repo": [],
            "working_directory": ""
          },
          "sensitive_attributes": [],
          "private": "eyJzY2hlbWFfdmVyc2lvbiI6IjQifQ=="
        },
        {
          "index_key": 1482,
          "schema_version": 4,
          "attributes": {
            "agent_pool_id": null,
            "auto_apply": false,
            "created_by": [
              {
                "email": "v.vlasenko@scalr.com",
                "full_name": "",
                "username": "v.vlasenko@scalr.com"
              }
            ],
            "environment_id": "env-u8s912p8ttvked8",
            "execution_mode": "remote",
            "has_resources": false,
            "hooks": [],
            "id": "ws-u8sld601gamna1o",
            "module_version_id": "",
            "name": "ws1-1482",
            "operations": true,
            "provider_configuration": [],
            "run_operation_timeout": null,
            "tag_ids": null,
            "terraform_version": "1.2.6",
            "var_files": null,
            "vcs_provider_id": null,
            "vcs_repo": [],
            "working_directory": ""
          },
          "sensitive_attributes": [],
          "private": "eyJzY2hlbWFfdmVyc2lvbiI6IjQifQ=="
        },
        {
          "index_key": 1495,
          "schema_version": 4,
          "attributes": {
            "agent_pool_id": null,
            "auto_apply": false,
            "created_by": [
              {
                "email": "v.vlasenko@scalr.com",
                "full_name": "",
                "username": "v.vlasenko@scalr.com"
              }
            ],
            "environment_id": "env-u8s912p8ttvked8",
            "execution_mode": "remote",
            "has_resources": false,
            "hooks": [],
            "id": "ws-u8slcp8fkmhab08",
            "module_version_id": "",
            "name": "ws1-1495",
            "operations": true,
            "provider_configuration": [],
            "run_operation_timeout": null,
            "tag_ids": null,
            "terraform_version": "1.2.6",
            "var_files": null,
            "vcs_provider_id": null,
            "vcs_repo": [],
            "working_directory": ""
          },
          "sensitive_attributes": [],
          "private": "eyJzY2hlbWFfdmVyc2lvbiI6IjQifQ=="
        },
        {
          "index_key": 1504,
          "schema_version": 4,
          "attributes": {
            "agent_pool_id": null,
            "auto_apply": false,
            "created_by": [
              {
                "email": "v.vlasenko@scalr.com",
                "full_name": "",
                "username": "v.vlasenko@scalr.com"
              }
            ],
            "environment_id": "env-u8s912p8ttvked8",
            "execution_mode": "remote",
            "has_resources": false,
            "hooks": [],
            "id": "ws-u8slc9ms43ac9vg",
            "module_version_id": "",
            "name": "ws1-1504",
            "operations": true,
            "provider_configuration": [],
            "run_operation_timeout": null,
            "tag_ids": null,
            "terraform_version": "1.2.6",
            "var_files": null,
            "vcs_provider_id": null,
            "vcs_repo": [],
            "working_directory": ""
          },
          "sensitive_attributes": [],
          "private": "eyJzY2hlbWFfdmVyc2lvbiI6IjQifQ=="
        },
        {
          "index_key": 1507,
          "schema_version": 4,
          "attributes": {
            "agent_pool_id": null,
            "auto_apply": false,
            "created_by": [
              {
                "email": "v.vlasenko@scalr.com",
                "full_name": "",
                "username": "v.vlasenko@scalr.com"
              }
            ],
            "environment_id": "env-u8s912p8ttvked8",
            "execution_mode": "remote",
            "has_resources": false,
            "hooks": [],
            "id": "ws-u8sle925t1n0j1o",
            "module_version_id": "",
            "name": "ws1-1507",
            "operations": true,
            "provider_configuration": [],
            "run_operation_timeout": null,
            "tag_ids": null,
            "terraform_version": "1.2.6",
            "var_files": null,
            "vcs_provider_id": null,
            "vcs_repo": [],
            "working_directory": ""
          },
          "sensitive_attributes": [],
          "private": "eyJzY2hlbWFfdmVyc2lvbiI6IjQifQ=="
        },
        {
          "index_key": 1510,
          "schema_version": 4,
          "attributes": {
            "agent_pool_id": null,
            "auto_apply": false,
            "created_by": [
              {
                "email": "v.vlasenko@scalr.com",
                "full_name": "",
                "username": "v.vlasenko@scalr.com"
              }
            ],
            "environment_id": "env-u8s912p8ttvked8",
            "execution_mode": "remote",
            "has_resources": false,
            "hooks": [],
            "id": "ws-u8sld4vu5kh3o5o",
            "module_version_id": "",
            "name": "ws1-1510",
            "operations": true,
            "provider_configuration": [],
            "run_operation_timeout": null,
            "tag_ids": null,
            "terraform_version": "1.2.6",
            "var_files": null,
            "vcs_provider_id": null,
            "vcs_repo": [],
            "working_directory": ""
          },
          "sensitive_attributes": [],
          "private": "eyJzY2hlbWFfdmVyc2lvbiI6IjQifQ=="
        },
        {
          "index_key": 1511,
          "schema_version": 4,
          "attributes": {
            "agent_pool_id": null,
            "auto_apply": false,
            "created_by": [
              {
                "email": "v.vlasenko@scalr.com",
                "full_name": "",
                "username": "v.vlasenko@scalr.com"
              }
            ],
            "environment_id": "env-u8s912p8ttvked8",
            "execution_mode": "remote",
            "has_resources": false,
            "hooks": [],
            "id": "ws-u8slcp1e33n0v98",
            "module_version_id": "",
            "name": "ws1-1511",
            "operations": true,
            "provider_configuration": [],
            "run_operation_timeout": null,
            "tag_ids": null,
            "terraform_version": "1.2.6",
            "var_files": null,
            "vcs_provider_id": null,
            "vcs_repo": [],
            "working_directory": ""
          },
          "sensitive_attributes": [],
          "private": "eyJzY2hlbWFfdmVyc2lvbiI6IjQifQ=="
        },
        {
          "index_key": 1514,
          "schema_version": 4,
          "attributes": {
            "agent_pool_id": null,
            "auto_apply": false,
            "created_by": [
              {
                "email": "v.vlasenko@scalr.com",
                "full_name": "",
                "username": "v.vlasenko@scalr.com"
              }
            ],
            "environment_id": "env-u8s912p8ttvked8",
            "execution_mode": "remote",
            "has_resources": false,
            "hooks": [],
            "id": "ws-u8slcjo3tpracbo",
            "module_version_id": "",
            "name": "ws1-1514",
            "operations": true,
            "provider_configuration": [],
            "run_operation_timeout": null,
            "tag_ids": null,
            "terraform_version": "1.2.6",
            "var_files": null,
            "vcs_provider_id": null,
            "vcs_repo": [],
            "working_directory": ""
          },
          "sensitive_attributes": [],
          "private": "eyJzY2hlbWFfdmVyc2lvbiI6IjQifQ=="
        },
        {
          "index_key": 1516,
          "schema_version": 4,
          "attributes": {
            "agent_pool_id": null,
            "auto_apply": false,
            "created_by": [
              {
                "email": "v.vlasenko@scalr.com",
                "full_name": "",
                "username": "v.vlasenko@scalr.com"
              }
            ],
            "environment_id": "env-u8s912p8ttvked8",
            "execution_mode": "remote",
            "has_resources": false,
            "hooks": [],
            "id": "ws-u8sleallllg8cv0",
            "module_version_id": "",
            "name": "ws1-1516",
            "operations": true,
            "provider_configuration": [],
            "run_operation_timeout": null,
            "tag_ids": null,
            "terraform_version": "1.2.6",
            "var_files": null,
            "vcs_provider_id": null,
            "vcs_repo": [],
            "working_directory": ""
          },
          "sensitive_attributes": [],
          "private": "eyJzY2hlbWFfdmVyc2lvbiI6IjQifQ=="
        },
        {
          "index_key": 1520,
          "schema_version": 4,
          "attributes": {
            "agent_pool_id": null,
            "auto_apply": false,
            "created_by": [
              {
                "email": "v.vlasenko@scalr.com",
                "full_name": "",
                "username": "v.vlasenko@scalr.com"
              }
            ],
            "environment_id": "env-u8s912p8ttvked8",
            "execution_mode": "remote",
            "has_resources": false,
            "hooks": [],
            "id": "ws-u8sldg8nrmqpac0",
            "module_version_id": "",
            "name": "ws1-1520",
            "operations": true,
            "provider_configuration": [],
            "run_operation_timeout": null,
            "tag_ids": null,
            "terraform_version": "1.2.6",
            "var_files": null,
            "vcs_provider_id": null,
            "vcs_repo": [],
            "working_directory": ""
          },
          "sensitive_attributes": [],
          "private": "eyJzY2hlbWFfdmVyc2lvbiI6IjQifQ=="
        },
        {
          "index_key": 1521,
          "schema_version": 4,
          "attributes": {
            "agent_pool_id": null,
            "auto_apply": false,
            "created_by": [
              {
                "email": "v.vlasenko@scalr.com",
                "full_name": "",
                "username": "v.vlasenko@scalr.com"
              }
            ],
            "environment_id": "env-u8s912p8ttvked8",
            "execution_mode": "remote",
            "has_resources": false,
            "hooks": [],
            "id": "ws-u8sle30nmafvai8",
            "module_version_id": "",
            "name": "ws1-1521",
            "operations": true,
            "provider_configuration": [],
            "run_operation_timeout": null,
            "tag_ids": null,
            "terraform_version": "1.2.6",
            "var_files": null,
            "vcs_provider_id": null,
            "vcs_repo": [],
            "working_directory": ""
          },
          "sensitive_attributes": [],
          "private": "eyJzY2hlbWFfdmVyc2lvbiI6IjQifQ=="
        },
        {
          "index_key": 1530,
          "schema_version": 4,
          "attributes": {
            "agent_pool_id": null,
            "auto_apply": false,
            "created_by": [
              {
                "email": "v.vlasenko@scalr.com",
                "full_name": "",
                "username": "v.vlasenko@scalr.com"
              }
            ],
            "environment_id": "env-u8s912p8ttvked8",
            "execution_mode": "remote",
            "has_resources": false,
            "hooks": [],
            "id": "ws-u8slcv8tktep15g",
            "module_version_id": "",
            "name": "ws1-1530",
            "operations": true,
            "provider_configuration": [],
            "run_operation_timeout": null,
            "tag_ids": null,
            "terraform_version": "1.2.6",
            "var_files": null,
            "vcs_provider_id": null,
            "vcs_repo": [],
            "working_directory": ""
          },
          "sensitive_attributes": [],
          "private": "eyJzY2hlbWFfdmVyc2lvbiI6IjQifQ=="
        },
        {
          "index_key": 1563,
          "schema_version": 4,
          "attributes": {
            "agent_pool_id": null,
            "auto_apply": false,
            "created_by": [
              {
                "email": "v.vlasenko@scalr.com",
                "full_name": "",
                "username": "v.vlasenko@scalr.com"
              }
            ],
            "environment_id": "env-u8s912p8ttvked8",
            "execution_mode": "remote",
            "has_resources": false,
            "hooks": [],
            "id": "ws-u8sle0rilp4lnso",
            "module_version_id": "",
            "name": "ws1-1563",
            "operations": true,
            "provider_configuration": [],
            "run_operation_timeout": null,
            "tag_ids": null,
            "terraform_version": "1.2.6",
            "var_files": null,
            "vcs_provider_id": null,
            "vcs_repo": [],
            "working_directory": ""
          },
          "sensitive_attributes": [],
          "private": "eyJzY2hlbWFfdmVyc2lvbiI6IjQifQ=="
        },
        {
          "index_key": 1576,
          "schema_version": 4,
          "attributes": {
            "agent_pool_id": null,
            "auto_apply": false,
            "created_by": [
              {
                "email": "v.vlasenko@scalr.com",
                "full_name": "",
                "username": "v.vlasenko@scalr.com"
              }
            ],
            "environment_id": "env-u8s912p8ttvked8",
            "execution_mode": "remote",
            "has_resources": false,
            "hooks": [],
            "id": "ws-u8sld0k1brshqe0",
            "module_version_id": "",
            "name": "ws1-1576",
            "operations": true,
            "provider_configuration": [],
            "run_operation_timeout": null,
            "tag_ids": null,
            "terraform_version": "1.2.6",
            "var_files": null,
            "vcs_provider_id": null,
            "vcs_repo": [],
            "working_directory": ""
          },
          "sensitive_attributes": [],
          "private": "eyJzY2hlbWFfdmVyc2lvbiI6IjQifQ=="
        },
        {
          "index_key": 1585,
          "schema_version": 4,
          "attributes": {
            "agent_pool_id": null,
            "auto_apply": false,
            "created_by": [
              {
                "email": "v.vlasenko@scalr.com",
                "full_name": "",
                "username": "v.vlasenko@scalr.com"
              }
            ],
            "environment_id": "env-u8s912p8ttvked8",
            "execution_mode": "remote",
            "has_resources": false,
            "hooks": [],
            "id": "ws-u8slcebvupib6fo",
            "module_version_id": "",
            "name": "ws1-1585",
            "operations": true,
            "provider_configuration": [],
            "run_operation_timeout": null,
            "tag_ids": null,
            "terraform_version": "1.2.6",
            "var_files": null,
            "vcs_provider_id": null,
            "vcs_repo": [],
            "working_directory": ""
          },
          "sensitive_attributes": [],
          "private": "eyJzY2hlbWFfdmVyc2lvbiI6IjQifQ=="
        },
        {
          "index_key": 1604,
          "schema_version": 4,
          "attributes": {
            "agent_pool_id": null,
            "auto_apply": false,
            "created_by": [
              {
                "email": "v.vlasenko@scalr.com",
                "full_name": "",
                "username": "v.vlasenko@scalr.com"
              }
            ],
            "environment_id": "env-u8s912p8ttvked8",
            "execution_mode": "remote",
            "has_resources": false,
            "hooks": [],
            "id": "ws-u8slcjmo3pgn7d8",
            "module_version_id": "",
            "name": "ws1-1604",
            "operations": true,
            "provider_configuration": [],
            "run_operation_timeout": null,
            "tag_ids": null,
            "terraform_version": "1.2.6",
            "var_files": null,
            "vcs_provider_id": null,
            "vcs_repo": [],
            "working_directory": ""
          },
          "sensitive_attributes": [],
          "private": "eyJzY2hlbWFfdmVyc2lvbiI6IjQifQ=="
        },
        {
          "index_key": 1605,
          "schema_version": 4,
          "attributes": {
            "agent_pool_id": null,
            "auto_apply": false,
            "created_by": [
              {
                "email": "v.vlasenko@scalr.com",
                "full_name": "",
                "username": "v.vlasenko@scalr.com"
              }
            ],
            "environment_id": "env-u8s912p8ttvked8",
            "execution_mode": "remote",
            "has_resources": false,
            "hooks": [],
            "id": "ws-u8sledc492dop48",
            "module_version_id": "",
            "name": "ws1-1605",
            "operations": true,
            "provider_configuration": [],
            "run_operation_timeout": null,
            "tag_ids": null,
            "terraform_version": "1.2.6",
            "var_files": null,
            "vcs_provider_id": null,
            "vcs_repo": [],
            "working_directory": ""
          },
          "sensitive_attributes": [],
          "private": "eyJzY2hlbWFfdmVyc2lvbiI6IjQifQ=="
        },
        {
          "index_key": 1622,
          "schema_version": 4,
          "attributes": {
            "agent_pool_id": null,
            "auto_apply": false,
            "created_by": [
              {
                "email": "v.vlasenko@scalr.com",
                "full_name": "",
                "username": "v.vlasenko@scalr.com"
              }
            ],
            "environment_id": "env-u8s912p8ttvked8",
            "execution_mode": "remote",
            "has_resources": false,
            "hooks": [],
            "id": "ws-u8slcd3nqr1aaio",
            "module_version_id": "",
            "name": "ws1-1622",
            "operations": true,
            "provider_configuration": [],
            "run_operation_timeout": null,
            "tag_ids": null,
            "terraform_version": "1.2.6",
            "var_files": null,
            "vcs_provider_id": null,
            "vcs_repo": [],
            "working_directory": ""
          },
          "sensitive_attributes": [],
          "private": "eyJzY2hlbWFfdmVyc2lvbiI6IjQifQ=="
        },
        {
          "index_key": 1623,
          "schema_version": 4,
          "attributes": {
            "agent_pool_id": null,
            "auto_apply": false,
            "created_by": [
              {
                "email": "v.vlasenko@scalr.com",
                "full_name": "",
                "username": "v.vlasenko@scalr.com"
              }
            ],
            "environment_id": "env-u8s912p8ttvked8",
            "execution_mode": "remote",
            "has_resources": false,
            "hooks": [],
            "id": "ws-u8slcsr75d87n48",
            "module_version_id": "",
            "name": "ws1-1623",
            "operations": true,
            "provider_configuration": [],
            "run_operation_timeout": null,
            "tag_ids": null,
            "terraform_version": "1.2.6",
            "var_files": null,
            "vcs_provider_id": null,
            "vcs_repo": [],
            "working_directory": ""
          },
          "sensitive_attributes": [],
          "private": "eyJzY2hlbWFfdmVyc2lvbiI6IjQifQ=="
        },
        {
          "index_key": 1635,
          "schema_version": 4,
          "attributes": {
            "agent_pool_id": null,
            "auto_apply": false,
            "created_by": [
              {
                "email": "v.vlasenko@scalr.com",
                "full_name": "",
                "username": "v.vlasenko@scalr.com"
              }
            ],
            "environment_id": "env-u8s912p8ttvked8",
            "execution_mode": "remote",
            "has_resources": false,
            "hooks": [],
            "id": "ws-u8sldiobv771dp0",
            "module_version_id": "",
            "name": "ws1-1635",
            "operations": true,
            "provider_configuration": [],
            "run_operation_timeout": null,
            "tag_ids": null,
            "terraform_version": "1.2.6",
            "var_files": null,
            "vcs_provider_id": null,
            "vcs_repo": [],
            "working_directory": ""
          },
          "sensitive_attributes": [],
          "private": "eyJzY2hlbWFfdmVyc2lvbiI6IjQifQ=="
        },
        {
          "index_key": 1637,
          "schema_version": 4,
          "attributes": {
            "agent_pool_id": null,
            "auto_apply": false,
            "created_by": [
              {
                "email": "v.vlasenko@scalr.com",
                "full_name": "",
                "username": "v.vlasenko@scalr.com"
              }
            ],
            "environment_id": "env-u8s912p8ttvked8",
            "execution_mode": "remote",
            "has_resources": false,
            "hooks": [],
            "id": "ws-u8slcpdb9o4213g",
            "module_version_id": "",
            "name": "ws1-1637",
            "operations": true,
            "provider_configuration": [],
            "run_operation_timeout": null,
            "tag_ids": null,
            "terraform_version": "1.2.6",
            "var_files": null,
            "vcs_provider_id": null,
            "vcs_repo": [],
            "working_directory": ""
          },
          "sensitive_attributes": [],
          "private": "eyJzY2hlbWFfdmVyc2lvbiI6IjQifQ=="
        },
        {
          "index_key": 1648,
          "schema_version": 4,
          "attributes": {
            "agent_pool_id": null,
            "auto_apply": false,
            "created_by": [
              {
                "email": "v.vlasenko@scalr.com",
                "full_name": "",
                "username": "v.vlasenko@scalr.com"
              }
            ],
            "environment_id": "env-u8s912p8ttvked8",
            "execution_mode": "remote",
            "has_resources": false,
            "hooks": [],
            "id": "ws-u8sldmt7pa1ml48",
            "module_version_id": "",
            "name": "ws1-1648",
            "operations": true,
            "provider_configuration": [],
            "run_operation_timeout": null,
            "tag_ids": null,
            "terraform_version": "1.2.6",
            "var_files": null,
            "vcs_provider_id": null,
            "vcs_repo": [],
            "working_directory": ""
          },
          "sensitive_attributes": [],
          "private": "eyJzY2hlbWFfdmVyc2lvbiI6IjQifQ=="
        },
        {
          "index_key": 1689,
          "schema_version": 4,
          "attributes": {
            "agent_pool_id": null,
            "auto_apply": false,
            "created_by": [
              {
                "email": "v.vlasenko@scalr.com",
                "full_name": "",
                "username": "v.vlasenko@scalr.com"
              }
            ],
            "environment_id": "env-u8s912p8ttvked8",
            "execution_mode": "remote",
            "has_resources": false,
            "hooks": [],
            "id": "ws-u8sle2rbhroi14g",
            "module_version_id": "",
            "name": "ws1-1689",
            "operations": true,
            "provider_configuration": [],
            "run_operation_timeout": null,
            "tag_ids": null,
            "terraform_version": "1.2.6",
            "var_files": null,
            "vcs_provider_id": null,
            "vcs_repo": [],
            "working_directory": ""
          },
          "sensitive_attributes": [],
          "private": "eyJzY2hlbWFfdmVyc2lvbiI6IjQifQ=="
        },
        {
          "index_key": 1712,
          "schema_version": 4,
          "attributes": {
            "agent_pool_id": null,
            "auto_apply": false,
            "created_by": [
              {
                "email": "v.vlasenko@scalr.com",
                "full_name": "",
                "username": "v.vlasenko@scalr.com"
              }
            ],
            "environment_id": "env-u8s912p8ttvked8",
            "execution_mode": "remote",
            "has_resources": false,
            "hooks": [],
            "id": "ws-u8slcj7sce3j0n0",
            "module_version_id": "",
            "name": "ws1-1712",
            "operations": true,
            "provider_configuration": [],
            "run_operation_timeout": null,
            "tag_ids": null,
            "terraform_version": "1.2.6",
            "var_files": null,
            "vcs_provider_id": null,
            "vcs_repo": [],
            "working_directory": ""
          },
          "sensitive_attributes": [],
          "private": "eyJzY2hlbWFfdmVyc2lvbiI6IjQifQ=="
        },
        {
          "index_key": 1715,
          "schema_version": 4,
          "attributes": {
            "agent_pool_id": null,
            "auto_apply": false,
            "created_by": [
              {
                "email": "v.vlasenko@scalr.com",
                "full_name": "",
                "username": "v.vlasenko@scalr.com"
              }
            ],
            "environment_id": "env-u8s912p8ttvked8",
            "execution_mode": "remote",
            "has_resources": false,
            "hooks": [],
            "id": "ws-u8sle9c15d0q290",
            "module_version_id": "",
            "name": "ws1-1715",
            "operations": true,
            "provider_configuration": [],
            "run_operation_timeout": null,
            "tag_ids": null,
            "terraform_version": "1.2.6",
            "var_files": null,
            "vcs_provider_id": null,
            "vcs_repo": [],
            "working_directory": ""
          },
          "sensitive_attributes": [],
          "private": "eyJzY2hlbWFfdmVyc2lvbiI6IjQifQ=="
        },
        {
          "index_key": 1716,
          "schema_version": 4,
          "attributes": {
            "agent_pool_id": null,
            "auto_apply": false,
            "created_by": [
              {
                "email": "v.vlasenko@scalr.com",
                "full_name": "",
                "username": "v.vlasenko@scalr.com"
              }
            ],
            "environment_id": "env-u8s912p8ttvked8",
            "execution_mode": "remote",
            "has_resources": false,
            "hooks": [],
            "id": "ws-u8sldhetod6h6hg",
            "module_version_id": "",
            "name": "ws1-1716",
            "operations": true,
            "provider_configuration": [],
            "run_operation_timeout": null,
            "tag_ids": null,
            "terraform_version": "1.2.6",
            "var_files": null,
            "vcs_provider_id": null,
            "vcs_repo": [],
            "working_directory": ""
          },
          "sensitive_attributes": [],
          "private": "eyJzY2hlbWFfdmVyc2lvbiI6IjQifQ=="
        },
        {
          "index_key": 1751,
          "schema_version": 4,
          "attributes": {
            "agent_pool_id": null,
            "auto_apply": false,
            "created_by": [
              {
                "email": "v.vlasenko@scalr.com",
                "full_name": "",
                "username": "v.vlasenko@scalr.com"
              }
            ],
            "environment_id": "env-u8s912p8ttvked8",
            "execution_mode": "remote",
            "has_resources": false,
            "hooks": [],
            "id": "ws-u8sle8repffsn10",
            "module_version_id": "",
            "name": "ws1-1751",
            "operations": true,
            "provider_configuration": [],
            "run_operation_timeout": null,
            "tag_ids": null,
            "terraform_version": "1.2.6",
            "var_files": null,
            "vcs_provider_id": null,
            "vcs_repo": [],
            "working_directory": ""
          },
          "sensitive_attributes": [],
          "private": "eyJzY2hlbWFfdmVyc2lvbiI6IjQifQ=="
        },
        {
          "index_key": 1807,
          "schema_version": 4,
          "attributes": {
            "agent_pool_id": null,
            "auto_apply": false,
            "created_by": [
              {
                "email": "v.vlasenko@scalr.com",
                "full_name": "",
                "username": "v.vlasenko@scalr.com"
              }
            ],
            "environment_id": "env-u8s912p8ttvked8",
            "execution_mode": "remote",
            "has_resources": false,
            "hooks": [],
            "id": "ws-u8slel2du8k6hj8",
            "module_version_id": "",
            "name": "ws1-1807",
            "operations": true,
            "provider_configuration": [],
            "run_operation_timeout": null,
            "tag_ids": null,
            "terraform_version": "1.2.6",
            "var_files": null,
            "vcs_provider_id": null,
            "vcs_repo": [],
            "working_directory": ""
          },
          "sensitive_attributes": [],
          "private": "eyJzY2hlbWFfdmVyc2lvbiI6IjQifQ=="
        },
        {
          "index_key": 1830,
          "schema_version": 4,
          "attributes": {
            "agent_pool_id": null,
            "auto_apply": false,
            "created_by": [
              {
                "email": "v.vlasenko@scalr.com",
                "full_name": "",
                "username": "v.vlasenko@scalr.com"
              }
            ],
            "environment_id": "env-u8s912p8ttvked8",
            "execution_mode": "remote",
            "has_resources": false,
            "hooks": [],
            "id": "ws-u8slclm6p9ql6k8",
            "module_version_id": "",
            "name": "ws1-1830",
            "operations": true,
            "provider_configuration": [],
            "run_operation_timeout": null,
            "tag_ids": null,
            "terraform_version": "1.2.6",
            "var_files": null,
            "vcs_provider_id": null,
            "vcs_repo": [],
            "working_directory": ""
          },
          "sensitive_attributes": [],
          "private": "eyJzY2hlbWFfdmVyc2lvbiI6IjQifQ=="
        },
        {
          "index_key": 1841,
          "schema_version": 4,
          "attributes": {
            "agent_pool_id": null,
            "auto_apply": false,
            "created_by": [
              {
                "email": "v.vlasenko@scalr.com",
                "full_name": "",
                "username": "v.vlasenko@scalr.com"
              }
            ],
            "environment_id": "env-u8s912p8ttvked8",
            "execution_mode": "remote",
            "has_resources": false,
            "hooks": [],
            "id": "ws-u8sldich6bbk9mo",
            "module_version_id": "",
            "name": "ws1-1841",
            "operations": true,
            "provider_configuration": [],
            "run_operation_timeout": null,
            "tag_ids": null,
            "terraform_version": "1.2.6",
            "var_files": null,
            "vcs_provider_id": null,
            "vcs_repo": [],
            "working_directory": ""
          },
          "sensitive_attributes": [],
          "private": "eyJzY2hlbWFfdmVyc2lvbiI6IjQifQ=="
        },
        {
          "index_key": 1844,
          "schema_version": 4,
          "attributes": {
            "agent_pool_id": null,
            "auto_apply": false,
            "created_by": [
              {
                "email": "v.vlasenko@scalr.com",
                "full_name": "",
                "username": "v.vlasenko@scalr.com"
              }
            ],
            "environment_id": "env-u8s912p8ttvked8",
            "execution_mode": "remote",
            "has_resources": false,
            "hooks": [],
            "id": "ws-u8sldq5akc9he7g",
            "module_version_id": "",
            "name": "ws1-1844",
            "operations": true,
            "provider_configuration": [],
            "run_operation_timeout": null,
            "tag_ids": null,
            "terraform_version": "1.2.6",
            "var_files": null,
            "vcs_provider_id": null,
            "vcs_repo": [],
            "working_directory": ""
          },
          "sensitive_attributes": [],
          "private": "eyJzY2hlbWFfdmVyc2lvbiI6IjQifQ=="
        },
        {
          "index_key": 1871,
          "schema_version": 4,
          "attributes": {
            "agent_pool_id": null,
            "auto_apply": false,
            "created_by": [
              {
                "email": "v.vlasenko@scalr.com",
                "full_name": "",
                "username": "v.vlasenko@scalr.com"
              }
            ],
            "environment_id": "env-u8s912p8ttvked8",
            "execution_mode": "remote",
            "has_resources": false,
            "hooks": [],
            "id": "ws-u8slckoj1i12fn0",
            "module_version_id": "",
            "name": "ws1-1871",
            "operations": true,
            "provider_configuration": [],
            "run_operation_timeout": null,
            "tag_ids": null,
            "terraform_version": "1.2.6",
            "var_files": null,
            "vcs_provider_id": null,
            "vcs_repo": [],
            "working_directory": ""
          },
          "sensitive_attributes": [],
          "private": "eyJzY2hlbWFfdmVyc2lvbiI6IjQifQ=="
        },
        {
          "index_key": 1907,
          "schema_version": 4,
          "attributes": {
            "agent_pool_id": null,
            "auto_apply": false,
            "created_by": [
              {
                "email": "v.vlasenko@scalr.com",
                "full_name": "",
                "username": "v.vlasenko@scalr.com"
              }
            ],
            "environment_id": "env-u8s912p8ttvked8",
            "execution_mode": "remote",
            "has_resources": false,
            "hooks": [],
            "id": "ws-u8slde73dmq709g",
            "module_version_id": "",
            "name": "ws1-1907",
            "operations": true,
            "provider_configuration": [],
            "run_operation_timeout": null,
            "tag_ids": null,
            "terraform_version": "1.2.6",
            "var_files": null,
            "vcs_provider_id": null,
            "vcs_repo": [],
            "working_directory": ""
          },
          "sensitive_attributes": [],
          "private": "eyJzY2hlbWFfdmVyc2lvbiI6IjQifQ=="
        },
        {
          "index_key": 1914,
          "schema_version": 4,
          "attributes": {
            "agent_pool_id": null,
            "auto_apply": false,
            "created_by": [
              {
                "email": "v.vlasenko@scalr.com",
                "full_name": "",
                "username": "v.vlasenko@scalr.com"
              }
            ],
            "environment_id": "env-u8s912p8ttvked8",
            "execution_mode": "remote",
            "has_resources": false,
            "hooks": [],
            "id": "ws-u8slcen2oh84ivo",
            "module_version_id": "",
            "name": "ws1-1914",
            "operations": true,
            "provider_configuration": [],
            "run_operation_timeout": null,
            "tag_ids": null,
            "terraform_version": "1.2.6",
            "var_files": null,
            "vcs_provider_id": null,
            "vcs_repo": [],
            "working_directory": ""
          },
          "sensitive_attributes": [],
          "private": "eyJzY2hlbWFfdmVyc2lvbiI6IjQifQ=="
        },
        {
          "index_key": 1927,
          "schema_version": 4,
          "attributes": {
            "agent_pool_id": null,
            "auto_apply": false,
            "created_by": [
              {
                "email": "v.vlasenko@scalr.com",
                "full_name": "",
                "username": "v.vlasenko@scalr.com"
              }
            ],
            "environment_id": "env-u8s912p8ttvked8",
            "execution_mode": "remote",
            "has_resources": false,
            "hooks": [],
            "id": "ws-u8slcr7tgcr6qc0",
            "module_version_id": "",
            "name": "ws1-1927",
            "operations": true,
            "provider_configuration": [],
            "run_operation_timeout": null,
            "tag_ids": null,
            "terraform_version": "1.2.6",
            "var_files": null,
            "vcs_provider_id": null,
            "vcs_repo": [],
            "working_directory": ""
          },
          "sensitive_attributes": [],
          "private": "eyJzY2hlbWFfdmVyc2lvbiI6IjQifQ=="
        },
        {
          "index_key": 1928,
          "schema_version": 4,
          "attributes": {
            "agent_pool_id": null,
            "auto_apply": false,
            "created_by": [
              {
                "email": "v.vlasenko@scalr.com",
                "full_name": "",
                "username": "v.vlasenko@scalr.com"
              }
            ],
            "environment_id": "env-u8s912p8ttvked8",
            "execution_mode": "remote",
            "has_resources": false,
            "hooks": [],
            "id": "ws-u8sle4u0965v0ug",
            "module_version_id": "",
            "name": "ws1-1928",
            "operations": true,
            "provider_configuration": [],
            "run_operation_timeout": null,
            "tag_ids": null,
            "terraform_version": "1.2.6",
            "var_files": null,
            "vcs_provider_id": null,
            "vcs_repo": [],
            "working_directory": ""
          },
          "sensitive_attributes": [],
          "private": "eyJzY2hlbWFfdmVyc2lvbiI6IjQifQ=="
        },
        {
          "index_key": 1943,
          "schema_version": 4,
          "attributes": {
            "agent_pool_id": null,
            "auto_apply": false,
            "created_by": [
              {
                "email": "v.vlasenko@scalr.com",
                "full_name": "",
                "username": "v.vlasenko@scalr.com"
              }
            ],
            "environment_id": "env-u8s912p8ttvked8",
            "execution_mode": "remote",
            "has_resources": false,
            "hooks": [],
            "id": "ws-u8sldc2g3lnogk0",
            "module_version_id": "",
            "name": "ws1-1943",
            "operations": true,
            "provider_configuration": [],
            "run_operation_timeout": null,
            "tag_ids": null,
            "terraform_version": "1.2.6",
            "var_files": null,
            "vcs_provider_id": null,
            "vcs_repo": [],
            "working_directory": ""
          },
          "sensitive_attributes": [],
          "private": "eyJzY2hlbWFfdmVyc2lvbiI6IjQifQ=="
        },
        {
          "index_key": 1967,
          "schema_version": 4,
          "attributes": {
            "agent_pool_id": null,
            "auto_apply": false,
            "created_by": [
              {
                "email": "v.vlasenko@scalr.com",
                "full_name": "",
                "username": "v.vlasenko@scalr.com"
              }
            ],
            "environment_id": "env-u8s912p8ttvked8",
            "execution_mode": "remote",
            "has_resources": false,
            "hooks": [],
            "id": "ws-u8slcrpdlpskooo",
            "module_version_id": "",
            "name": "ws1-1967",
            "operations": true,
            "provider_configuration": [],
            "run_operation_timeout": null,
            "tag_ids": null,
            "terraform_version": "1.2.6",
            "var_files": null,
            "vcs_provider_id": null,
            "vcs_repo": [],
            "working_directory": ""
          },
          "sensitive_attributes": [],
          "private": "eyJzY2hlbWFfdmVyc2lvbiI6IjQifQ=="
        },
        {
          "index_key": 1969,
          "schema_version": 4,
          "attributes": {
            "agent_pool_id": null,
            "auto_apply": false,
            "created_by": [
              {
                "email": "v.vlasenko@scalr.com",
                "full_name": "",
                "username": "v.vlasenko@scalr.com"
              }
            ],
            "environment_id": "env-u8s912p8ttvked8",
            "execution_mode": "remote",
            "has_resources": false,
            "hooks": [],
            "id": "ws-u8slea85le9pjj0",
            "module_version_id": "",
            "name": "ws1-1969",
            "operations": true,
            "provider_configuration": [],
            "run_operation_timeout": null,
            "tag_ids": null,
            "terraform_version": "1.2.6",
            "var_files": null,
            "vcs_provider_id": null,
            "vcs_repo": [],
            "working_directory": ""
          },
          "sensitive_attributes": [],
          "private": "eyJzY2hlbWFfdmVyc2lvbiI6IjQifQ=="
        },
        {
          "index_key": 1974,
          "schema_version": 4,
          "attributes": {
            "agent_pool_id": null,
            "auto_apply": false,
            "created_by": [
              {
                "email": "v.vlasenko@scalr.com",
                "full_name": "",
                "username": "v.vlasenko@scalr.com"
              }
            ],
            "environment_id": "env-u8s912p8ttvked8",
            "execution_mode": "remote",
            "has_resources": false,
            "hooks": [],
            "id": "ws-u8slcbjoi3r3v3o",
            "module_version_id": "",
            "name": "ws1-1974",
            "operations": true,
            "provider_configuration": [],
            "run_operation_timeout": null,
            "tag_ids": null,
            "terraform_version": "1.2.6",
            "var_files": null,
            "vcs_provider_id": null,
            "vcs_repo": [],
            "working_directory": ""
          },
          "sensitive_attributes": [],
          "private": "eyJzY2hlbWFfdmVyc2lvbiI6IjQifQ=="
        },
        {
          "index_key": 1994,
          "schema_version": 4,
          "attributes": {
            "agent_pool_id": null,
            "auto_apply": false,
            "created_by": [
              {
                "email": "v.vlasenko@scalr.com",
                "full_name": "",
                "username": "v.vlasenko@scalr.com"
              }
            ],
            "environment_id": "env-u8s912p8ttvked8",
            "execution_mode": "remote",
            "has_resources": false,
            "hooks": [],
            "id": "ws-u8slcq8uplrnrtg",
            "module_version_id": "",
            "name": "ws1-1994",
            "operations": true,
            "provider_configuration": [],
            "run_operation_timeout": null,
            "tag_ids": null,
            "terraform_version": "1.2.6",
            "var_files": null,
            "vcs_provider_id": null,
            "vcs_repo": [],
            "working_directory": ""
          },
          "sensitive_attributes": [],
          "private": "eyJzY2hlbWFfdmVyc2lvbiI6IjQifQ=="
        },
        {
          "index_key": 1996,
          "schema_version": 4,
          "attributes": {
            "agent_pool_id": null,
            "auto_apply": false,
            "created_by": [
              {
                "email": "v.vlasenko@scalr.com",
                "full_name": "",
                "username": "v.vlasenko@scalr.com"
              }
            ],
            "environment_id": "env-u8s912p8ttvked8",
            "execution_mode": "remote",
            "has_resources": false,
            "hooks": [],
            "id": "ws-u8sldph417rqph8",
            "module_version_id": "",
            "name": "ws1-1996",
            "operations": true,
            "provider_configuration": [],
            "run_operation_timeout": null,
            "tag_ids": null,
            "terraform_version": "1.2.6",
            "var_files": null,
            "vcs_provider_id": null,
            "vcs_repo": [],
            "working_directory": ""
          },
          "sensitive_attributes": [],
          "private": "eyJzY2hlbWFfdmVyc2lvbiI6IjQifQ=="
        },
        {
          "index_key": 1997,
          "schema_version": 4,
          "attributes": {
            "agent_pool_id": null,
            "auto_apply": false,
            "created_by": [
              {
                "email": "v.vlasenko@scalr.com",
                "full_name": "",
                "username": "v.vlasenko@scalr.com"
              }
            ],
            "environment_id": "env-u8s912p8ttvked8",
            "execution_mode": "remote",
            "has_resources": false,
            "hooks": [],
            "id": "ws-u8slcvfulqcgk40",
            "module_version_id": "",
            "name": "ws1-1997",
            "operations": true,
            "provider_configuration": [],
            "run_operation_timeout": null,
            "tag_ids": null,
            "terraform_version": "1.2.6",
            "var_files": null,
            "vcs_provider_id": null,
            "vcs_repo": [],
            "working_directory": ""
          },
          "sensitive_attributes": [],
          "private": "eyJzY2hlbWFfdmVyc2lvbiI6IjQifQ=="
        },
        {
          "index_key": 2003,
          "schema_version": 4,
          "attributes": {
            "agent_pool_id": null,
            "auto_apply": false,
            "created_by": [
              {
                "email": "v.vlasenko@scalr.com",
                "full_name": "",
                "username": "v.vlasenko@scalr.com"
              }
            ],
            "environment_id": "env-u8s912p8ttvked8",
            "execution_mode": "remote",
            "has_resources": false,
            "hooks": [],
            "id": "ws-u8sld28020mje3o",
            "module_version_id": "",
            "name": "ws1-2003",
            "operations": true,
            "provider_configuration": [],
            "run_operation_timeout": null,
            "tag_ids": null,
            "terraform_version": "1.2.6",
            "var_files": null,
            "vcs_provider_id": null,
            "vcs_repo": [],
            "working_directory": ""
          },
          "sensitive_attributes": [],
          "private": "eyJzY2hlbWFfdmVyc2lvbiI6IjQifQ=="
        },
        {
          "index_key": 2027,
          "schema_version": 4,
          "attributes": {
            "agent_pool_id": null,
            "auto_apply": false,
            "created_by": [
              {
                "email": "v.vlasenko@scalr.com",
                "full_name": "",
                "username": "v.vlasenko@scalr.com"
              }
            ],
            "environment_id": "env-u8s912p8ttvked8",
            "execution_mode": "remote",
            "has_resources": false,
            "hooks": [],
            "id": "ws-u8sld7lg619c23o",
            "module_version_id": "",
            "name": "ws1-2027",
            "operations": true,
            "provider_configuration": [],
            "run_operation_timeout": null,
            "tag_ids": null,
            "terraform_version": "1.2.6",
            "var_files": null,
            "vcs_provider_id": null,
            "vcs_repo": [],
            "working_directory": ""
          },
          "sensitive_attributes": [],
          "private": "eyJzY2hlbWFfdmVyc2lvbiI6IjQifQ=="
        },
        {
          "index_key": 2030,
          "schema_version": 4,
          "attributes": {
            "agent_pool_id": null,
            "auto_apply": false,
            "created_by": [
              {
                "email": "v.vlasenko@scalr.com",
                "full_name": "",
                "username": "v.vlasenko@scalr.com"
              }
            ],
            "environment_id": "env-u8s912p8ttvked8",
            "execution_mode": "remote",
            "has_resources": false,
            "hooks": [],
            "id": "ws-u8sldva37geukno",
            "module_version_id": "",
            "name": "ws1-2030",
            "operations": true,
            "provider_configuration": [],
            "run_operation_timeout": null,
            "tag_ids": null,
            "terraform_version": "1.2.6",
            "var_files": null,
            "vcs_provider_id": null,
            "vcs_repo": [],
            "working_directory": ""
          },
          "sensitive_attributes": [],
          "private": "eyJzY2hlbWFfdmVyc2lvbiI6IjQifQ=="
        },
        {
          "index_key": 2044,
          "schema_version": 4,
          "attributes": {
            "agent_pool_id": null,
            "auto_apply": false,
            "created_by": [
              {
                "email": "v.vlasenko@scalr.com",
                "full_name": "",
                "username": "v.vlasenko@scalr.com"
              }
            ],
            "environment_id": "env-u8s912p8ttvked8",
            "execution_mode": "remote",
            "has_resources": false,
            "hooks": [],
            "id": "ws-u8sld3fj5e58108",
            "module_version_id": "",
            "name": "ws1-2044",
            "operations": true,
            "provider_configuration": [],
            "run_operation_timeout": null,
            "tag_ids": null,
            "terraform_version": "1.2.6",
            "var_files": null,
            "vcs_provider_id": null,
            "vcs_repo": [],
            "working_directory": ""
          },
          "sensitive_attributes": [],
          "private": "eyJzY2hlbWFfdmVyc2lvbiI6IjQifQ=="
        },
        {
          "index_key": 2052,
          "schema_version": 4,
          "attributes": {
            "agent_pool_id": null,
            "auto_apply": false,
            "created_by": [
              {
                "email": "v.vlasenko@scalr.com",
                "full_name": "",
                "username": "v.vlasenko@scalr.com"
              }
            ],
            "environment_id": "env-u8s912p8ttvked8",
            "execution_mode": "remote",
            "has_resources": false,
            "hooks": [],
            "id": "ws-u8slcv8etdlmivo",
            "module_version_id": "",
            "name": "ws1-2052",
            "operations": true,
            "provider_configuration": [],
            "run_operation_timeout": null,
            "tag_ids": null,
            "terraform_version": "1.2.6",
            "var_files": null,
            "vcs_provider_id": null,
            "vcs_repo": [],
            "working_directory": ""
          },
          "sensitive_attributes": [],
          "private": "eyJzY2hlbWFfdmVyc2lvbiI6IjQifQ=="
        },
        {
          "index_key": 2070,
          "schema_version": 4,
          "attributes": {
            "agent_pool_id": null,
            "auto_apply": false,
            "created_by": [
              {
                "email": "v.vlasenko@scalr.com",
                "full_name": "",
                "username": "v.vlasenko@scalr.com"
              }
            ],
            "environment_id": "env-u8s912p8ttvked8",
            "execution_mode": "remote",
            "has_resources": false,
            "hooks": [],
            "id": "ws-u8slct5n1o3qj7o",
            "module_version_id": "",
            "name": "ws1-2070",
            "operations": true,
            "provider_configuration": [],
            "run_operation_timeout": null,
            "tag_ids": null,
            "terraform_version": "1.2.6",
            "var_files": null,
            "vcs_provider_id": null,
            "vcs_repo": [],
            "working_directory": ""
          },
          "sensitive_attributes": [],
          "private": "eyJzY2hlbWFfdmVyc2lvbiI6IjQifQ=="
        },
        {
          "index_key": 2076,
          "schema_version": 4,
          "attributes": {
            "agent_pool_id": null,
            "auto_apply": false,
            "created_by": [
              {
                "email": "v.vlasenko@scalr.com",
                "full_name": "",
                "username": "v.vlasenko@scalr.com"
              }
            ],
            "environment_id": "env-u8s912p8ttvked8",
            "execution_mode": "remote",
            "has_resources": false,
            "hooks": [],
            "id": "ws-u8sld2gaomeqkcg",
            "module_version_id": "",
            "name": "ws1-2076",
            "operations": true,
            "provider_configuration": [],
            "run_operation_timeout": null,
            "tag_ids": null,
            "terraform_version": "1.2.6",
            "var_files": null,
            "vcs_provider_id": null,
            "vcs_repo": [],
            "working_directory": ""
          },
          "sensitive_attributes": [],
          "private": "eyJzY2hlbWFfdmVyc2lvbiI6IjQifQ=="
        },
        {
          "index_key": 2080,
          "schema_version": 4,
          "attributes": {
            "agent_pool_id": null,
            "auto_apply": false,
            "created_by": [
              {
                "email": "v.vlasenko@scalr.com",
                "full_name": "",
                "username": "v.vlasenko@scalr.com"
              }
            ],
            "environment_id": "env-u8s912p8ttvked8",
            "execution_mode": "remote",
            "has_resources": false,
            "hooks": [],
            "id": "ws-u8sldfmvui51ov0",
            "module_version_id": "",
            "name": "ws1-2080",
            "operations": true,
            "provider_configuration": [],
            "run_operation_timeout": null,
            "tag_ids": null,
            "terraform_version": "1.2.6",
            "var_files": null,
            "vcs_provider_id": null,
            "vcs_repo": [],
            "working_directory": ""
          },
          "sensitive_attributes": [],
          "private": "eyJzY2hlbWFfdmVyc2lvbiI6IjQifQ=="
        },
        {
          "index_key": 2113,
          "schema_version": 4,
          "attributes": {
            "agent_pool_id": null,
            "auto_apply": false,
            "created_by": [
              {
                "email": "v.vlasenko@scalr.com",
                "full_name": "",
                "username": "v.vlasenko@scalr.com"
              }
            ],
            "environment_id": "env-u8s912p8ttvked8",
            "execution_mode": "remote",
            "has_resources": false,
            "hooks": [],
            "id": "ws-u8sldbq21l49540",
            "module_version_id": "",
            "name": "ws1-2113",
            "operations": true,
            "provider_configuration": [],
            "run_operation_timeout": null,
            "tag_ids": null,
            "terraform_version": "1.2.6",
            "var_files": null,
            "vcs_provider_id": null,
            "vcs_repo": [],
            "working_directory": ""
          },
          "sensitive_attributes": [],
          "private": "eyJzY2hlbWFfdmVyc2lvbiI6IjQifQ=="
        },
        {
          "index_key": 2117,
          "schema_version": 4,
          "attributes": {
            "agent_pool_id": null,
            "auto_apply": false,
            "created_by": [
              {
                "email": "v.vlasenko@scalr.com",
                "full_name": "",
                "username": "v.vlasenko@scalr.com"
              }
            ],
            "environment_id": "env-u8s912p8ttvked8",
            "execution_mode": "remote",
            "has_resources": false,
            "hooks": [],
            "id": "ws-u8slekt23i00f9o",
            "module_version_id": "",
            "name": "ws1-2117",
            "operations": true,
            "provider_configuration": [],
            "run_operation_timeout": null,
            "tag_ids": null,
            "terraform_version": "1.2.6",
            "var_files": null,
            "vcs_provider_id": null,
            "vcs_repo": [],
            "working_directory": ""
          },
          "sensitive_attributes": [],
          "private": "eyJzY2hlbWFfdmVyc2lvbiI6IjQifQ=="
        },
        {
          "index_key": 2128,
          "schema_version": 4,
          "attributes": {
            "agent_pool_id": null,
            "auto_apply": false,
            "created_by": [
              {
                "email": "v.vlasenko@scalr.com",
                "full_name": "",
                "username": "v.vlasenko@scalr.com"
              }
            ],
            "environment_id": "env-u8s912p8ttvked8",
            "execution_mode": "remote",
            "has_resources": false,
            "hooks": [],
            "id": "ws-u8sldlfjeq9l7f0",
            "module_version_id": "",
            "name": "ws1-2128",
            "operations": true,
            "provider_configuration": [],
            "run_operation_timeout": null,
            "tag_ids": null,
            "terraform_version": "1.2.6",
            "var_files": null,
            "vcs_provider_id": null,
            "vcs_repo": [],
            "working_directory": ""
          },
          "sensitive_attributes": [],
          "private": "eyJzY2hlbWFfdmVyc2lvbiI6IjQifQ=="
        },
        {
          "index_key": 2129,
          "schema_version": 4,
          "attributes": {
            "agent_pool_id": null,
            "auto_apply": false,
            "created_by": [
              {
                "email": "v.vlasenko@scalr.com",
                "full_name": "",
                "username": "v.vlasenko@scalr.com"
              }
            ],
            "environment_id": "env-u8s912p8ttvked8",
            "execution_mode": "remote",
            "has_resources": false,
            "hooks": [],
            "id": "ws-u8sle9tb96juiqg",
            "module_version_id": "",
            "name": "ws1-2129",
            "operations": true,
            "provider_configuration": [],
            "run_operation_timeout": null,
            "tag_ids": null,
            "terraform_version": "1.2.6",
            "var_files": null,
            "vcs_provider_id": null,
            "vcs_repo": [],
            "working_directory": ""
          },
          "sensitive_attributes": [],
          "private": "eyJzY2hlbWFfdmVyc2lvbiI6IjQifQ=="
        },
        {
          "index_key": 2135,
          "schema_version": 4,
          "attributes": {
            "agent_pool_id": null,
            "auto_apply": false,
            "created_by": [
              {
                "email": "v.vlasenko@scalr.com",
                "full_name": "",
                "username": "v.vlasenko@scalr.com"
              }
            ],
            "environment_id": "env-u8s912p8ttvked8",
            "execution_mode": "remote",
            "has_resources": false,
            "hooks": [],
            "id": "ws-u8sle0ttvm5cd20",
            "module_version_id": "",
            "name": "ws1-2135",
            "operations": true,
            "provider_configuration": [],
            "run_operation_timeout": null,
            "tag_ids": null,
            "terraform_version": "1.2.6",
            "var_files": null,
            "vcs_provider_id": null,
            "vcs_repo": [],
            "working_directory": ""
          },
          "sensitive_attributes": [],
          "private": "eyJzY2hlbWFfdmVyc2lvbiI6IjQifQ=="
        },
        {
          "index_key": 2137,
          "schema_version": 4,
          "attributes": {
            "agent_pool_id": null,
            "auto_apply": false,
            "created_by": [
              {
                "email": "v.vlasenko@scalr.com",
                "full_name": "",
                "username": "v.vlasenko@scalr.com"
              }
            ],
            "environment_id": "env-u8s912p8ttvked8",
            "execution_mode": "remote",
            "has_resources": false,
            "hooks": [],
            "id": "ws-u8sldt1cmpr6l88",
            "module_version_id": "",
            "name": "ws1-2137",
            "operations": true,
            "provider_configuration": [],
            "run_operation_timeout": null,
            "tag_ids": null,
            "terraform_version": "1.2.6",
            "var_files": null,
            "vcs_provider_id": null,
            "vcs_repo": [],
            "working_directory": ""
          },
          "sensitive_attributes": [],
          "private": "eyJzY2hlbWFfdmVyc2lvbiI6IjQifQ=="
        },
        {
          "index_key": 2170,
          "schema_version": 4,
          "attributes": {
            "agent_pool_id": null,
            "auto_apply": false,
            "created_by": [
              {
                "email": "v.vlasenko@scalr.com",
                "full_name": "",
                "username": "v.vlasenko@scalr.com"
              }
            ],
            "environment_id": "env-u8s912p8ttvked8",
            "execution_mode": "remote",
            "has_resources": false,
            "hooks": [],
            "id": "ws-u8slcgb0f4rs338",
            "module_version_id": "",
            "name": "ws1-2170",
            "operations": true,
            "provider_configuration": [],
            "run_operation_timeout": null,
            "tag_ids": null,
            "terraform_version": "1.2.6",
            "var_files": null,
            "vcs_provider_id": null,
            "vcs_repo": [],
            "working_directory": ""
          },
          "sensitive_attributes": [],
          "private": "eyJzY2hlbWFfdmVyc2lvbiI6IjQifQ=="
        },
        {
          "index_key": 2174,
          "schema_version": 4,
          "attributes": {
            "agent_pool_id": null,
            "auto_apply": false,
            "created_by": [
              {
                "email": "v.vlasenko@scalr.com",
                "full_name": "",
                "username": "v.vlasenko@scalr.com"
              }
            ],
            "environment_id": "env-u8s912p8ttvked8",
            "execution_mode": "remote",
            "has_resources": false,
            "hooks": [],
            "id": "ws-u8sle7mtfrgfi3g",
            "module_version_id": "",
            "name": "ws1-2174",
            "operations": true,
            "provider_configuration": [],
            "run_operation_timeout": null,
            "tag_ids": null,
            "terraform_version": "1.2.6",
            "var_files": null,
            "vcs_provider_id": null,
            "vcs_repo": [],
            "working_directory": ""
          },
          "sensitive_attributes": [],
          "private": "eyJzY2hlbWFfdmVyc2lvbiI6IjQifQ=="
        },
        {
          "index_key": 2206,
          "schema_version": 4,
          "attributes": {
            "agent_pool_id": null,
            "auto_apply": false,
            "created_by": [
              {
                "email": "v.vlasenko@scalr.com",
                "full_name": "",
                "username": "v.vlasenko@scalr.com"
              }
            ],
            "environment_id": "env-u8s912p8ttvked8",
            "execution_mode": "remote",
            "has_resources": false,
            "hooks": [],
            "id": "ws-u8sldj7nlp0hjfg",
            "module_version_id": "",
            "name": "ws1-2206",
            "operations": true,
            "provider_configuration": [],
            "run_operation_timeout": null,
            "tag_ids": null,
            "terraform_version": "1.2.6",
            "var_files": null,
            "vcs_provider_id": null,
            "vcs_repo": [],
            "working_directory": ""
          },
          "sensitive_attributes": [],
          "private": "eyJzY2hlbWFfdmVyc2lvbiI6IjQifQ=="
        },
        {
          "index_key": 2207,
          "schema_version": 4,
          "attributes": {
            "agent_pool_id": null,
            "auto_apply": false,
            "created_by": [
              {
                "email": "v.vlasenko@scalr.com",
                "full_name": "",
                "username": "v.vlasenko@scalr.com"
              }
            ],
            "environment_id": "env-u8s912p8ttvked8",
            "execution_mode": "remote",
            "has_resources": false,
            "hooks": [],
            "id": "ws-u8sld13bgqc878o",
            "module_version_id": "",
            "name": "ws1-2207",
            "operations": true,
            "provider_configuration": [],
            "run_operation_timeout": null,
            "tag_ids": null,
            "terraform_version": "1.2.6",
            "var_files": null,
            "vcs_provider_id": null,
            "vcs_repo": [],
            "working_directory": ""
          },
          "sensitive_attributes": [],
          "private": "eyJzY2hlbWFfdmVyc2lvbiI6IjQifQ=="
        },
        {
          "index_key": 2242,
          "schema_version": 4,
          "attributes": {
            "agent_pool_id": null,
            "auto_apply": false,
            "created_by": [
              {
                "email": "v.vlasenko@scalr.com",
                "full_name": "",
                "username": "v.vlasenko@scalr.com"
              }
            ],
            "environment_id": "env-u8s912p8ttvked8",
            "execution_mode": "remote",
            "has_resources": false,
            "hooks": [],
            "id": "ws-u8sle1o44hvk6b8",
            "module_version_id": "",
            "name": "ws1-2242",
            "operations": true,
            "provider_configuration": [],
            "run_operation_timeout": null,
            "tag_ids": null,
            "terraform_version": "1.2.6",
            "var_files": null,
            "vcs_provider_id": null,
            "vcs_repo": [],
            "working_directory": ""
          },
          "sensitive_attributes": [],
          "private": "eyJzY2hlbWFfdmVyc2lvbiI6IjQifQ=="
        },
        {
          "index_key": 2248,
          "schema_version": 4,
          "attributes": {
            "agent_pool_id": null,
            "auto_apply": false,
            "created_by": [
              {
                "email": "v.vlasenko@scalr.com",
                "full_name": "",
                "username": "v.vlasenko@scalr.com"
              }
            ],
            "environment_id": "env-u8s912p8ttvked8",
            "execution_mode": "remote",
            "has_resources": false,
            "hooks": [],
            "id": "ws-u8sldiacg8np0cg",
            "module_version_id": "",
            "name": "ws1-2248",
            "operations": true,
            "provider_configuration": [],
            "run_operation_timeout": null,
            "tag_ids": null,
            "terraform_version": "1.2.6",
            "var_files": null,
            "vcs_provider_id": null,
            "vcs_repo": [],
            "working_directory": ""
          },
          "sensitive_attributes": [],
          "private": "eyJzY2hlbWFfdmVyc2lvbiI6IjQifQ=="
        },
        {
          "index_key": 2265,
          "schema_version": 4,
          "attributes": {
            "agent_pool_id": null,
            "auto_apply": false,
            "created_by": [
              {
                "email": "v.vlasenko@scalr.com",
                "full_name": "",
                "username": "v.vlasenko@scalr.com"
              }
            ],
            "environment_id": "env-u8s912p8ttvked8",
            "execution_mode": "remote",
            "has_resources": false,
            "hooks": [],
            "id": "ws-u8sldtgctcm8ar8",
            "module_version_id": "",
            "name": "ws1-2265",
            "operations": true,
            "provider_configuration": [],
            "run_operation_timeout": null,
            "tag_ids": null,
            "terraform_version": "1.2.6",
            "var_files": null,
            "vcs_provider_id": null,
            "vcs_repo": [],
            "working_directory": ""
          },
          "sensitive_attributes": [],
          "private": "eyJzY2hlbWFfdmVyc2lvbiI6IjQifQ=="
        },
        {
          "index_key": 2266,
          "schema_version": 4,
          "attributes": {
            "agent_pool_id": null,
            "auto_apply": false,
            "created_by": [
              {
                "email": "v.vlasenko@scalr.com",
                "full_name": "",
                "username": "v.vlasenko@scalr.com"
              }
            ],
            "environment_id": "env-u8s912p8ttvked8",
            "execution_mode": "remote",
            "has_resources": false,
            "hooks": [],
            "id": "ws-u8slcqcdv48rk3o",
            "module_version_id": "",
            "name": "ws1-2266",
            "operations": true,
            "provider_configuration": [],
            "run_operation_timeout": null,
            "tag_ids": null,
            "terraform_version": "1.2.6",
            "var_files": null,
            "vcs_provider_id": null,
            "vcs_repo": [],
            "working_directory": ""
          },
          "sensitive_attributes": [],
          "private": "eyJzY2hlbWFfdmVyc2lvbiI6IjQifQ=="
        },
        {
          "index_key": 2268,
          "schema_version": 4,
          "attributes": {
            "agent_pool_id": null,
            "auto_apply": false,
            "created_by": [
              {
                "email": "v.vlasenko@scalr.com",
                "full_name": "",
                "username": "v.vlasenko@scalr.com"
              }
            ],
            "environment_id": "env-u8s912p8ttvked8",
            "execution_mode": "remote",
            "has_resources": false,
            "hooks": [],
            "id": "ws-u8sldvmtn1qjts8",
            "module_version_id": "",
            "name": "ws1-2268",
            "operations": true,
            "provider_configuration": [],
            "run_operation_timeout": null,
            "tag_ids": null,
            "terraform_version": "1.2.6",
            "var_files": null,
            "vcs_provider_id": null,
            "vcs_repo": [],
            "working_directory": ""
          },
          "sensitive_attributes": [],
          "private": "eyJzY2hlbWFfdmVyc2lvbiI6IjQifQ=="
        },
        {
          "index_key": 2287,
          "schema_version": 4,
          "attributes": {
            "agent_pool_id": null,
            "auto_apply": false,
            "created_by": [
              {
                "email": "v.vlasenko@scalr.com",
                "full_name": "",
                "username": "v.vlasenko@scalr.com"
              }
            ],
            "environment_id": "env-u8s912p8ttvked8",
            "execution_mode": "remote",
            "has_resources": false,
            "hooks": [],
            "id": "ws-u8slefvash8a9mg",
            "module_version_id": "",
            "name": "ws1-2287",
            "operations": true,
            "provider_configuration": [],
            "run_operation_timeout": null,
            "tag_ids": null,
            "terraform_version": "1.2.6",
            "var_files": null,
            "vcs_provider_id": null,
            "vcs_repo": [],
            "working_directory": ""
          },
          "sensitive_attributes": [],
          "private": "eyJzY2hlbWFfdmVyc2lvbiI6IjQifQ=="
        },
        {
          "index_key": 2299,
          "schema_version": 4,
          "attributes": {
            "agent_pool_id": null,
            "auto_apply": false,
            "created_by": [
              {
                "email": "v.vlasenko@scalr.com",
                "full_name": "",
                "username": "v.vlasenko@scalr.com"
              }
            ],
            "environment_id": "env-u8s912p8ttvked8",
            "execution_mode": "remote",
            "has_resources": false,
            "hooks": [],
            "id": "ws-u8sld8vlsovdnb8",
            "module_version_id": "",
            "name": "ws1-2299",
            "operations": true,
            "provider_configuration": [],
            "run_operation_timeout": null,
            "tag_ids": null,
            "terraform_version": "1.2.6",
            "var_files": null,
            "vcs_provider_id": null,
            "vcs_repo": [],
            "working_directory": ""
          },
          "sensitive_attributes": [],
          "private": "eyJzY2hlbWFfdmVyc2lvbiI6IjQifQ=="
        },
        {
          "index_key": 2311,
          "schema_version": 4,
          "attributes": {
            "agent_pool_id": null,
            "auto_apply": false,
            "created_by": [
              {
                "email": "v.vlasenko@scalr.com",
                "full_name": "",
                "username": "v.vlasenko@scalr.com"
              }
            ],
            "environment_id": "env-u8s912p8ttvked8",
            "execution_mode": "remote",
            "has_resources": false,
            "hooks": [],
            "id": "ws-u8sldjgjpest5cg",
            "module_version_id": "",
            "name": "ws1-2311",
            "operations": true,
            "provider_configuration": [],
            "run_operation_timeout": null,
            "tag_ids": null,
            "terraform_version": "1.2.6",
            "var_files": null,
            "vcs_provider_id": null,
            "vcs_repo": [],
            "working_directory": ""
          },
          "sensitive_attributes": [],
          "private": "eyJzY2hlbWFfdmVyc2lvbiI6IjQifQ=="
        },
        {
          "index_key": 2314,
          "schema_version": 4,
          "attributes": {
            "agent_pool_id": null,
            "auto_apply": false,
            "created_by": [
              {
                "email": "v.vlasenko@scalr.com",
                "full_name": "",
                "username": "v.vlasenko@scalr.com"
              }
            ],
            "environment_id": "env-u8s912p8ttvked8",
            "execution_mode": "remote",
            "has_resources": false,
            "hooks": [],
            "id": "ws-u8slcs5me9o4tjg",
            "module_version_id": "",
            "name": "ws1-2314",
            "operations": true,
            "provider_configuration": [],
            "run_operation_timeout": null,
            "tag_ids": null,
            "terraform_version": "1.2.6",
            "var_files": null,
            "vcs_provider_id": null,
            "vcs_repo": [],
            "working_directory": ""
          },
          "sensitive_attributes": [],
          "private": "eyJzY2hlbWFfdmVyc2lvbiI6IjQifQ=="
        },
        {
          "index_key": 2316,
          "schema_version": 4,
          "attributes": {
            "agent_pool_id": null,
            "auto_apply": false,
            "created_by": [
              {
                "email": "v.vlasenko@scalr.com",
                "full_name": "",
                "username": "v.vlasenko@scalr.com"
              }
            ],
            "environment_id": "env-u8s912p8ttvked8",
            "execution_mode": "remote",
            "has_resources": false,
            "hooks": [],
            "id": "ws-u8slekbenjbprhg",
            "module_version_id": "",
            "name": "ws1-2316",
            "operations": true,
            "provider_configuration": [],
            "run_operation_timeout": null,
            "tag_ids": null,
            "terraform_version": "1.2.6",
            "var_files": null,
            "vcs_provider_id": null,
            "vcs_repo": [],
            "working_directory": ""
          },
          "sensitive_attributes": [],
          "private": "eyJzY2hlbWFfdmVyc2lvbiI6IjQifQ=="
        },
        {
          "index_key": 2321,
          "schema_version": 4,
          "attributes": {
            "agent_pool_id": null,
            "auto_apply": false,
            "created_by": [
              {
                "email": "v.vlasenko@scalr.com",
                "full_name": "",
                "username": "v.vlasenko@scalr.com"
              }
            ],
            "environment_id": "env-u8s912p8ttvked8",
            "execution_mode": "remote",
            "has_resources": false,
            "hooks": [],
            "id": "ws-u8slcm4imro1u4o",
            "module_version_id": "",
            "name": "ws1-2321",
            "operations": true,
            "provider_configuration": [],
            "run_operation_timeout": null,
            "tag_ids": null,
            "terraform_version": "1.2.6",
            "var_files": null,
            "vcs_provider_id": null,
            "vcs_repo": [],
            "working_directory": ""
          },
          "sensitive_attributes": [],
          "private": "eyJzY2hlbWFfdmVyc2lvbiI6IjQifQ=="
        },
        {
          "index_key": 2322,
          "schema_version": 4,
          "attributes": {
            "agent_pool_id": null,
            "auto_apply": false,
            "created_by": [
              {
                "email": "v.vlasenko@scalr.com",
                "full_name": "",
                "username": "v.vlasenko@scalr.com"
              }
            ],
            "environment_id": "env-u8s912p8ttvked8",
            "execution_mode": "remote",
            "has_resources": false,
            "hooks": [],
            "id": "ws-u8sld8bfsf782a0",
            "module_version_id": "",
            "name": "ws1-2322",
            "operations": true,
            "provider_configuration": [],
            "run_operation_timeout": null,
            "tag_ids": null,
            "terraform_version": "1.2.6",
            "var_files": null,
            "vcs_provider_id": null,
            "vcs_repo": [],
            "working_directory": ""
          },
          "sensitive_attributes": [],
          "private": "eyJzY2hlbWFfdmVyc2lvbiI6IjQifQ=="
        },
        {
          "index_key": 2334,
          "schema_version": 4,
          "attributes": {
            "agent_pool_id": null,
            "auto_apply": false,
            "created_by": [
              {
                "email": "v.vlasenko@scalr.com",
                "full_name": "",
                "username": "v.vlasenko@scalr.com"
              }
            ],
            "environment_id": "env-u8s912p8ttvked8",
            "execution_mode": "remote",
            "has_resources": false,
            "hooks": [],
            "id": "ws-u8slcghb48i8780",
            "module_version_id": "",
            "name": "ws1-2334",
            "operations": true,
            "provider_configuration": [],
            "run_operation_timeout": null,
            "tag_ids": null,
            "terraform_version": "1.2.6",
            "var_files": null,
            "vcs_provider_id": null,
            "vcs_repo": [],
            "working_directory": ""
          },
          "sensitive_attributes": [],
          "private": "eyJzY2hlbWFfdmVyc2lvbiI6IjQifQ=="
        },
        {
          "index_key": 2347,
          "schema_version": 4,
          "attributes": {
            "agent_pool_id": null,
            "auto_apply": false,
            "created_by": [
              {
                "email": "v.vlasenko@scalr.com",
                "full_name": "",
                "username": "v.vlasenko@scalr.com"
              }
            ],
            "environment_id": "env-u8s912p8ttvked8",
            "execution_mode": "remote",
            "has_resources": false,
            "hooks": [],
            "id": "ws-u8sldq3jvkls7p0",
            "module_version_id": "",
            "name": "ws1-2347",
            "operations": true,
            "provider_configuration": [],
            "run_operation_timeout": null,
            "tag_ids": null,
            "terraform_version": "1.2.6",
            "var_files": null,
            "vcs_provider_id": null,
            "vcs_repo": [],
            "working_directory": ""
          },
          "sensitive_attributes": [],
          "private": "eyJzY2hlbWFfdmVyc2lvbiI6IjQifQ=="
        },
        {
          "index_key": 2355,
          "schema_version": 4,
          "attributes": {
            "agent_pool_id": null,
            "auto_apply": false,
            "created_by": [
              {
                "email": "v.vlasenko@scalr.com",
                "full_name": "",
                "username": "v.vlasenko@scalr.com"
              }
            ],
            "environment_id": "env-u8s912p8ttvked8",
            "execution_mode": "remote",
            "has_resources": false,
            "hooks": [],
            "id": "ws-u8slcqpcstajor8",
            "module_version_id": "",
            "name": "ws1-2355",
            "operations": true,
            "provider_configuration": [],
            "run_operation_timeout": null,
            "tag_ids": null,
            "terraform_version": "1.2.6",
            "var_files": null,
            "vcs_provider_id": null,
            "vcs_repo": [],
            "working_directory": ""
          },
          "sensitive_attributes": [],
          "private": "eyJzY2hlbWFfdmVyc2lvbiI6IjQifQ=="
        },
        {
          "index_key": 2365,
          "schema_version": 4,
          "attributes": {
            "agent_pool_id": null,
            "auto_apply": false,
            "created_by": [
              {
                "email": "v.vlasenko@scalr.com",
                "full_name": "",
                "username": "v.vlasenko@scalr.com"
              }
            ],
            "environment_id": "env-u8s912p8ttvked8",
            "execution_mode": "remote",
            "has_resources": false,
            "hooks": [],
            "id": "ws-u8sld49c0a73tu8",
            "module_version_id": "",
            "name": "ws1-2365",
            "operations": true,
            "provider_configuration": [],
            "run_operation_timeout": null,
            "tag_ids": null,
            "terraform_version": "1.2.6",
            "var_files": null,
            "vcs_provider_id": null,
            "vcs_repo": [],
            "working_directory": ""
          },
          "sensitive_attributes": [],
          "private": "eyJzY2hlbWFfdmVyc2lvbiI6IjQifQ=="
        },
        {
          "index_key": 2391,
          "schema_version": 4,
          "attributes": {
            "agent_pool_id": null,
            "auto_apply": false,
            "created_by": [
              {
                "email": "v.vlasenko@scalr.com",
                "full_name": "",
                "username": "v.vlasenko@scalr.com"
              }
            ],
            "environment_id": "env-u8s912p8ttvked8",
            "execution_mode": "remote",
            "has_resources": false,
            "hooks": [],
            "id": "ws-u8slcrrtqt9b278",
            "module_version_id": "",
            "name": "ws1-2391",
            "operations": true,
            "provider_configuration": [],
            "run_operation_timeout": null,
            "tag_ids": null,
            "terraform_version": "1.2.6",
            "var_files": null,
            "vcs_provider_id": null,
            "vcs_repo": [],
            "working_directory": ""
          },
          "sensitive_attributes": [],
          "private": "eyJzY2hlbWFfdmVyc2lvbiI6IjQifQ=="
        },
        {
          "index_key": 2416,
          "schema_version": 4,
          "attributes": {
            "agent_pool_id": null,
            "auto_apply": false,
            "created_by": [
              {
                "email": "v.vlasenko@scalr.com",
                "full_name": "",
                "username": "v.vlasenko@scalr.com"
              }
            ],
            "environment_id": "env-u8s912p8ttvked8",
            "execution_mode": "remote",
            "has_resources": false,
            "hooks": [],
            "id": "ws-u8sleecpqt48n9g",
            "module_version_id": "",
            "name": "ws1-2416",
            "operations": true,
            "provider_configuration": [],
            "run_operation_timeout": null,
            "tag_ids": null,
            "terraform_version": "1.2.6",
            "var_files": null,
            "vcs_provider_id": null,
            "vcs_repo": [],
            "working_directory": ""
          },
          "sensitive_attributes": [],
          "private": "eyJzY2hlbWFfdmVyc2lvbiI6IjQifQ=="
        },
        {
          "index_key": 2425,
          "schema_version": 4,
          "attributes": {
            "agent_pool_id": null,
            "auto_apply": false,
            "created_by": [
              {
                "email": "v.vlasenko@scalr.com",
                "full_name": "",
                "username": "v.vlasenko@scalr.com"
              }
            ],
            "environment_id": "env-u8s912p8ttvked8",
            "execution_mode": "remote",
            "has_resources": false,
            "hooks": [],
            "id": "ws-u8slcd28igd7nf0",
            "module_version_id": "",
            "name": "ws1-2425",
            "operations": true,
            "provider_configuration": [],
            "run_operation_timeout": null,
            "tag_ids": null,
            "terraform_version": "1.2.6",
            "var_files": null,
            "vcs_provider_id": null,
            "vcs_repo": [],
            "working_directory": ""
          },
          "sensitive_attributes": [],
          "private": "eyJzY2hlbWFfdmVyc2lvbiI6IjQifQ=="
        },
        {
          "index_key": 2454,
          "schema_version": 4,
          "attributes": {
            "agent_pool_id": null,
            "auto_apply": false,
            "created_by": [
              {
                "email": "v.vlasenko@scalr.com",
                "full_name": "",
                "username": "v.vlasenko@scalr.com"
              }
            ],
            "environment_id": "env-u8s912p8ttvked8",
            "execution_mode": "remote",
            "has_resources": false,
            "hooks": [],
            "id": "ws-u8slc9m4j6tl6h8",
            "module_version_id": "",
            "name": "ws1-2454",
            "operations": true,
            "provider_configuration": [],
            "run_operation_timeout": null,
            "tag_ids": null,
            "terraform_version": "1.2.6",
            "var_files": null,
            "vcs_provider_id": null,
            "vcs_repo": [],
            "working_directory": ""
          },
          "sensitive_attributes": [],
          "private": "eyJzY2hlbWFfdmVyc2lvbiI6IjQifQ=="
        },
        {
          "index_key": 2462,
          "schema_version": 4,
          "attributes": {
            "agent_pool_id": null,
            "auto_apply": false,
            "created_by": [
              {
                "email": "v.vlasenko@scalr.com",
                "full_name": "",
                "username": "v.vlasenko@scalr.com"
              }
            ],
            "environment_id": "env-u8s912p8ttvked8",
            "execution_mode": "remote",
            "has_resources": false,
            "hooks": [],
            "id": "ws-u8sldqukn3k52cg",
            "module_version_id": "",
            "name": "ws1-2462",
            "operations": true,
            "provider_configuration": [],
            "run_operation_timeout": null,
            "tag_ids": null,
            "terraform_version": "1.2.6",
            "var_files": null,
            "vcs_provider_id": null,
            "vcs_repo": [],
            "working_directory": ""
          },
          "sensitive_attributes": [],
          "private": "eyJzY2hlbWFfdmVyc2lvbiI6IjQifQ=="
        },
        {
          "index_key": 2463,
          "schema_version": 4,
          "attributes": {
            "agent_pool_id": null,
            "auto_apply": false,
            "created_by": [
              {
                "email": "v.vlasenko@scalr.com",
                "full_name": "",
                "username": "v.vlasenko@scalr.com"
              }
            ],
            "environment_id": "env-u8s912p8ttvked8",
            "execution_mode": "remote",
            "has_resources": false,
            "hooks": [],
            "id": "ws-u8sle3rvf01j3p0",
            "module_version_id": "",
            "name": "ws1-2463",
            "operations": true,
            "provider_configuration": [],
            "run_operation_timeout": null,
            "tag_ids": null,
            "terraform_version": "1.2.6",
            "var_files": null,
            "vcs_provider_id": null,
            "vcs_repo": [],
            "working_directory": ""
          },
          "sensitive_attributes": [],
          "private": "eyJzY2hlbWFfdmVyc2lvbiI6IjQifQ=="
        },
        {
          "index_key": 2467,
          "schema_version": 4,
          "attributes": {
            "agent_pool_id": null,
            "auto_apply": false,
            "created_by": [
              {
                "email": "v.vlasenko@scalr.com",
                "full_name": "",
                "username": "v.vlasenko@scalr.com"
              }
            ],
            "environment_id": "env-u8s912p8ttvked8",
            "execution_mode": "remote",
            "has_resources": false,
            "hooks": [],
            "id": "ws-u8sle2t3ujb1oeo",
            "module_version_id": "",
            "name": "ws1-2467",
            "operations": true,
            "provider_configuration": [],
            "run_operation_timeout": null,
            "tag_ids": null,
            "terraform_version": "1.2.6",
            "var_files": null,
            "vcs_provider_id": null,
            "vcs_repo": [],
            "working_directory": ""
          },
          "sensitive_attributes": [],
          "private": "eyJzY2hlbWFfdmVyc2lvbiI6IjQifQ=="
        },
        {
          "index_key": 2478,
          "schema_version": 4,
          "attributes": {
            "agent_pool_id": null,
            "auto_apply": false,
            "created_by": [
              {
                "email": "v.vlasenko@scalr.com",
                "full_name": "",
                "username": "v.vlasenko@scalr.com"
              }
            ],
            "environment_id": "env-u8s912p8ttvked8",
            "execution_mode": "remote",
            "has_resources": false,
            "hooks": [],
            "id": "ws-u8sleevinqbp11g",
            "module_version_id": "",
            "name": "ws1-2478",
            "operations": true,
            "provider_configuration": [],
            "run_operation_timeout": null,
            "tag_ids": null,
            "terraform_version": "1.2.6",
            "var_files": null,
            "vcs_provider_id": null,
            "vcs_repo": [],
            "working_directory": ""
          },
          "sensitive_attributes": [],
          "private": "eyJzY2hlbWFfdmVyc2lvbiI6IjQifQ=="
        },
        {
          "index_key": 2479,
          "schema_version": 4,
          "attributes": {
            "agent_pool_id": null,
            "auto_apply": false,
            "created_by": [
              {
                "email": "v.vlasenko@scalr.com",
                "full_name": "",
                "username": "v.vlasenko@scalr.com"
              }
            ],
            "environment_id": "env-u8s912p8ttvked8",
            "execution_mode": "remote",
            "has_resources": false,
            "hooks": [],
            "id": "ws-u8sldv88fh6lvp8",
            "module_version_id": "",
            "name": "ws1-2479",
            "operations": true,
            "provider_configuration": [],
            "run_operation_timeout": null,
            "tag_ids": null,
            "terraform_version": "1.2.6",
            "var_files": null,
            "vcs_provider_id": null,
            "vcs_repo": [],
            "working_directory": ""
          },
          "sensitive_attributes": [],
          "private": "eyJzY2hlbWFfdmVyc2lvbiI6IjQifQ=="
        },
        {
          "index_key": 2514,
          "schema_version": 4,
          "attributes": {
            "agent_pool_id": null,
            "auto_apply": false,
            "created_by": [
              {
                "email": "v.vlasenko@scalr.com",
                "full_name": "",
                "username": "v.vlasenko@scalr.com"
              }
            ],
            "environment_id": "env-u8s912p8ttvked8",
            "execution_mode": "remote",
            "has_resources": false,
            "hooks": [],
            "id": "ws-u8slde494aatv9o",
            "module_version_id": "",
            "name": "ws1-2514",
            "operations": true,
            "provider_configuration": [],
            "run_operation_timeout": null,
            "tag_ids": null,
            "terraform_version": "1.2.6",
            "var_files": null,
            "vcs_provider_id": null,
            "vcs_repo": [],
            "working_directory": ""
          },
          "sensitive_attributes": [],
          "private": "eyJzY2hlbWFfdmVyc2lvbiI6IjQifQ=="
        },
        {
          "index_key": 2559,
          "schema_version": 4,
          "attributes": {
            "agent_pool_id": null,
            "auto_apply": false,
            "created_by": [
              {
                "email": "v.vlasenko@scalr.com",
                "full_name": "",
                "username": "v.vlasenko@scalr.com"
              }
            ],
            "environment_id": "env-u8s912p8ttvked8",
            "execution_mode": "remote",
            "has_resources": false,
            "hooks": [],
            "id": "ws-u8sle4mb2lnei2o",
            "module_version_id": "",
            "name": "ws1-2559",
            "operations": true,
            "provider_configuration": [],
            "run_operation_timeout": null,
            "tag_ids": null,
            "terraform_version": "1.2.6",
            "var_files": null,
            "vcs_provider_id": null,
            "vcs_repo": [],
            "working_directory": ""
          },
          "sensitive_attributes": [],
          "private": "eyJzY2hlbWFfdmVyc2lvbiI6IjQifQ=="
        },
        {
          "index_key": 2577,
          "schema_version": 4,
          "attributes": {
            "agent_pool_id": null,
            "auto_apply": false,
            "created_by": [
              {
                "email": "v.vlasenko@scalr.com",
                "full_name": "",
                "username": "v.vlasenko@scalr.com"
              }
            ],
            "environment_id": "env-u8s912p8ttvked8",
            "execution_mode": "remote",
            "has_resources": false,
            "hooks": [],
            "id": "ws-u8slek0jjv3vs88",
            "module_version_id": "",
            "name": "ws1-2577",
            "operations": true,
            "provider_configuration": [],
            "run_operation_timeout": null,
            "tag_ids": null,
            "terraform_version": "1.2.6",
            "var_files": null,
            "vcs_provider_id": null,
            "vcs_repo": [],
            "working_directory": ""
          },
          "sensitive_attributes": [],
          "private": "eyJzY2hlbWFfdmVyc2lvbiI6IjQifQ=="
        },
        {
          "index_key": 2583,
          "schema_version": 4,
          "attributes": {
            "agent_pool_id": null,
            "auto_apply": false,
            "created_by": [
              {
                "email": "v.vlasenko@scalr.com",
                "full_name": "",
                "username": "v.vlasenko@scalr.com"
              }
            ],
            "environment_id": "env-u8s912p8ttvked8",
            "execution_mode": "remote",
            "has_resources": false,
            "hooks": [],
            "id": "ws-u8slds9crv97qdo",
            "module_version_id": "",
            "name": "ws1-2583",
            "operations": true,
            "provider_configuration": [],
            "run_operation_timeout": null,
            "tag_ids": null,
            "terraform_version": "1.2.6",
            "var_files": null,
            "vcs_provider_id": null,
            "vcs_repo": [],
            "working_directory": ""
          },
          "sensitive_attributes": [],
          "private": "eyJzY2hlbWFfdmVyc2lvbiI6IjQifQ=="
        },
        {
          "index_key": 2601,
          "schema_version": 4,
          "attributes": {
            "agent_pool_id": null,
            "auto_apply": false,
            "created_by": [
              {
                "email": "v.vlasenko@scalr.com",
                "full_name": "",
                "username": "v.vlasenko@scalr.com"
              }
            ],
            "environment_id": "env-u8s912p8ttvked8",
            "execution_mode": "remote",
            "has_resources": false,
            "hooks": [],
            "id": "ws-u8slddh86ru1ig0",
            "module_version_id": "",
            "name": "ws1-2601",
            "operations": true,
            "provider_configuration": [],
            "run_operation_timeout": null,
            "tag_ids": null,
            "terraform_version": "1.2.6",
            "var_files": null,
            "vcs_provider_id": null,
            "vcs_repo": [],
            "working_directory": ""
          },
          "sensitive_attributes": [],
          "private": "eyJzY2hlbWFfdmVyc2lvbiI6IjQifQ=="
        },
        {
          "index_key": 2605,
          "schema_version": 4,
          "attributes": {
            "agent_pool_id": null,
            "auto_apply": false,
            "created_by": [
              {
                "email": "v.vlasenko@scalr.com",
                "full_name": "",
                "username": "v.vlasenko@scalr.com"
              }
            ],
            "environment_id": "env-u8s912p8ttvked8",
            "execution_mode": "remote",
            "has_resources": false,
            "hooks": [],
            "id": "ws-u8sle2m0ojasmr8",
            "module_version_id": "",
            "name": "ws1-2605",
            "operations": true,
            "provider_configuration": [],
            "run_operation_timeout": null,
            "tag_ids": null,
            "terraform_version": "1.2.6",
            "var_files": null,
            "vcs_provider_id": null,
            "vcs_repo": [],
            "working_directory": ""
          },
          "sensitive_attributes": [],
          "private": "eyJzY2hlbWFfdmVyc2lvbiI6IjQifQ=="
        },
        {
          "index_key": 2607,
          "schema_version": 4,
          "attributes": {
            "agent_pool_id": null,
            "auto_apply": false,
            "created_by": [
              {
                "email": "v.vlasenko@scalr.com",
                "full_name": "",
                "username": "v.vlasenko@scalr.com"
              }
            ],
            "environment_id": "env-u8s912p8ttvked8",
            "execution_mode": "remote",
            "has_resources": false,
            "hooks": [],
            "id": "ws-u8sld2ajq8kuq50",
            "module_version_id": "",
            "name": "ws1-2607",
            "operations": true,
            "provider_configuration": [],
            "run_operation_timeout": null,
            "tag_ids": null,
            "terraform_version": "1.2.6",
            "var_files": null,
            "vcs_provider_id": null,
            "vcs_repo": [],
            "working_directory": ""
          },
          "sensitive_attributes": [],
          "private": "eyJzY2hlbWFfdmVyc2lvbiI6IjQifQ=="
        },
        {
          "index_key": 2611,
          "schema_version": 4,
          "attributes": {
            "agent_pool_id": null,
            "auto_apply": false,
            "created_by": [
              {
                "email": "v.vlasenko@scalr.com",
                "full_name": "",
                "username": "v.vlasenko@scalr.com"
              }
            ],
            "environment_id": "env-u8s912p8ttvked8",
            "execution_mode": "remote",
            "has_resources": false,
            "hooks": [],
            "id": "ws-u8sldbnuu6vr9n0",
            "module_version_id": "",
            "name": "ws1-2611",
            "operations": true,
            "provider_configuration": [],
            "run_operation_timeout": null,
            "tag_ids": null,
            "terraform_version": "1.2.6",
            "var_files": null,
            "vcs_provider_id": null,
            "vcs_repo": [],
            "working_directory": ""
          },
          "sensitive_attributes": [],
          "private": "eyJzY2hlbWFfdmVyc2lvbiI6IjQifQ=="
        },
        {
          "index_key": 2634,
          "schema_version": 4,
          "attributes": {
            "agent_pool_id": null,
            "auto_apply": false,
            "created_by": [
              {
                "email": "v.vlasenko@scalr.com",
                "full_name": "",
                "username": "v.vlasenko@scalr.com"
              }
            ],
            "environment_id": "env-u8s912p8ttvked8",
            "execution_mode": "remote",
            "has_resources": false,
            "hooks": [],
            "id": "ws-u8slen89gfhnbeg",
            "module_version_id": "",
            "name": "ws1-2634",
            "operations": true,
            "provider_configuration": [],
            "run_operation_timeout": null,
            "tag_ids": null,
            "terraform_version": "1.2.6",
            "var_files": null,
            "vcs_provider_id": null,
            "vcs_repo": [],
            "working_directory": ""
          },
          "sensitive_attributes": [],
          "private": "eyJzY2hlbWFfdmVyc2lvbiI6IjQifQ=="
        },
        {
          "index_key": 2640,
          "schema_version": 4,
          "attributes": {
            "agent_pool_id": null,
            "auto_apply": false,
            "created_by": [
              {
                "email": "v.vlasenko@scalr.com",
                "full_name": "",
                "username": "v.vlasenko@scalr.com"
              }
            ],
            "environment_id": "env-u8s912p8ttvked8",
            "execution_mode": "remote",
            "has_resources": false,
            "hooks": [],
            "id": "ws-u8sld0oldse4d70",
            "module_version_id": "",
            "name": "ws1-2640",
            "operations": true,
            "provider_configuration": [],
            "run_operation_timeout": null,
            "tag_ids": null,
            "terraform_version": "1.2.6",
            "var_files": null,
            "vcs_provider_id": null,
            "vcs_repo": [],
            "working_directory": ""
          },
          "sensitive_attributes": [],
          "private": "eyJzY2hlbWFfdmVyc2lvbiI6IjQifQ=="
        },
        {
          "index_key": 2642,
          "schema_version": 4,
          "attributes": {
            "agent_pool_id": null,
            "auto_apply": false,
            "created_by": [
              {
                "email": "v.vlasenko@scalr.com",
                "full_name": "",
                "username": "v.vlasenko@scalr.com"
              }
            ],
            "environment_id": "env-u8s912p8ttvked8",
            "execution_mode": "remote",
            "has_resources": false,
            "hooks": [],
            "id": "ws-u8sle6e2t44kfa0",
            "module_version_id": "",
            "name": "ws1-2642",
            "operations": true,
            "provider_configuration": [],
            "run_operation_timeout": null,
            "tag_ids": null,
            "terraform_version": "1.2.6",
            "var_files": null,
            "vcs_provider_id": null,
            "vcs_repo": [],
            "working_directory": ""
          },
          "sensitive_attributes": [],
          "private": "eyJzY2hlbWFfdmVyc2lvbiI6IjQifQ=="
        },
        {
          "index_key": 2646,
          "schema_version": 4,
          "attributes": {
            "agent_pool_id": null,
            "auto_apply": false,
            "created_by": [
              {
                "email": "v.vlasenko@scalr.com",
                "full_name": "",
                "username": "v.vlasenko@scalr.com"
              }
            ],
            "environment_id": "env-u8s912p8ttvked8",
            "execution_mode": "remote",
            "has_resources": false,
            "hooks": [],
            "id": "ws-u8slel2r69a1gko",
            "module_version_id": "",
            "name": "ws1-2646",
            "operations": true,
            "provider_configuration": [],
            "run_operation_timeout": null,
            "tag_ids": null,
            "terraform_version": "1.2.6",
            "var_files": null,
            "vcs_provider_id": null,
            "vcs_repo": [],
            "working_directory": ""
          },
          "sensitive_attributes": [],
          "private": "eyJzY2hlbWFfdmVyc2lvbiI6IjQifQ=="
        },
        {
          "index_key": 2668,
          "schema_version": 4,
          "attributes": {
            "agent_pool_id": null,
            "auto_apply": false,
            "created_by": [
              {
                "email": "v.vlasenko@scalr.com",
                "full_name": "",
                "username": "v.vlasenko@scalr.com"
              }
            ],
            "environment_id": "env-u8s912p8ttvked8",
            "execution_mode": "remote",
            "has_resources": false,
            "hooks": [],
            "id": "ws-u8slegdgre9figo",
            "module_version_id": "",
            "name": "ws1-2668",
            "operations": true,
            "provider_configuration": [],
            "run_operation_timeout": null,
            "tag_ids": null,
            "terraform_version": "1.2.6",
            "var_files": null,
            "vcs_provider_id": null,
            "vcs_repo": [],
            "working_directory": ""
          },
          "sensitive_attributes": [],
          "private": "eyJzY2hlbWFfdmVyc2lvbiI6IjQifQ=="
        },
        {
          "index_key": 2673,
          "schema_version": 4,
          "attributes": {
            "agent_pool_id": null,
            "auto_apply": false,
            "created_by": [
              {
                "email": "v.vlasenko@scalr.com",
                "full_name": "",
                "username": "v.vlasenko@scalr.com"
              }
            ],
            "environment_id": "env-u8s912p8ttvked8",
            "execution_mode": "remote",
            "has_resources": false,
            "hooks": [],
            "id": "ws-u8sldsd9ctotbdo",
            "module_version_id": "",
            "name": "ws1-2673",
            "operations": true,
            "provider_configuration": [],
            "run_operation_timeout": null,
            "tag_ids": null,
            "terraform_version": "1.2.6",
            "var_files": null,
            "vcs_provider_id": null,
            "vcs_repo": [],
            "working_directory": ""
          },
          "sensitive_attributes": [],
          "private": "eyJzY2hlbWFfdmVyc2lvbiI6IjQifQ=="
        },
        {
          "index_key": 2681,
          "schema_version": 4,
          "attributes": {
            "agent_pool_id": null,
            "auto_apply": false,
            "created_by": [
              {
                "email": "v.vlasenko@scalr.com",
                "full_name": "",
                "username": "v.vlasenko@scalr.com"
              }
            ],
            "environment_id": "env-u8s912p8ttvked8",
            "execution_mode": "remote",
            "has_resources": false,
            "hooks": [],
            "id": "ws-u8sldft1g3umhdo",
            "module_version_id": "",
            "name": "ws1-2681",
            "operations": true,
            "provider_configuration": [],
            "run_operation_timeout": null,
            "tag_ids": null,
            "terraform_version": "1.2.6",
            "var_files": null,
            "vcs_provider_id": null,
            "vcs_repo": [],
            "working_directory": ""
          },
          "sensitive_attributes": [],
          "private": "eyJzY2hlbWFfdmVyc2lvbiI6IjQifQ=="
        },
        {
          "index_key": 2683,
          "schema_version": 4,
          "attributes": {
            "agent_pool_id": null,
            "auto_apply": false,
            "created_by": [
              {
                "email": "v.vlasenko@scalr.com",
                "full_name": "",
                "username": "v.vlasenko@scalr.com"
              }
            ],
            "environment_id": "env-u8s912p8ttvked8",
            "execution_mode": "remote",
            "has_resources": false,
            "hooks": [],
            "id": "ws-u8slc9obm8uupso",
            "module_version_id": "",
            "name": "ws1-2683",
            "operations": true,
            "provider_configuration": [],
            "run_operation_timeout": null,
            "tag_ids": null,
            "terraform_version": "1.2.6",
            "var_files": null,
            "vcs_provider_id": null,
            "vcs_repo": [],
            "working_directory": ""
          },
          "sensitive_attributes": [],
          "private": "eyJzY2hlbWFfdmVyc2lvbiI6IjQifQ=="
        },
        {
          "index_key": 2687,
          "schema_version": 4,
          "attributes": {
            "agent_pool_id": null,
            "auto_apply": false,
            "created_by": [
              {
                "email": "v.vlasenko@scalr.com",
                "full_name": "",
                "username": "v.vlasenko@scalr.com"
              }
            ],
            "environment_id": "env-u8s912p8ttvked8",
            "execution_mode": "remote",
            "has_resources": false,
            "hooks": [],
            "id": "ws-u8sleas0c3ua4tg",
            "module_version_id": "",
            "name": "ws1-2687",
            "operations": true,
            "provider_configuration": [],
            "run_operation_timeout": null,
            "tag_ids": null,
            "terraform_version": "1.2.6",
            "var_files": null,
            "vcs_provider_id": null,
            "vcs_repo": [],
            "working_directory": ""
          },
          "sensitive_attributes": [],
          "private": "eyJzY2hlbWFfdmVyc2lvbiI6IjQifQ=="
        },
        {
          "index_key": 2706,
          "schema_version": 4,
          "attributes": {
            "agent_pool_id": null,
            "auto_apply": false,
            "created_by": [
              {
                "email": "v.vlasenko@scalr.com",
                "full_name": "",
                "username": "v.vlasenko@scalr.com"
              }
            ],
            "environment_id": "env-u8s912p8ttvked8",
            "execution_mode": "remote",
            "has_resources": false,
            "hooks": [],
            "id": "ws-u8sldpcahjvtomg",
            "module_version_id": "",
            "name": "ws1-2706",
            "operations": true,
            "provider_configuration": [],
            "run_operation_timeout": null,
            "tag_ids": null,
            "terraform_version": "1.2.6",
            "var_files": null,
            "vcs_provider_id": null,
            "vcs_repo": [],
            "working_directory": ""
          },
          "sensitive_attributes": [],
          "private": "eyJzY2hlbWFfdmVyc2lvbiI6IjQifQ=="
        },
        {
          "index_key": 2713,
          "schema_version": 4,
          "attributes": {
            "agent_pool_id": null,
            "auto_apply": false,
            "created_by": [
              {
                "email": "v.vlasenko@scalr.com",
                "full_name": "",
                "username": "v.vlasenko@scalr.com"
              }
            ],
            "environment_id": "env-u8s912p8ttvked8",
            "execution_mode": "remote",
            "has_resources": false,
            "hooks": [],
            "id": "ws-u8slda3inkgtado",
            "module_version_id": "",
            "name": "ws1-2713",
            "operations": true,
            "provider_configuration": [],
            "run_operation_timeout": null,
            "tag_ids": null,
            "terraform_version": "1.2.6",
            "var_files": null,
            "vcs_provider_id": null,
            "vcs_repo": [],
            "working_directory": ""
          },
          "sensitive_attributes": [],
          "private": "eyJzY2hlbWFfdmVyc2lvbiI6IjQifQ=="
        },
        {
          "index_key": 2726,
          "schema_version": 4,
          "attributes": {
            "agent_pool_id": null,
            "auto_apply": false,
            "created_by": [
              {
                "email": "v.vlasenko@scalr.com",
                "full_name": "",
                "username": "v.vlasenko@scalr.com"
              }
            ],
            "environment_id": "env-u8s912p8ttvked8",
            "execution_mode": "remote",
            "has_resources": false,
            "hooks": [],
            "id": "ws-u8sldinb5vfdcn0",
            "module_version_id": "",
            "name": "ws1-2726",
            "operations": true,
            "provider_configuration": [],
            "run_operation_timeout": null,
            "tag_ids": null,
            "terraform_version": "1.2.6",
            "var_files": null,
            "vcs_provider_id": null,
            "vcs_repo": [],
            "working_directory": ""
          },
          "sensitive_attributes": [],
          "private": "eyJzY2hlbWFfdmVyc2lvbiI6IjQifQ=="
        },
        {
          "index_key": 2738,
          "schema_version": 4,
          "attributes": {
            "agent_pool_id": null,
            "auto_apply": false,
            "created_by": [
              {
                "email": "v.vlasenko@scalr.com",
                "full_name": "",
                "username": "v.vlasenko@scalr.com"
              }
            ],
            "environment_id": "env-u8s912p8ttvked8",
            "execution_mode": "remote",
            "has_resources": false,
            "hooks": [],
            "id": "ws-u8sld53k545f3bo",
            "module_version_id": "",
            "name": "ws1-2738",
            "operations": true,
            "provider_configuration": [],
            "run_operation_timeout": null,
            "tag_ids": null,
            "terraform_version": "1.2.6",
            "var_files": null,
            "vcs_provider_id": null,
            "vcs_repo": [],
            "working_directory": ""
          },
          "sensitive_attributes": [],
          "private": "eyJzY2hlbWFfdmVyc2lvbiI6IjQifQ=="
        },
        {
          "index_key": 2746,
          "schema_version": 4,
          "attributes": {
            "agent_pool_id": null,
            "auto_apply": false,
            "created_by": [
              {
                "email": "v.vlasenko@scalr.com",
                "full_name": "",
                "username": "v.vlasenko@scalr.com"
              }
            ],
            "environment_id": "env-u8s912p8ttvked8",
            "execution_mode": "remote",
            "has_resources": false,
            "hooks": [],
            "id": "ws-u8sldjjsd2drmgo",
            "module_version_id": "",
            "name": "ws1-2746",
            "operations": true,
            "provider_configuration": [],
            "run_operation_timeout": null,
            "tag_ids": null,
            "terraform_version": "1.2.6",
            "var_files": null,
            "vcs_provider_id": null,
            "vcs_repo": [],
            "working_directory": ""
          },
          "sensitive_attributes": [],
          "private": "eyJzY2hlbWFfdmVyc2lvbiI6IjQifQ=="
        },
        {
          "index_key": 2748,
          "schema_version": 4,
          "attributes": {
            "agent_pool_id": null,
            "auto_apply": false,
            "created_by": [
              {
                "email": "v.vlasenko@scalr.com",
                "full_name": "",
                "username": "v.vlasenko@scalr.com"
              }
            ],
            "environment_id": "env-u8s912p8ttvked8",
            "execution_mode": "remote",
            "has_resources": false,
            "hooks": [],
            "id": "ws-u8sld7nsthme618",
            "module_version_id": "",
            "name": "ws1-2748",
            "operations": true,
            "provider_configuration": [],
            "run_operation_timeout": null,
            "tag_ids": null,
            "terraform_version": "1.2.6",
            "var_files": null,
            "vcs_provider_id": null,
            "vcs_repo": [],
            "working_directory": ""
          },
          "sensitive_attributes": [],
          "private": "eyJzY2hlbWFfdmVyc2lvbiI6IjQifQ=="
        },
        {
          "index_key": 2757,
          "schema_version": 4,
          "attributes": {
            "agent_pool_id": null,
            "auto_apply": false,
            "created_by": [
              {
                "email": "v.vlasenko@scalr.com",
                "full_name": "",
                "username": "v.vlasenko@scalr.com"
              }
            ],
            "environment_id": "env-u8s912p8ttvked8",
            "execution_mode": "remote",
            "has_resources": false,
            "hooks": [],
            "id": "ws-u8slcue5fod43gg",
            "module_version_id": "",
            "name": "ws1-2757",
            "operations": true,
            "provider_configuration": [],
            "run_operation_timeout": null,
            "tag_ids": null,
            "terraform_version": "1.2.6",
            "var_files": null,
            "vcs_provider_id": null,
            "vcs_repo": [],
            "working_directory": ""
          },
          "sensitive_attributes": [],
          "private": "eyJzY2hlbWFfdmVyc2lvbiI6IjQifQ=="
        },
        {
          "index_key": 2772,
          "schema_version": 4,
          "attributes": {
            "agent_pool_id": null,
            "auto_apply": false,
            "created_by": [
              {
                "email": "v.vlasenko@scalr.com",
                "full_name": "",
                "username": "v.vlasenko@scalr.com"
              }
            ],
            "environment_id": "env-u8s912p8ttvked8",
            "execution_mode": "remote",
            "has_resources": false,
            "hooks": [],
            "id": "ws-u8sldlkds7hcda8",
            "module_version_id": "",
            "name": "ws1-2772",
            "operations": true,
            "provider_configuration": [],
            "run_operation_timeout": null,
            "tag_ids": null,
            "terraform_version": "1.2.6",
            "var_files": null,
            "vcs_provider_id": null,
            "vcs_repo": [],
            "working_directory": ""
          },
          "sensitive_attributes": [],
          "private": "eyJzY2hlbWFfdmVyc2lvbiI6IjQifQ=="
        },
        {
          "index_key": 2773,
          "schema_version": 4,
          "attributes": {
            "agent_pool_id": null,
            "auto_apply": false,
            "created_by": [
              {
                "email": "v.vlasenko@scalr.com",
                "full_name": "",
                "username": "v.vlasenko@scalr.com"
              }
            ],
            "environment_id": "env-u8s912p8ttvked8",
            "execution_mode": "remote",
            "has_resources": false,
            "hooks": [],
            "id": "ws-u8slehnglo26ueg",
            "module_version_id": "",
            "name": "ws1-2773",
            "operations": true,
            "provider_configuration": [],
            "run_operation_timeout": null,
            "tag_ids": null,
            "terraform_version": "1.2.6",
            "var_files": null,
            "vcs_provider_id": null,
            "vcs_repo": [],
            "working_directory": ""
          },
          "sensitive_attributes": [],
          "private": "eyJzY2hlbWFfdmVyc2lvbiI6IjQifQ=="
        },
        {
          "index_key": 2791,
          "schema_version": 4,
          "attributes": {
            "agent_pool_id": null,
            "auto_apply": false,
            "created_by": [
              {
                "email": "v.vlasenko@scalr.com",
                "full_name": "",
                "username": "v.vlasenko@scalr.com"
              }
            ],
            "environment_id": "env-u8s912p8ttvked8",
            "execution_mode": "remote",
            "has_resources": false,
            "hooks": [],
            "id": "ws-u8slcefnr5eg518",
            "module_version_id": "",
            "name": "ws1-2791",
            "operations": true,
            "provider_configuration": [],
            "run_operation_timeout": null,
            "tag_ids": null,
            "terraform_version": "1.2.6",
            "var_files": null,
            "vcs_provider_id": null,
            "vcs_repo": [],
            "working_directory": ""
          },
          "sensitive_attributes": [],
          "private": "eyJzY2hlbWFfdmVyc2lvbiI6IjQifQ=="
        },
        {
          "index_key": 2793,
          "schema_version": 4,
          "attributes": {
            "agent_pool_id": null,
            "auto_apply": false,
            "created_by": [
              {
                "email": "v.vlasenko@scalr.com",
                "full_name": "",
                "username": "v.vlasenko@scalr.com"
              }
            ],
            "environment_id": "env-u8s912p8ttvked8",
            "execution_mode": "remote",
            "has_resources": false,
            "hooks": [],
            "id": "ws-u8sld69qfsfggt0",
            "module_version_id": "",
            "name": "ws1-2793",
            "operations": true,
            "provider_configuration": [],
            "run_operation_timeout": null,
            "tag_ids": null,
            "terraform_version": "1.2.6",
            "var_files": null,
            "vcs_provider_id": null,
            "vcs_repo": [],
            "working_directory": ""
          },
          "sensitive_attributes": [],
          "private": "eyJzY2hlbWFfdmVyc2lvbiI6IjQifQ=="
        },
        {
          "index_key": 2794,
          "schema_version": 4,
          "attributes": {
            "agent_pool_id": null,
            "auto_apply": false,
            "created_by": [
              {
                "email": "v.vlasenko@scalr.com",
                "full_name": "",
                "username": "v.vlasenko@scalr.com"
              }
            ],
            "environment_id": "env-u8s912p8ttvked8",
            "execution_mode": "remote",
            "has_resources": false,
            "hooks": [],
            "id": "ws-u8sld30ng0jv800",
            "module_version_id": "",
            "name": "ws1-2794",
            "operations": true,
            "provider_configuration": [],
            "run_operation_timeout": null,
            "tag_ids": null,
            "terraform_version": "1.2.6",
            "var_files": null,
            "vcs_provider_id": null,
            "vcs_repo": [],
            "working_directory": ""
          },
          "sensitive_attributes": [],
          "private": "eyJzY2hlbWFfdmVyc2lvbiI6IjQifQ=="
        },
        {
          "index_key": 2808,
          "schema_version": 4,
          "attributes": {
            "agent_pool_id": null,
            "auto_apply": false,
            "created_by": [
              {
                "email": "v.vlasenko@scalr.com",
                "full_name": "",
                "username": "v.vlasenko@scalr.com"
              }
            ],
            "environment_id": "env-u8s912p8ttvked8",
            "execution_mode": "remote",
            "has_resources": false,
            "hooks": [],
            "id": "ws-u8sleb9r0lo5he8",
            "module_version_id": "",
            "name": "ws1-2808",
            "operations": true,
            "provider_configuration": [],
            "run_operation_timeout": null,
            "tag_ids": null,
            "terraform_version": "1.2.6",
            "var_files": null,
            "vcs_provider_id": null,
            "vcs_repo": [],
            "working_directory": ""
          },
          "sensitive_attributes": [],
          "private": "eyJzY2hlbWFfdmVyc2lvbiI6IjQifQ=="
        },
        {
          "index_key": 2826,
          "schema_version": 4,
          "attributes": {
            "agent_pool_id": null,
            "auto_apply": false,
            "created_by": [
              {
                "email": "v.vlasenko@scalr.com",
                "full_name": "",
                "username": "v.vlasenko@scalr.com"
              }
            ],
            "environment_id": "env-u8s912p8ttvked8",
            "execution_mode": "remote",
            "has_resources": false,
            "hooks": [],
            "id": "ws-u8sldocqd36unjo",
            "module_version_id": "",
            "name": "ws1-2826",
            "operations": true,
            "provider_configuration": [],
            "run_operation_timeout": null,
            "tag_ids": null,
            "terraform_version": "1.2.6",
            "var_files": null,
            "vcs_provider_id": null,
            "vcs_repo": [],
            "working_directory": ""
          },
          "sensitive_attributes": [],
          "private": "eyJzY2hlbWFfdmVyc2lvbiI6IjQifQ=="
        },
        {
          "index_key": 2827,
          "schema_version": 4,
          "attributes": {
            "agent_pool_id": null,
            "auto_apply": false,
            "created_by": [
              {
                "email": "v.vlasenko@scalr.com",
                "full_name": "",
                "username": "v.vlasenko@scalr.com"
              }
            ],
            "environment_id": "env-u8s912p8ttvked8",
            "execution_mode": "remote",
            "has_resources": false,
            "hooks": [],
            "id": "ws-u8sle76c2hlrvt0",
            "module_version_id": "",
            "name": "ws1-2827",
            "operations": true,
            "provider_configuration": [],
            "run_operation_timeout": null,
            "tag_ids": null,
            "terraform_version": "1.2.6",
            "var_files": null,
            "vcs_provider_id": null,
            "vcs_repo": [],
            "working_directory": ""
          },
          "sensitive_attributes": [],
          "private": "eyJzY2hlbWFfdmVyc2lvbiI6IjQifQ=="
        },
        {
          "index_key": 2849,
          "schema_version": 4,
          "attributes": {
            "agent_pool_id": null,
            "auto_apply": false,
            "created_by": [
              {
                "email": "v.vlasenko@scalr.com",
                "full_name": "",
                "username": "v.vlasenko@scalr.com"
              }
            ],
            "environment_id": "env-u8s912p8ttvked8",
            "execution_mode": "remote",
            "has_resources": false,
            "hooks": [],
            "id": "ws-u8sld5lv6qifjig",
            "module_version_id": "",
            "name": "ws1-2849",
            "operations": true,
            "provider_configuration": [],
            "run_operation_timeout": null,
            "tag_ids": null,
            "terraform_version": "1.2.6",
            "var_files": null,
            "vcs_provider_id": null,
            "vcs_repo": [],
            "working_directory": ""
          },
          "sensitive_attributes": [],
          "private": "eyJzY2hlbWFfdmVyc2lvbiI6IjQifQ=="
        },
        {
          "index_key": 2850,
          "schema_version": 4,
          "attributes": {
            "agent_pool_id": null,
            "auto_apply": false,
            "created_by": [
              {
                "email": "v.vlasenko@scalr.com",
                "full_name": "",
                "username": "v.vlasenko@scalr.com"
              }
            ],
            "environment_id": "env-u8s912p8ttvked8",
            "execution_mode": "remote",
            "has_resources": false,
            "hooks": [],
            "id": "ws-u8sldk5r2fj21m0",
            "module_version_id": "",
            "name": "ws1-2850",
            "operations": true,
            "provider_configuration": [],
            "run_operation_timeout": null,
            "tag_ids": null,
            "terraform_version": "1.2.6",
            "var_files": null,
            "vcs_provider_id": null,
            "vcs_repo": [],
            "working_directory": ""
          },
          "sensitive_attributes": [],
          "private": "eyJzY2hlbWFfdmVyc2lvbiI6IjQifQ=="
        },
        {
          "index_key": 2866,
          "schema_version": 4,
          "attributes": {
            "agent_pool_id": null,
            "auto_apply": false,
            "created_by": [
              {
                "email": "v.vlasenko@scalr.com",
                "full_name": "",
                "username": "v.vlasenko@scalr.com"
              }
            ],
            "environment_id": "env-u8s912p8ttvked8",
            "execution_mode": "remote",
            "has_resources": false,
            "hooks": [],
            "id": "ws-u8slehj46vripdg",
            "module_version_id": "",
            "name": "ws1-2866",
            "operations": true,
            "provider_configuration": [],
            "run_operation_timeout": null,
            "tag_ids": null,
            "terraform_version": "1.2.6",
            "var_files": null,
            "vcs_provider_id": null,
            "vcs_repo": [],
            "working_directory": ""
          },
          "sensitive_attributes": [],
          "private": "eyJzY2hlbWFfdmVyc2lvbiI6IjQifQ=="
        },
        {
          "index_key": 2868,
          "schema_version": 4,
          "attributes": {
            "agent_pool_id": null,
            "auto_apply": false,
            "created_by": [
              {
                "email": "v.vlasenko@scalr.com",
                "full_name": "",
                "username": "v.vlasenko@scalr.com"
              }
            ],
            "environment_id": "env-u8s912p8ttvked8",
            "execution_mode": "remote",
            "has_resources": false,
            "hooks": [],
            "id": "ws-u8sld3e47ilh8o0",
            "module_version_id": "",
            "name": "ws1-2868",
            "operations": true,
            "provider_configuration": [],
            "run_operation_timeout": null,
            "tag_ids": null,
            "terraform_version": "1.2.6",
            "var_files": null,
            "vcs_provider_id": null,
            "vcs_repo": [],
            "working_directory": ""
          },
          "sensitive_attributes": [],
          "private": "eyJzY2hlbWFfdmVyc2lvbiI6IjQifQ=="
        },
        {
          "index_key": 2870,
          "schema_version": 4,
          "attributes": {
            "agent_pool_id": null,
            "auto_apply": false,
            "created_by": [
              {
                "email": "v.vlasenko@scalr.com",
                "full_name": "",
                "username": "v.vlasenko@scalr.com"
              }
            ],
            "environment_id": "env-u8s912p8ttvked8",
            "execution_mode": "remote",
            "has_resources": false,
            "hooks": [],
            "id": "ws-u8slcvaonpha2g8",
            "module_version_id": "",
            "name": "ws1-2870",
            "operations": true,
            "provider_configuration": [],
            "run_operation_timeout": null,
            "tag_ids": null,
            "terraform_version": "1.2.6",
            "var_files": null,
            "vcs_provider_id": null,
            "vcs_repo": [],
            "working_directory": ""
          },
          "sensitive_attributes": [],
          "private": "eyJzY2hlbWFfdmVyc2lvbiI6IjQifQ=="
        },
        {
          "index_key": 2875,
          "schema_version": 4,
          "attributes": {
            "agent_pool_id": null,
            "auto_apply": false,
            "created_by": [
              {
                "email": "v.vlasenko@scalr.com",
                "full_name": "",
                "username": "v.vlasenko@scalr.com"
              }
            ],
            "environment_id": "env-u8s912p8ttvked8",
            "execution_mode": "remote",
            "has_resources": false,
            "hooks": [],
            "id": "ws-u8slee1hep5c8sg",
            "module_version_id": "",
            "name": "ws1-2875",
            "operations": true,
            "provider_configuration": [],
            "run_operation_timeout": null,
            "tag_ids": null,
            "terraform_version": "1.2.6",
            "var_files": null,
            "vcs_provider_id": null,
            "vcs_repo": [],
            "working_directory": ""
          },
          "sensitive_attributes": [],
          "private": "eyJzY2hlbWFfdmVyc2lvbiI6IjQifQ=="
        },
        {
          "index_key": 2892,
          "schema_version": 4,
          "attributes": {
            "agent_pool_id": null,
            "auto_apply": false,
            "created_by": [
              {
                "email": "v.vlasenko@scalr.com",
                "full_name": "",
                "username": "v.vlasenko@scalr.com"
              }
            ],
            "environment_id": "env-u8s912p8ttvked8",
            "execution_mode": "remote",
            "has_resources": false,
            "hooks": [],
            "id": "ws-u8slebopmp4v7sg",
            "module_version_id": "",
            "name": "ws1-2892",
            "operations": true,
            "provider_configuration": [],
            "run_operation_timeout": null,
            "tag_ids": null,
            "terraform_version": "1.2.6",
            "var_files": null,
            "vcs_provider_id": null,
            "vcs_repo": [],
            "working_directory": ""
          },
          "sensitive_attributes": [],
          "private": "eyJzY2hlbWFfdmVyc2lvbiI6IjQifQ=="
        },
        {
          "index_key": 2895,
          "schema_version": 4,
          "attributes": {
            "agent_pool_id": null,
            "auto_apply": false,
            "created_by": [
              {
                "email": "v.vlasenko@scalr.com",
                "full_name": "",
                "username": "v.vlasenko@scalr.com"
              }
            ],
            "environment_id": "env-u8s912p8ttvked8",
            "execution_mode": "remote",
            "has_resources": false,
            "hooks": [],
            "id": "ws-u8slee5k94jck50",
            "module_version_id": "",
            "name": "ws1-2895",
            "operations": true,
            "provider_configuration": [],
            "run_operation_timeout": null,
            "tag_ids": null,
            "terraform_version": "1.2.6",
            "var_files": null,
            "vcs_provider_id": null,
            "vcs_repo": [],
            "working_directory": ""
          },
          "sensitive_attributes": [],
          "private": "eyJzY2hlbWFfdmVyc2lvbiI6IjQifQ=="
        },
        {
          "index_key": 2908,
          "schema_version": 4,
          "attributes": {
            "agent_pool_id": null,
            "auto_apply": false,
            "created_by": [
              {
                "email": "v.vlasenko@scalr.com",
                "full_name": "",
                "username": "v.vlasenko@scalr.com"
              }
            ],
            "environment_id": "env-u8s912p8ttvked8",
            "execution_mode": "remote",
            "has_resources": false,
            "hooks": [],
            "id": "ws-u8slecrmn812e70",
            "module_version_id": "",
            "name": "ws1-2908",
            "operations": true,
            "provider_configuration": [],
            "run_operation_timeout": null,
            "tag_ids": null,
            "terraform_version": "1.2.6",
            "var_files": null,
            "vcs_provider_id": null,
            "vcs_repo": [],
            "working_directory": ""
          },
          "sensitive_attributes": [],
          "private": "eyJzY2hlbWFfdmVyc2lvbiI6IjQifQ=="
        },
        {
          "index_key": 2915,
          "schema_version": 4,
          "attributes": {
            "agent_pool_id": null,
            "auto_apply": false,
            "created_by": [
              {
                "email": "v.vlasenko@scalr.com",
                "full_name": "",
                "username": "v.vlasenko@scalr.com"
              }
            ],
            "environment_id": "env-u8s912p8ttvked8",
            "execution_mode": "remote",
            "has_resources": false,
            "hooks": [],
            "id": "ws-u8slcpp7fqsdfh0",
            "module_version_id": "",
            "name": "ws1-2915",
            "operations": true,
            "provider_configuration": [],
            "run_operation_timeout": null,
            "tag_ids": null,
            "terraform_version": "1.2.6",
            "var_files": null,
            "vcs_provider_id": null,
            "vcs_repo": [],
            "working_directory": ""
          },
          "sensitive_attributes": [],
          "private": "eyJzY2hlbWFfdmVyc2lvbiI6IjQifQ=="
        },
        {
          "index_key": 2934,
          "schema_version": 4,
          "attributes": {
            "agent_pool_id": null,
            "auto_apply": false,
            "created_by": [
              {
                "email": "v.vlasenko@scalr.com",
                "full_name": "",
                "username": "v.vlasenko@scalr.com"
              }
            ],
            "environment_id": "env-u8s912p8ttvked8",
            "execution_mode": "remote",
            "has_resources": false,
            "hooks": [],
            "id": "ws-u8slec31rg8to8g",
            "module_version_id": "",
            "name": "ws1-2934",
            "operations": true,
            "provider_configuration": [],
            "run_operation_timeout": null,
            "tag_ids": null,
            "terraform_version": "1.2.6",
            "var_files": null,
            "vcs_provider_id": null,
            "vcs_repo": [],
            "working_directory": ""
          },
          "sensitive_attributes": [],
          "private": "eyJzY2hlbWFfdmVyc2lvbiI6IjQifQ=="
        },
        {
          "index_key": 2954,
          "schema_version": 4,
          "attributes": {
            "agent_pool_id": null,
            "auto_apply": false,
            "created_by": [
              {
                "email": "v.vlasenko@scalr.com",
                "full_name": "",
                "username": "v.vlasenko@scalr.com"
              }
            ],
            "environment_id": "env-u8s912p8ttvked8",
            "execution_mode": "remote",
            "has_resources": false,
            "hooks": [],
            "id": "ws-u8slckvi9p01hj8",
            "module_version_id": "",
            "name": "ws1-2954",
            "operations": true,
            "provider_configuration": [],
            "run_operation_timeout": null,
            "tag_ids": null,
            "terraform_version": "1.2.6",
            "var_files": null,
            "vcs_provider_id": null,
            "vcs_repo": [],
            "working_directory": ""
          },
          "sensitive_attributes": [],
          "private": "eyJzY2hlbWFfdmVyc2lvbiI6IjQifQ=="
        },
        {
          "index_key": 2973,
          "schema_version": 4,
          "attributes": {
            "agent_pool_id": null,
            "auto_apply": false,
            "created_by": [
              {
                "email": "v.vlasenko@scalr.com",
                "full_name": "",
                "username": "v.vlasenko@scalr.com"
              }
            ],
            "environment_id": "env-u8s912p8ttvked8",
            "execution_mode": "remote",
            "has_resources": false,
            "hooks": [],
            "id": "ws-u8sldn6tjr8tpoo",
            "module_version_id": "",
            "name": "ws1-2973",
            "operations": true,
            "provider_configuration": [],
            "run_operation_timeout": null,
            "tag_ids": null,
            "terraform_version": "1.2.6",
            "var_files": null,
            "vcs_provider_id": null,
            "vcs_repo": [],
            "working_directory": ""
          },
          "sensitive_attributes": [],
          "private": "eyJzY2hlbWFfdmVyc2lvbiI6IjQifQ=="
        },
        {
          "index_key": 2974,
          "schema_version": 4,
          "attributes": {
            "agent_pool_id": null,
            "auto_apply": false,
            "created_by": [
              {
                "email": "v.vlasenko@scalr.com",
                "full_name": "",
                "username": "v.vlasenko@scalr.com"
              }
            ],
            "environment_id": "env-u8s912p8ttvked8",
            "execution_mode": "remote",
            "has_resources": false,
            "hooks": [],
            "id": "ws-u8slcgdhtpcb64g",
            "module_version_id": "",
            "name": "ws1-2974",
            "operations": true,
            "provider_configuration": [],
            "run_operation_timeout": null,
            "tag_ids": null,
            "terraform_version": "1.2.6",
            "var_files": null,
            "vcs_provider_id": null,
            "vcs_repo": [],
            "working_directory": ""
          },
          "sensitive_attributes": [],
          "private": "eyJzY2hlbWFfdmVyc2lvbiI6IjQifQ=="
        },
        {
          "index_key": 3007,
          "schema_version": 4,
          "attributes": {
            "agent_pool_id": null,
            "auto_apply": false,
            "created_by": [
              {
                "email": "v.vlasenko@scalr.com",
                "full_name": "",
                "username": "v.vlasenko@scalr.com"
              }
            ],
            "environment_id": "env-u8s912p8ttvked8",
            "execution_mode": "remote",
            "has_resources": false,
            "hooks": [],
            "id": "ws-u8sld4m9feftnc0",
            "module_version_id": "",
            "name": "ws1-3007",
            "operations": true,
            "provider_configuration": [],
            "run_operation_timeout": null,
            "tag_ids": null,
            "terraform_version": "1.2.6",
            "var_files": null,
            "vcs_provider_id": null,
            "vcs_repo": [],
            "working_directory": ""
          },
          "sensitive_attributes": [],
          "private": "eyJzY2hlbWFfdmVyc2lvbiI6IjQifQ=="
        },
        {
          "index_key": 3013,
          "schema_version": 4,
          "attributes": {
            "agent_pool_id": null,
            "auto_apply": false,
            "created_by": [
              {
                "email": "v.vlasenko@scalr.com",
                "full_name": "",
                "username": "v.vlasenko@scalr.com"
              }
            ],
            "environment_id": "env-u8s912p8ttvked8",
            "execution_mode": "remote",
            "has_resources": false,
            "hooks": [],
            "id": "ws-u8slcpvgnchtft0",
            "module_version_id": "",
            "name": "ws1-3013",
            "operations": true,
            "provider_configuration": [],
            "run_operation_timeout": null,
            "tag_ids": null,
            "terraform_version": "1.2.6",
            "var_files": null,
            "vcs_provider_id": null,
            "vcs_repo": [],
            "working_directory": ""
          },
          "sensitive_attributes": [],
          "private": "eyJzY2hlbWFfdmVyc2lvbiI6IjQifQ=="
        },
        {
          "index_key": 3017,
          "schema_version": 4,
          "attributes": {
            "agent_pool_id": null,
            "auto_apply": false,
            "created_by": [
              {
                "email": "v.vlasenko@scalr.com",
                "full_name": "",
                "username": "v.vlasenko@scalr.com"
              }
            ],
            "environment_id": "env-u8s912p8ttvked8",
            "execution_mode": "remote",
            "has_resources": false,
            "hooks": [],
            "id": "ws-u8sld7snfggk0m0",
            "module_version_id": "",
            "name": "ws1-3017",
            "operations": true,
            "provider_configuration": [],
            "run_operation_timeout": null,
            "tag_ids": null,
            "terraform_version": "1.2.6",
            "var_files": null,
            "vcs_provider_id": null,
            "vcs_repo": [],
            "working_directory": ""
          },
          "sensitive_attributes": [],
          "private": "eyJzY2hlbWFfdmVyc2lvbiI6IjQifQ=="
        },
        {
          "index_key": 3026,
          "schema_version": 4,
          "attributes": {
            "agent_pool_id": null,
            "auto_apply": false,
            "created_by": [
              {
                "email": "v.vlasenko@scalr.com",
                "full_name": "",
                "username": "v.vlasenko@scalr.com"
              }
            ],
            "environment_id": "env-u8s912p8ttvked8",
            "execution_mode": "remote",
            "has_resources": false,
            "hooks": [],
            "id": "ws-u8sldl01ftk0p10",
            "module_version_id": "",
            "name": "ws1-3026",
            "operations": true,
            "provider_configuration": [],
            "run_operation_timeout": null,
            "tag_ids": null,
            "terraform_version": "1.2.6",
            "var_files": null,
            "vcs_provider_id": null,
            "vcs_repo": [],
            "working_directory": ""
          },
          "sensitive_attributes": [],
          "private": "eyJzY2hlbWFfdmVyc2lvbiI6IjQifQ=="
        },
        {
          "index_key": 3029,
          "schema_version": 4,
          "attributes": {
            "agent_pool_id": null,
            "auto_apply": false,
            "created_by": [
              {
                "email": "v.vlasenko@scalr.com",
                "full_name": "",
                "username": "v.vlasenko@scalr.com"
              }
            ],
            "environment_id": "env-u8s912p8ttvked8",
            "execution_mode": "remote",
            "has_resources": false,
            "hooks": [],
            "id": "ws-u8slck9frm4vf8o",
            "module_version_id": "",
            "name": "ws1-3029",
            "operations": true,
            "provider_configuration": [],
            "run_operation_timeout": null,
            "tag_ids": null,
            "terraform_version": "1.2.6",
            "var_files": null,
            "vcs_provider_id": null,
            "vcs_repo": [],
            "working_directory": ""
          },
          "sensitive_attributes": [],
          "private": "eyJzY2hlbWFfdmVyc2lvbiI6IjQifQ=="
        },
        {
          "index_key": 3066,
          "schema_version": 4,
          "attributes": {
            "agent_pool_id": null,
            "auto_apply": false,
            "created_by": [
              {
                "email": "v.vlasenko@scalr.com",
                "full_name": "",
                "username": "v.vlasenko@scalr.com"
              }
            ],
            "environment_id": "env-u8s912p8ttvked8",
            "execution_mode": "remote",
            "has_resources": false,
            "hooks": [],
            "id": "ws-u8sldui5rh8nbbg",
            "module_version_id": "",
            "name": "ws1-3066",
            "operations": true,
            "provider_configuration": [],
            "run_operation_timeout": null,
            "tag_ids": null,
            "terraform_version": "1.2.6",
            "var_files": null,
            "vcs_provider_id": null,
            "vcs_repo": [],
            "working_directory": ""
          },
          "sensitive_attributes": [],
          "private": "eyJzY2hlbWFfdmVyc2lvbiI6IjQifQ=="
        },
        {
          "index_key": 3073,
          "schema_version": 4,
          "attributes": {
            "agent_pool_id": null,
            "auto_apply": false,
            "created_by": [
              {
                "email": "v.vlasenko@scalr.com",
                "full_name": "",
                "username": "v.vlasenko@scalr.com"
              }
            ],
            "environment_id": "env-u8s912p8ttvked8",
            "execution_mode": "remote",
            "has_resources": false,
            "hooks": [],
            "id": "ws-u8sldhd801f5cuo",
            "module_version_id": "",
            "name": "ws1-3073",
            "operations": true,
            "provider_configuration": [],
            "run_operation_timeout": null,
            "tag_ids": null,
            "terraform_version": "1.2.6",
            "var_files": null,
            "vcs_provider_id": null,
            "vcs_repo": [],
            "working_directory": ""
          },
          "sensitive_attributes": [],
          "private": "eyJzY2hlbWFfdmVyc2lvbiI6IjQifQ=="
        },
        {
          "index_key": 3093,
          "schema_version": 4,
          "attributes": {
            "agent_pool_id": null,
            "auto_apply": false,
            "created_by": [
              {
                "email": "v.vlasenko@scalr.com",
                "full_name": "",
                "username": "v.vlasenko@scalr.com"
              }
            ],
            "environment_id": "env-u8s912p8ttvked8",
            "execution_mode": "remote",
            "has_resources": false,
            "hooks": [],
            "id": "ws-u8slco760djpajo",
            "module_version_id": "",
            "name": "ws1-3093",
            "operations": true,
            "provider_configuration": [],
            "run_operation_timeout": null,
            "tag_ids": null,
            "terraform_version": "1.2.6",
            "var_files": null,
            "vcs_provider_id": null,
            "vcs_repo": [],
            "working_directory": ""
          },
          "sensitive_attributes": [],
          "private": "eyJzY2hlbWFfdmVyc2lvbiI6IjQifQ=="
        },
        {
          "index_key": 3122,
          "schema_version": 4,
          "attributes": {
            "agent_pool_id": null,
            "auto_apply": false,
            "created_by": [
              {
                "email": "v.vlasenko@scalr.com",
                "full_name": "",
                "username": "v.vlasenko@scalr.com"
              }
            ],
            "environment_id": "env-u8s912p8ttvked8",
            "execution_mode": "remote",
            "has_resources": false,
            "hooks": [],
            "id": "ws-u8sldftr5feput8",
            "module_version_id": "",
            "name": "ws1-3122",
            "operations": true,
            "provider_configuration": [],
            "run_operation_timeout": null,
            "tag_ids": null,
            "terraform_version": "1.2.6",
            "var_files": null,
            "vcs_provider_id": null,
            "vcs_repo": [],
            "working_directory": ""
          },
          "sensitive_attributes": [],
          "private": "eyJzY2hlbWFfdmVyc2lvbiI6IjQifQ=="
        },
        {
          "index_key": 3131,
          "schema_version": 4,
          "attributes": {
            "agent_pool_id": null,
            "auto_apply": false,
            "created_by": [
              {
                "email": "v.vlasenko@scalr.com",
                "full_name": "",
                "username": "v.vlasenko@scalr.com"
              }
            ],
            "environment_id": "env-u8s912p8ttvked8",
            "execution_mode": "remote",
            "has_resources": false,
            "hooks": [],
            "id": "ws-u8slcnuin9j54ho",
            "module_version_id": "",
            "name": "ws1-3131",
            "operations": true,
            "provider_configuration": [],
            "run_operation_timeout": null,
            "tag_ids": null,
            "terraform_version": "1.2.6",
            "var_files": null,
            "vcs_provider_id": null,
            "vcs_repo": [],
            "working_directory": ""
          },
          "sensitive_attributes": [],
          "private": "eyJzY2hlbWFfdmVyc2lvbiI6IjQifQ=="
        },
        {
          "index_key": 3135,
          "schema_version": 4,
          "attributes": {
            "agent_pool_id": null,
            "auto_apply": false,
            "created_by": [
              {
                "email": "v.vlasenko@scalr.com",
                "full_name": "",
                "username": "v.vlasenko@scalr.com"
              }
            ],
            "environment_id": "env-u8s912p8ttvked8",
            "execution_mode": "remote",
            "has_resources": false,
            "hooks": [],
            "id": "ws-u8slcm26gmd9bbg",
            "module_version_id": "",
            "name": "ws1-3135",
            "operations": true,
            "provider_configuration": [],
            "run_operation_timeout": null,
            "tag_ids": null,
            "terraform_version": "1.2.6",
            "var_files": null,
            "vcs_provider_id": null,
            "vcs_repo": [],
            "working_directory": ""
          },
          "sensitive_attributes": [],
          "private": "eyJzY2hlbWFfdmVyc2lvbiI6IjQifQ=="
        },
        {
          "index_key": 3146,
          "schema_version": 4,
          "attributes": {
            "agent_pool_id": null,
            "auto_apply": false,
            "created_by": [
              {
                "email": "v.vlasenko@scalr.com",
                "full_name": "",
                "username": "v.vlasenko@scalr.com"
              }
            ],
            "environment_id": "env-u8s912p8ttvked8",
            "execution_mode": "remote",
            "has_resources": false,
            "hooks": [],
            "id": "ws-u8slee31hf2c5kg",
            "module_version_id": "",
            "name": "ws1-3146",
            "operations": true,
            "provider_configuration": [],
            "run_operation_timeout": null,
            "tag_ids": null,
            "terraform_version": "1.2.6",
            "var_files": null,
            "vcs_provider_id": null,
            "vcs_repo": [],
            "working_directory": ""
          },
          "sensitive_attributes": [],
          "private": "eyJzY2hlbWFfdmVyc2lvbiI6IjQifQ=="
        },
        {
          "index_key": 3163,
          "schema_version": 4,
          "attributes": {
            "agent_pool_id": null,
            "auto_apply": false,
            "created_by": [
              {
                "email": "v.vlasenko@scalr.com",
                "full_name": "",
                "username": "v.vlasenko@scalr.com"
              }
            ],
            "environment_id": "env-u8s912p8ttvked8",
            "execution_mode": "remote",
            "has_resources": false,
            "hooks": [],
            "id": "ws-u8sle3igjd1hpuo",
            "module_version_id": "",
            "name": "ws1-3163",
            "operations": true,
            "provider_configuration": [],
            "run_operation_timeout": null,
            "tag_ids": null,
            "terraform_version": "1.2.6",
            "var_files": null,
            "vcs_provider_id": null,
            "vcs_repo": [],
            "working_directory": ""
          },
          "sensitive_attributes": [],
          "private": "eyJzY2hlbWFfdmVyc2lvbiI6IjQifQ=="
        },
        {
          "index_key": 3172,
          "schema_version": 4,
          "attributes": {
            "agent_pool_id": null,
            "auto_apply": false,
            "created_by": [
              {
                "email": "v.vlasenko@scalr.com",
                "full_name": "",
                "username": "v.vlasenko@scalr.com"
              }
            ],
            "environment_id": "env-u8s912p8ttvked8",
            "execution_mode": "remote",
            "has_resources": false,
            "hooks": [],
            "id": "ws-u8slenpn3mqqsr0",
            "module_version_id": "",
            "name": "ws1-3172",
            "operations": true,
            "provider_configuration": [],
            "run_operation_timeout": null,
            "tag_ids": null,
            "terraform_version": "1.2.6",
            "var_files": null,
            "vcs_provider_id": null,
            "vcs_repo": [],
            "working_directory": ""
          },
          "sensitive_attributes": [],
          "private": "eyJzY2hlbWFfdmVyc2lvbiI6IjQifQ=="
        },
        {
          "index_key": 3173,
          "schema_version": 4,
          "attributes": {
            "agent_pool_id": null,
            "auto_apply": false,
            "created_by": [
              {
                "email": "v.vlasenko@scalr.com",
                "full_name": "",
                "username": "v.vlasenko@scalr.com"
              }
            ],
            "environment_id": "env-u8s912p8ttvked8",
            "execution_mode": "remote",
            "has_resources": false,
            "hooks": [],
            "id": "ws-u8sle0vg19riu7g",
            "module_version_id": "",
            "name": "ws1-3173",
            "operations": true,
            "provider_configuration": [],
            "run_operation_timeout": null,
            "tag_ids": null,
            "terraform_version": "1.2.6",
            "var_files": null,
            "vcs_provider_id": null,
            "vcs_repo": [],
            "working_directory": ""
          },
          "sensitive_attributes": [],
          "private": "eyJzY2hlbWFfdmVyc2lvbiI6IjQifQ=="
        },
        {
          "index_key": 3195,
          "schema_version": 4,
          "attributes": {
            "agent_pool_id": null,
            "auto_apply": false,
            "created_by": [
              {
                "email": "v.vlasenko@scalr.com",
                "full_name": "",
                "username": "v.vlasenko@scalr.com"
              }
            ],
            "environment_id": "env-u8s912p8ttvked8",
            "execution_mode": "remote",
            "has_resources": false,
            "hooks": [],
            "id": "ws-u8sle1mdoljfu30",
            "module_version_id": "",
            "name": "ws1-3195",
            "operations": true,
            "provider_configuration": [],
            "run_operation_timeout": null,
            "tag_ids": null,
            "terraform_version": "1.2.6",
            "var_files": null,
            "vcs_provider_id": null,
            "vcs_repo": [],
            "working_directory": ""
          },
          "sensitive_attributes": [],
          "private": "eyJzY2hlbWFfdmVyc2lvbiI6IjQifQ=="
        },
        {
          "index_key": 3200,
          "schema_version": 4,
          "attributes": {
            "agent_pool_id": null,
            "auto_apply": false,
            "created_by": [
              {
                "email": "v.vlasenko@scalr.com",
                "full_name": "",
                "username": "v.vlasenko@scalr.com"
              }
            ],
            "environment_id": "env-u8s912p8ttvked8",
            "execution_mode": "remote",
            "has_resources": false,
            "hooks": [],
            "id": "ws-u8sld3m0kq6fd08",
            "module_version_id": "",
            "name": "ws1-3200",
            "operations": true,
            "provider_configuration": [],
            "run_operation_timeout": null,
            "tag_ids": null,
            "terraform_version": "1.2.6",
            "var_files": null,
            "vcs_provider_id": null,
            "vcs_repo": [],
            "working_directory": ""
          },
          "sensitive_attributes": [],
          "private": "eyJzY2hlbWFfdmVyc2lvbiI6IjQifQ=="
        },
        {
          "index_key": 3213,
          "schema_version": 4,
          "attributes": {
            "agent_pool_id": null,
            "auto_apply": false,
            "created_by": [
              {
                "email": "v.vlasenko@scalr.com",
                "full_name": "",
                "username": "v.vlasenko@scalr.com"
              }
            ],
            "environment_id": "env-u8s912p8ttvked8",
            "execution_mode": "remote",
            "has_resources": false,
            "hooks": [],
            "id": "ws-u8sldhdct5i7pv8",
            "module_version_id": "",
            "name": "ws1-3213",
            "operations": true,
            "provider_configuration": [],
            "run_operation_timeout": null,
            "tag_ids": null,
            "terraform_version": "1.2.6",
            "var_files": null,
            "vcs_provider_id": null,
            "vcs_repo": [],
            "working_directory": ""
          },
          "sensitive_attributes": [],
          "private": "eyJzY2hlbWFfdmVyc2lvbiI6IjQifQ=="
        },
        {
          "index_key": 3220,
          "schema_version": 4,
          "attributes": {
            "agent_pool_id": null,
            "auto_apply": false,
            "created_by": [
              {
                "email": "v.vlasenko@scalr.com",
                "full_name": "",
                "username": "v.vlasenko@scalr.com"
              }
            ],
            "environment_id": "env-u8s912p8ttvked8",
            "execution_mode": "remote",
            "has_resources": false,
            "hooks": [],
            "id": "ws-u8slcpkibghu6po",
            "module_version_id": "",
            "name": "ws1-3220",
            "operations": true,
            "provider_configuration": [],
            "run_operation_timeout": null,
            "tag_ids": null,
            "terraform_version": "1.2.6",
            "var_files": null,
            "vcs_provider_id": null,
            "vcs_repo": [],
            "working_directory": ""
          },
          "sensitive_attributes": [],
          "private": "eyJzY2hlbWFfdmVyc2lvbiI6IjQifQ=="
        },
        {
          "index_key": 3242,
          "schema_version": 4,
          "attributes": {
            "agent_pool_id": null,
            "auto_apply": false,
            "created_by": [
              {
                "email": "v.vlasenko@scalr.com",
                "full_name": "",
                "username": "v.vlasenko@scalr.com"
              }
            ],
            "environment_id": "env-u8s912p8ttvked8",
            "execution_mode": "remote",
            "has_resources": false,
            "hooks": [],
            "id": "ws-u8sldk01j82o8sg",
            "module_version_id": "",
            "name": "ws1-3242",
            "operations": true,
            "provider_configuration": [],
            "run_operation_timeout": null,
            "tag_ids": null,
            "terraform_version": "1.2.6",
            "var_files": null,
            "vcs_provider_id": null,
            "vcs_repo": [],
            "working_directory": ""
          },
          "sensitive_attributes": [],
          "private": "eyJzY2hlbWFfdmVyc2lvbiI6IjQifQ=="
        },
        {
          "index_key": 3257,
          "schema_version": 4,
          "attributes": {
            "agent_pool_id": null,
            "auto_apply": false,
            "created_by": [
              {
                "email": "v.vlasenko@scalr.com",
                "full_name": "",
                "username": "v.vlasenko@scalr.com"
              }
            ],
            "environment_id": "env-u8s912p8ttvked8",
            "execution_mode": "remote",
            "has_resources": false,
            "hooks": [],
            "id": "ws-u8slep1vi9f334o",
            "module_version_id": "",
            "name": "ws1-3257",
            "operations": true,
            "provider_configuration": [],
            "run_operation_timeout": null,
            "tag_ids": null,
            "terraform_version": "1.2.6",
            "var_files": null,
            "vcs_provider_id": null,
            "vcs_repo": [],
            "working_directory": ""
          },
          "sensitive_attributes": [],
          "private": "eyJzY2hlbWFfdmVyc2lvbiI6IjQifQ=="
        },
        {
          "index_key": 3267,
          "schema_version": 4,
          "attributes": {
            "agent_pool_id": null,
            "auto_apply": false,
            "created_by": [
              {
                "email": "v.vlasenko@scalr.com",
                "full_name": "",
                "username": "v.vlasenko@scalr.com"
              }
            ],
            "environment_id": "env-u8s912p8ttvked8",
            "execution_mode": "remote",
            "has_resources": false,
            "hooks": [],
            "id": "ws-u8sldcbsi6vhehg",
            "module_version_id": "",
            "name": "ws1-3267",
            "operations": true,
            "provider_configuration": [],
            "run_operation_timeout": null,
            "tag_ids": null,
            "terraform_version": "1.2.6",
            "var_files": null,
            "vcs_provider_id": null,
            "vcs_repo": [],
            "working_directory": ""
          },
          "sensitive_attributes": [],
          "private": "eyJzY2hlbWFfdmVyc2lvbiI6IjQifQ=="
        },
        {
          "index_key": 3275,
          "schema_version": 4,
          "attributes": {
            "agent_pool_id": null,
            "auto_apply": false,
            "created_by": [
              {
                "email": "v.vlasenko@scalr.com",
                "full_name": "",
                "username": "v.vlasenko@scalr.com"
              }
            ],
            "environment_id": "env-u8s912p8ttvked8",
            "execution_mode": "remote",
            "has_resources": false,
            "hooks": [],
            "id": "ws-u8sldf62bc9fr00",
            "module_version_id": "",
            "name": "ws1-3275",
            "operations": true,
            "provider_configuration": [],
            "run_operation_timeout": null,
            "tag_ids": null,
            "terraform_version": "1.2.6",
            "var_files": null,
            "vcs_provider_id": null,
            "vcs_repo": [],
            "working_directory": ""
          },
          "sensitive_attributes": [],
          "private": "eyJzY2hlbWFfdmVyc2lvbiI6IjQifQ=="
        },
        {
          "index_key": 3291,
          "schema_version": 4,
          "attributes": {
            "agent_pool_id": null,
            "auto_apply": false,
            "created_by": [
              {
                "email": "v.vlasenko@scalr.com",
                "full_name": "",
                "username": "v.vlasenko@scalr.com"
              }
            ],
            "environment_id": "env-u8s912p8ttvked8",
            "execution_mode": "remote",
            "has_resources": false,
            "hooks": [],
            "id": "ws-u8slcjrbget1ioo",
            "module_version_id": "",
            "name": "ws1-3291",
            "operations": true,
            "provider_configuration": [],
            "run_operation_timeout": null,
            "tag_ids": null,
            "terraform_version": "1.2.6",
            "var_files": null,
            "vcs_provider_id": null,
            "vcs_repo": [],
            "working_directory": ""
          },
          "sensitive_attributes": [],
          "private": "eyJzY2hlbWFfdmVyc2lvbiI6IjQifQ=="
        },
        {
          "index_key": 3304,
          "schema_version": 4,
          "attributes": {
            "agent_pool_id": null,
            "auto_apply": false,
            "created_by": [
              {
                "email": "v.vlasenko@scalr.com",
                "full_name": "",
                "username": "v.vlasenko@scalr.com"
              }
            ],
            "environment_id": "env-u8s912p8ttvked8",
            "execution_mode": "remote",
            "has_resources": false,
            "hooks": [],
            "id": "ws-u8slekgh9b7kl60",
            "module_version_id": "",
            "name": "ws1-3304",
            "operations": true,
            "provider_configuration": [],
            "run_operation_timeout": null,
            "tag_ids": null,
            "terraform_version": "1.2.6",
            "var_files": null,
            "vcs_provider_id": null,
            "vcs_repo": [],
            "working_directory": ""
          },
          "sensitive_attributes": [],
          "private": "eyJzY2hlbWFfdmVyc2lvbiI6IjQifQ=="
        },
        {
          "index_key": 3331,
          "schema_version": 4,
          "attributes": {
            "agent_pool_id": null,
            "auto_apply": false,
            "created_by": [
              {
                "email": "v.vlasenko@scalr.com",
                "full_name": "",
                "username": "v.vlasenko@scalr.com"
              }
            ],
            "environment_id": "env-u8s912p8ttvked8",
            "execution_mode": "remote",
            "has_resources": false,
            "hooks": [],
            "id": "ws-u8sle2e0porp0bo",
            "module_version_id": "",
            "name": "ws1-3331",
            "operations": true,
            "provider_configuration": [],
            "run_operation_timeout": null,
            "tag_ids": null,
            "terraform_version": "1.2.6",
            "var_files": null,
            "vcs_provider_id": null,
            "vcs_repo": [],
            "working_directory": ""
          },
          "sensitive_attributes": [],
          "private": "eyJzY2hlbWFfdmVyc2lvbiI6IjQifQ=="
        },
        {
          "index_key": 3334,
          "schema_version": 4,
          "attributes": {
            "agent_pool_id": null,
            "auto_apply": false,
            "created_by": [
              {
                "email": "v.vlasenko@scalr.com",
                "full_name": "",
                "username": "v.vlasenko@scalr.com"
              }
            ],
            "environment_id": "env-u8s912p8ttvked8",
            "execution_mode": "remote",
            "has_resources": false,
            "hooks": [],
            "id": "ws-u8sld16pv554ueo",
            "module_version_id": "",
            "name": "ws1-3334",
            "operations": true,
            "provider_configuration": [],
            "run_operation_timeout": null,
            "tag_ids": null,
            "terraform_version": "1.2.6",
            "var_files": null,
            "vcs_provider_id": null,
            "vcs_repo": [],
            "working_directory": ""
          },
          "sensitive_attributes": [],
          "private": "eyJzY2hlbWFfdmVyc2lvbiI6IjQifQ=="
        },
        {
          "index_key": 3337,
          "schema_version": 4,
          "attributes": {
            "agent_pool_id": null,
            "auto_apply": false,
            "created_by": [
              {
                "email": "v.vlasenko@scalr.com",
                "full_name": "",
                "username": "v.vlasenko@scalr.com"
              }
            ],
            "environment_id": "env-u8s912p8ttvked8",
            "execution_mode": "remote",
            "has_resources": false,
            "hooks": [],
            "id": "ws-u8sle3e62vgq8a0",
            "module_version_id": "",
            "name": "ws1-3337",
            "operations": true,
            "provider_configuration": [],
            "run_operation_timeout": null,
            "tag_ids": null,
            "terraform_version": "1.2.6",
            "var_files": null,
            "vcs_provider_id": null,
            "vcs_repo": [],
            "working_directory": ""
          },
          "sensitive_attributes": [],
          "private": "eyJzY2hlbWFfdmVyc2lvbiI6IjQifQ=="
        },
        {
          "index_key": 3339,
          "schema_version": 4,
          "attributes": {
            "agent_pool_id": null,
            "auto_apply": false,
            "created_by": [
              {
                "email": "v.vlasenko@scalr.com",
                "full_name": "",
                "username": "v.vlasenko@scalr.com"
              }
            ],
            "environment_id": "env-u8s912p8ttvked8",
            "execution_mode": "remote",
            "has_resources": false,
            "hooks": [],
            "id": "ws-u8sld5sp9a02en8",
            "module_version_id": "",
            "name": "ws1-3339",
            "operations": true,
            "provider_configuration": [],
            "run_operation_timeout": null,
            "tag_ids": null,
            "terraform_version": "1.2.6",
            "var_files": null,
            "vcs_provider_id": null,
            "vcs_repo": [],
            "working_directory": ""
          },
          "sensitive_attributes": [],
          "private": "eyJzY2hlbWFfdmVyc2lvbiI6IjQifQ=="
        },
        {
          "index_key": 3370,
          "schema_version": 4,
          "attributes": {
            "agent_pool_id": null,
            "auto_apply": false,
            "created_by": [
              {
                "email": "v.vlasenko@scalr.com",
                "full_name": "",
                "username": "v.vlasenko@scalr.com"
              }
            ],
            "environment_id": "env-u8s912p8ttvked8",
            "execution_mode": "remote",
            "has_resources": false,
            "hooks": [],
            "id": "ws-u8slcgn27diaf6o",
            "module_version_id": "",
            "name": "ws1-3370",
            "operations": true,
            "provider_configuration": [],
            "run_operation_timeout": null,
            "tag_ids": null,
            "terraform_version": "1.2.6",
            "var_files": null,
            "vcs_provider_id": null,
            "vcs_repo": [],
            "working_directory": ""
          },
          "sensitive_attributes": [],
          "private": "eyJzY2hlbWFfdmVyc2lvbiI6IjQifQ=="
        },
        {
          "index_key": 3379,
          "schema_version": 4,
          "attributes": {
            "agent_pool_id": null,
            "auto_apply": false,
            "created_by": [
              {
                "email": "v.vlasenko@scalr.com",
                "full_name": "",
                "username": "v.vlasenko@scalr.com"
              }
            ],
            "environment_id": "env-u8s912p8ttvked8",
            "execution_mode": "remote",
            "has_resources": false,
            "hooks": [],
            "id": "ws-u8slct29h2vegig",
            "module_version_id": "",
            "name": "ws1-3379",
            "operations": true,
            "provider_configuration": [],
            "run_operation_timeout": null,
            "tag_ids": null,
            "terraform_version": "1.2.6",
            "var_files": null,
            "vcs_provider_id": null,
            "vcs_repo": [],
            "working_directory": ""
          },
          "sensitive_attributes": [],
          "private": "eyJzY2hlbWFfdmVyc2lvbiI6IjQifQ=="
        },
        {
          "index_key": 3430,
          "schema_version": 4,
          "attributes": {
            "agent_pool_id": null,
            "auto_apply": false,
            "created_by": [
              {
                "email": "v.vlasenko@scalr.com",
                "full_name": "",
                "username": "v.vlasenko@scalr.com"
              }
            ],
            "environment_id": "env-u8s912p8ttvked8",
            "execution_mode": "remote",
            "has_resources": false,
            "hooks": [],
            "id": "ws-u8sldh72ku1vgi0",
            "module_version_id": "",
            "name": "ws1-3430",
            "operations": true,
            "provider_configuration": [],
            "run_operation_timeout": null,
            "tag_ids": null,
            "terraform_version": "1.2.6",
            "var_files": null,
            "vcs_provider_id": null,
            "vcs_repo": [],
            "working_directory": ""
          },
          "sensitive_attributes": [],
          "private": "eyJzY2hlbWFfdmVyc2lvbiI6IjQifQ=="
        },
        {
          "index_key": 3437,
          "schema_version": 4,
          "attributes": {
            "agent_pool_id": null,
            "auto_apply": false,
            "created_by": [
              {
                "email": "v.vlasenko@scalr.com",
                "full_name": "",
                "username": "v.vlasenko@scalr.com"
              }
            ],
            "environment_id": "env-u8s912p8ttvked8",
            "execution_mode": "remote",
            "has_resources": false,
            "hooks": [],
            "id": "ws-u8sldh56oc60npg",
            "module_version_id": "",
            "name": "ws1-3437",
            "operations": true,
            "provider_configuration": [],
            "run_operation_timeout": null,
            "tag_ids": null,
            "terraform_version": "1.2.6",
            "var_files": null,
            "vcs_provider_id": null,
            "vcs_repo": [],
            "working_directory": ""
          },
          "sensitive_attributes": [],
          "private": "eyJzY2hlbWFfdmVyc2lvbiI6IjQifQ=="
        },
        {
          "index_key": 3497,
          "schema_version": 4,
          "attributes": {
            "agent_pool_id": null,
            "auto_apply": false,
            "created_by": [
              {
                "email": "v.vlasenko@scalr.com",
                "full_name": "",
                "username": "v.vlasenko@scalr.com"
              }
            ],
            "environment_id": "env-u8s912p8ttvked8",
            "execution_mode": "remote",
            "has_resources": false,
            "hooks": [],
            "id": "ws-u8slei1rd5cnofg",
            "module_version_id": "",
            "name": "ws1-3497",
            "operations": true,
            "provider_configuration": [],
            "run_operation_timeout": null,
            "tag_ids": null,
            "terraform_version": "1.2.6",
            "var_files": null,
            "vcs_provider_id": null,
            "vcs_repo": [],
            "working_directory": ""
          },
          "sensitive_attributes": [],
          "private": "eyJzY2hlbWFfdmVyc2lvbiI6IjQifQ=="
        },
        {
          "index_key": 3506,
          "schema_version": 4,
          "attributes": {
            "agent_pool_id": null,
            "auto_apply": false,
            "created_by": [
              {
                "email": "v.vlasenko@scalr.com",
                "full_name": "",
                "username": "v.vlasenko@scalr.com"
              }
            ],
            "environment_id": "env-u8s912p8ttvked8",
            "execution_mode": "remote",
            "has_resources": false,
            "hooks": [],
            "id": "ws-u8slcuq92dij3lg",
            "module_version_id": "",
            "name": "ws1-3506",
            "operations": true,
            "provider_configuration": [],
            "run_operation_timeout": null,
            "tag_ids": null,
            "terraform_version": "1.2.6",
            "var_files": null,
            "vcs_provider_id": null,
            "vcs_repo": [],
            "working_directory": ""
          },
          "sensitive_attributes": [],
          "private": "eyJzY2hlbWFfdmVyc2lvbiI6IjQifQ=="
        },
        {
          "index_key": 3511,
          "schema_version": 4,
          "attributes": {
            "agent_pool_id": null,
            "auto_apply": false,
            "created_by": [
              {
                "email": "v.vlasenko@scalr.com",
                "full_name": "",
                "username": "v.vlasenko@scalr.com"
              }
            ],
            "environment_id": "env-u8s912p8ttvked8",
            "execution_mode": "remote",
            "has_resources": false,
            "hooks": [],
            "id": "ws-u8slcbkdlemuggg",
            "module_version_id": "",
            "name": "ws1-3511",
            "operations": true,
            "provider_configuration": [],
            "run_operation_timeout": null,
            "tag_ids": null,
            "terraform_version": "1.2.6",
            "var_files": null,
            "vcs_provider_id": null,
            "vcs_repo": [],
            "working_directory": ""
          },
          "sensitive_attributes": [],
          "private": "eyJzY2hlbWFfdmVyc2lvbiI6IjQifQ=="
        },
        {
          "index_key": 3524,
          "schema_version": 4,
          "attributes": {
            "agent_pool_id": null,
            "auto_apply": false,
            "created_by": [
              {
                "email": "v.vlasenko@scalr.com",
                "full_name": "",
                "username": "v.vlasenko@scalr.com"
              }
            ],
            "environment_id": "env-u8s912p8ttvked8",
            "execution_mode": "remote",
            "has_resources": false,
            "hooks": [],
            "id": "ws-u8slcre7m4kj9lo",
            "module_version_id": "",
            "name": "ws1-3524",
            "operations": true,
            "provider_configuration": [],
            "run_operation_timeout": null,
            "tag_ids": null,
            "terraform_version": "1.2.6",
            "var_files": null,
            "vcs_provider_id": null,
            "vcs_repo": [],
            "working_directory": ""
          },
          "sensitive_attributes": [],
          "private": "eyJzY2hlbWFfdmVyc2lvbiI6IjQifQ=="
        },
        {
          "index_key": 3532,
          "schema_version": 4,
          "attributes": {
            "agent_pool_id": null,
            "auto_apply": false,
            "created_by": [
              {
                "email": "v.vlasenko@scalr.com",
                "full_name": "",
                "username": "v.vlasenko@scalr.com"
              }
            ],
            "environment_id": "env-u8s912p8ttvked8",
            "execution_mode": "remote",
            "has_resources": false,
            "hooks": [],
            "id": "ws-u8sld0vaaogphcg",
            "module_version_id": "",
            "name": "ws1-3532",
            "operations": true,
            "provider_configuration": [],
            "run_operation_timeout": null,
            "tag_ids": null,
            "terraform_version": "1.2.6",
            "var_files": null,
            "vcs_provider_id": null,
            "vcs_repo": [],
            "working_directory": ""
          },
          "sensitive_attributes": [],
          "private": "eyJzY2hlbWFfdmVyc2lvbiI6IjQifQ=="
        },
        {
          "index_key": 3548,
          "schema_version": 4,
          "attributes": {
            "agent_pool_id": null,
            "auto_apply": false,
            "created_by": [
              {
                "email": "v.vlasenko@scalr.com",
                "full_name": "",
                "username": "v.vlasenko@scalr.com"
              }
            ],
            "environment_id": "env-u8s912p8ttvked8",
            "execution_mode": "remote",
            "has_resources": false,
            "hooks": [],
            "id": "ws-u8sldtth26k48eo",
            "module_version_id": "",
            "name": "ws1-3548",
            "operations": true,
            "provider_configuration": [],
            "run_operation_timeout": null,
            "tag_ids": null,
            "terraform_version": "1.2.6",
            "var_files": null,
            "vcs_provider_id": null,
            "vcs_repo": [],
            "working_directory": ""
          },
          "sensitive_attributes": [],
          "private": "eyJzY2hlbWFfdmVyc2lvbiI6IjQifQ=="
        },
        {
          "index_key": 3577,
          "schema_version": 4,
          "attributes": {
            "agent_pool_id": null,
            "auto_apply": false,
            "created_by": [
              {
                "email": "v.vlasenko@scalr.com",
                "full_name": "",
                "username": "v.vlasenko@scalr.com"
              }
            ],
            "environment_id": "env-u8s912p8ttvked8",
            "execution_mode": "remote",
            "has_resources": false,
            "hooks": [],
            "id": "ws-u8sle7kn2gjm3jg",
            "module_version_id": "",
            "name": "ws1-3577",
            "operations": true,
            "provider_configuration": [],
            "run_operation_timeout": null,
            "tag_ids": null,
            "terraform_version": "1.2.6",
            "var_files": null,
            "vcs_provider_id": null,
            "vcs_repo": [],
            "working_directory": ""
          },
          "sensitive_attributes": [],
          "private": "eyJzY2hlbWFfdmVyc2lvbiI6IjQifQ=="
        },
        {
          "index_key": 3589,
          "schema_version": 4,
          "attributes": {
            "agent_pool_id": null,
            "auto_apply": false,
            "created_by": [
              {
                "email": "v.vlasenko@scalr.com",
                "full_name": "",
                "username": "v.vlasenko@scalr.com"
              }
            ],
            "environment_id": "env-u8s912p8ttvked8",
            "execution_mode": "remote",
            "has_resources": false,
            "hooks": [],
            "id": "ws-u8sleelnd0b473o",
            "module_version_id": "",
            "name": "ws1-3589",
            "operations": true,
            "provider_configuration": [],
            "run_operation_timeout": null,
            "tag_ids": null,
            "terraform_version": "1.2.6",
            "var_files": null,
            "vcs_provider_id": null,
            "vcs_repo": [],
            "working_directory": ""
          },
          "sensitive_attributes": [],
          "private": "eyJzY2hlbWFfdmVyc2lvbiI6IjQifQ=="
        },
        {
          "index_key": 3590,
          "schema_version": 4,
          "attributes": {
            "agent_pool_id": null,
            "auto_apply": false,
            "created_by": [
              {
                "email": "v.vlasenko@scalr.com",
                "full_name": "",
                "username": "v.vlasenko@scalr.com"
              }
            ],
            "environment_id": "env-u8s912p8ttvked8",
            "execution_mode": "remote",
            "has_resources": false,
            "hooks": [],
            "id": "ws-u8sld412ivcsj10",
            "module_version_id": "",
            "name": "ws1-3590",
            "operations": true,
            "provider_configuration": [],
            "run_operation_timeout": null,
            "tag_ids": null,
            "terraform_version": "1.2.6",
            "var_files": null,
            "vcs_provider_id": null,
            "vcs_repo": [],
            "working_directory": ""
          },
          "sensitive_attributes": [],
          "private": "eyJzY2hlbWFfdmVyc2lvbiI6IjQifQ=="
        },
        {
          "index_key": 3591,
          "schema_version": 4,
          "attributes": {
            "agent_pool_id": null,
            "auto_apply": false,
            "created_by": [
              {
                "email": "v.vlasenko@scalr.com",
                "full_name": "",
                "username": "v.vlasenko@scalr.com"
              }
            ],
            "environment_id": "env-u8s912p8ttvked8",
            "execution_mode": "remote",
            "has_resources": false,
            "hooks": [],
            "id": "ws-u8slci9vv6vhroo",
            "module_version_id": "",
            "name": "ws1-3591",
            "operations": true,
            "provider_configuration": [],
            "run_operation_timeout": null,
            "tag_ids": null,
            "terraform_version": "1.2.6",
            "var_files": null,
            "vcs_provider_id": null,
            "vcs_repo": [],
            "working_directory": ""
          },
          "sensitive_attributes": [],
          "private": "eyJzY2hlbWFfdmVyc2lvbiI6IjQifQ=="
        },
        {
          "index_key": 3599,
          "schema_version": 4,
          "attributes": {
            "agent_pool_id": null,
            "auto_apply": false,
            "created_by": [
              {
                "email": "v.vlasenko@scalr.com",
                "full_name": "",
                "username": "v.vlasenko@scalr.com"
              }
            ],
            "environment_id": "env-u8s912p8ttvked8",
            "execution_mode": "remote",
            "has_resources": false,
            "hooks": [],
            "id": "ws-u8slccprel7pmgo",
            "module_version_id": "",
            "name": "ws1-3599",
            "operations": true,
            "provider_configuration": [],
            "run_operation_timeout": null,
            "tag_ids": null,
            "terraform_version": "1.2.6",
            "var_files": null,
            "vcs_provider_id": null,
            "vcs_repo": [],
            "working_directory": ""
          },
          "sensitive_attributes": [],
          "private": "eyJzY2hlbWFfdmVyc2lvbiI6IjQifQ=="
        },
        {
          "index_key": 3600,
          "schema_version": 4,
          "attributes": {
            "agent_pool_id": null,
            "auto_apply": false,
            "created_by": [
              {
                "email": "v.vlasenko@scalr.com",
                "full_name": "",
                "username": "v.vlasenko@scalr.com"
              }
            ],
            "environment_id": "env-u8s912p8ttvked8",
            "execution_mode": "remote",
            "has_resources": false,
            "hooks": [],
            "id": "ws-u8slch56i307i5o",
            "module_version_id": "",
            "name": "ws1-3600",
            "operations": true,
            "provider_configuration": [],
            "run_operation_timeout": null,
            "tag_ids": null,
            "terraform_version": "1.2.6",
            "var_files": null,
            "vcs_provider_id": null,
            "vcs_repo": [],
            "working_directory": ""
          },
          "sensitive_attributes": [],
          "private": "eyJzY2hlbWFfdmVyc2lvbiI6IjQifQ=="
        },
        {
          "index_key": 3607,
          "schema_version": 4,
          "attributes": {
            "agent_pool_id": null,
            "auto_apply": false,
            "created_by": [
              {
                "email": "v.vlasenko@scalr.com",
                "full_name": "",
                "username": "v.vlasenko@scalr.com"
              }
            ],
            "environment_id": "env-u8s912p8ttvked8",
            "execution_mode": "remote",
            "has_resources": false,
            "hooks": [],
            "id": "ws-u8sle7gapkhd7so",
            "module_version_id": "",
            "name": "ws1-3607",
            "operations": true,
            "provider_configuration": [],
            "run_operation_timeout": null,
            "tag_ids": null,
            "terraform_version": "1.2.6",
            "var_files": null,
            "vcs_provider_id": null,
            "vcs_repo": [],
            "working_directory": ""
          },
          "sensitive_attributes": [],
          "private": "eyJzY2hlbWFfdmVyc2lvbiI6IjQifQ=="
        },
        {
          "index_key": 3633,
          "schema_version": 4,
          "attributes": {
            "agent_pool_id": null,
            "auto_apply": false,
            "created_by": [
              {
                "email": "v.vlasenko@scalr.com",
                "full_name": "",
                "username": "v.vlasenko@scalr.com"
              }
            ],
            "environment_id": "env-u8s912p8ttvked8",
            "execution_mode": "remote",
            "has_resources": false,
            "hooks": [],
            "id": "ws-u8slcosgo4hkjpo",
            "module_version_id": "",
            "name": "ws1-3633",
            "operations": true,
            "provider_configuration": [],
            "run_operation_timeout": null,
            "tag_ids": null,
            "terraform_version": "1.2.6",
            "var_files": null,
            "vcs_provider_id": null,
            "vcs_repo": [],
            "working_directory": ""
          },
          "sensitive_attributes": [],
          "private": "eyJzY2hlbWFfdmVyc2lvbiI6IjQifQ=="
        },
        {
          "index_key": 3640,
          "schema_version": 4,
          "attributes": {
            "agent_pool_id": null,
            "auto_apply": false,
            "created_by": [
              {
                "email": "v.vlasenko@scalr.com",
                "full_name": "",
                "username": "v.vlasenko@scalr.com"
              }
            ],
            "environment_id": "env-u8s912p8ttvked8",
            "execution_mode": "remote",
            "has_resources": false,
            "hooks": [],
            "id": "ws-u8slcv1g5ipbqt8",
            "module_version_id": "",
            "name": "ws1-3640",
            "operations": true,
            "provider_configuration": [],
            "run_operation_timeout": null,
            "tag_ids": null,
            "terraform_version": "1.2.6",
            "var_files": null,
            "vcs_provider_id": null,
            "vcs_repo": [],
            "working_directory": ""
          },
          "sensitive_attributes": [],
          "private": "eyJzY2hlbWFfdmVyc2lvbiI6IjQifQ=="
        },
        {
          "index_key": 3656,
          "schema_version": 4,
          "attributes": {
            "agent_pool_id": null,
            "auto_apply": false,
            "created_by": [
              {
                "email": "v.vlasenko@scalr.com",
                "full_name": "",
                "username": "v.vlasenko@scalr.com"
              }
            ],
            "environment_id": "env-u8s912p8ttvked8",
            "execution_mode": "remote",
            "has_resources": false,
            "hooks": [],
            "id": "ws-u8sld9brk98aep8",
            "module_version_id": "",
            "name": "ws1-3656",
            "operations": true,
            "provider_configuration": [],
            "run_operation_timeout": null,
            "tag_ids": null,
            "terraform_version": "1.2.6",
            "var_files": null,
            "vcs_provider_id": null,
            "vcs_repo": [],
            "working_directory": ""
          },
          "sensitive_attributes": [],
          "private": "eyJzY2hlbWFfdmVyc2lvbiI6IjQifQ=="
        },
        {
          "index_key": 3658,
          "schema_version": 4,
          "attributes": {
            "agent_pool_id": null,
            "auto_apply": false,
            "created_by": [
              {
                "email": "v.vlasenko@scalr.com",
                "full_name": "",
                "username": "v.vlasenko@scalr.com"
              }
            ],
            "environment_id": "env-u8s912p8ttvked8",
            "execution_mode": "remote",
            "has_resources": false,
            "hooks": [],
            "id": "ws-u8sldeki2vab1v0",
            "module_version_id": "",
            "name": "ws1-3658",
            "operations": true,
            "provider_configuration": [],
            "run_operation_timeout": null,
            "tag_ids": null,
            "terraform_version": "1.2.6",
            "var_files": null,
            "vcs_provider_id": null,
            "vcs_repo": [],
            "working_directory": ""
          },
          "sensitive_attributes": [],
          "private": "eyJzY2hlbWFfdmVyc2lvbiI6IjQifQ=="
        },
        {
          "index_key": 3671,
          "schema_version": 4,
          "attributes": {
            "agent_pool_id": null,
            "auto_apply": false,
            "created_by": [
              {
                "email": "v.vlasenko@scalr.com",
                "full_name": "",
                "username": "v.vlasenko@scalr.com"
              }
            ],
            "environment_id": "env-u8s912p8ttvked8",
            "execution_mode": "remote",
            "has_resources": false,
            "hooks": [],
            "id": "ws-u8slehvu6kcc068",
            "module_version_id": "",
            "name": "ws1-3671",
            "operations": true,
            "provider_configuration": [],
            "run_operation_timeout": null,
            "tag_ids": null,
            "terraform_version": "1.2.6",
            "var_files": null,
            "vcs_provider_id": null,
            "vcs_repo": [],
            "working_directory": ""
          },
          "sensitive_attributes": [],
          "private": "eyJzY2hlbWFfdmVyc2lvbiI6IjQifQ=="
        },
        {
          "index_key": 3686,
          "schema_version": 4,
          "attributes": {
            "agent_pool_id": null,
            "auto_apply": false,
            "created_by": [
              {
                "email": "v.vlasenko@scalr.com",
                "full_name": "",
                "username": "v.vlasenko@scalr.com"
              }
            ],
            "environment_id": "env-u8s912p8ttvked8",
            "execution_mode": "remote",
            "has_resources": false,
            "hooks": [],
            "id": "ws-u8slcobtp4cfdug",
            "module_version_id": "",
            "name": "ws1-3686",
            "operations": true,
            "provider_configuration": [],
            "run_operation_timeout": null,
            "tag_ids": null,
            "terraform_version": "1.2.6",
            "var_files": null,
            "vcs_provider_id": null,
            "vcs_repo": [],
            "working_directory": ""
          },
          "sensitive_attributes": [],
          "private": "eyJzY2hlbWFfdmVyc2lvbiI6IjQifQ=="
        },
        {
          "index_key": 3688,
          "schema_version": 4,
          "attributes": {
            "agent_pool_id": null,
            "auto_apply": false,
            "created_by": [
              {
                "email": "v.vlasenko@scalr.com",
                "full_name": "",
                "username": "v.vlasenko@scalr.com"
              }
            ],
            "environment_id": "env-u8s912p8ttvked8",
            "execution_mode": "remote",
            "has_resources": false,
            "hooks": [],
            "id": "ws-u8sleac0rnpu14g",
            "module_version_id": "",
            "name": "ws1-3688",
            "operations": true,
            "provider_configuration": [],
            "run_operation_timeout": null,
            "tag_ids": null,
            "terraform_version": "1.2.6",
            "var_files": null,
            "vcs_provider_id": null,
            "vcs_repo": [],
            "working_directory": ""
          },
          "sensitive_attributes": [],
          "private": "eyJzY2hlbWFfdmVyc2lvbiI6IjQifQ=="
        },
        {
          "index_key": 3699,
          "schema_version": 4,
          "attributes": {
            "agent_pool_id": null,
            "auto_apply": false,
            "created_by": [
              {
                "email": "v.vlasenko@scalr.com",
                "full_name": "",
                "username": "v.vlasenko@scalr.com"
              }
            ],
            "environment_id": "env-u8s912p8ttvked8",
            "execution_mode": "remote",
            "has_resources": false,
            "hooks": [],
            "id": "ws-u8slcnihhr3t3c0",
            "module_version_id": "",
            "name": "ws1-3699",
            "operations": true,
            "provider_configuration": [],
            "run_operation_timeout": null,
            "tag_ids": null,
            "terraform_version": "1.2.6",
            "var_files": null,
            "vcs_provider_id": null,
            "vcs_repo": [],
            "working_directory": ""
          },
          "sensitive_attributes": [],
          "private": "eyJzY2hlbWFfdmVyc2lvbiI6IjQifQ=="
        },
        {
          "index_key": 3700,
          "schema_version": 4,
          "attributes": {
            "agent_pool_id": null,
            "auto_apply": false,
            "created_by": [
              {
                "email": "v.vlasenko@scalr.com",
                "full_name": "",
                "username": "v.vlasenko@scalr.com"
              }
            ],
            "environment_id": "env-u8s912p8ttvked8",
            "execution_mode": "remote",
            "has_resources": false,
            "hooks": [],
            "id": "ws-u8slc9mgs1j3120",
            "module_version_id": "",
            "name": "ws1-3700",
            "operations": true,
            "provider_configuration": [],
            "run_operation_timeout": null,
            "tag_ids": null,
            "terraform_version": "1.2.6",
            "var_files": null,
            "vcs_provider_id": null,
            "vcs_repo": [],
            "working_directory": ""
          },
          "sensitive_attributes": [],
          "private": "eyJzY2hlbWFfdmVyc2lvbiI6IjQifQ=="
        },
        {
          "index_key": 3709,
          "schema_version": 4,
          "attributes": {
            "agent_pool_id": null,
            "auto_apply": false,
            "created_by": [
              {
                "email": "v.vlasenko@scalr.com",
                "full_name": "",
                "username": "v.vlasenko@scalr.com"
              }
            ],
            "environment_id": "env-u8s912p8ttvked8",
            "execution_mode": "remote",
            "has_resources": false,
            "hooks": [],
            "id": "ws-u8slci1ts09ur98",
            "module_version_id": "",
            "name": "ws1-3709",
            "operations": true,
            "provider_configuration": [],
            "run_operation_timeout": null,
            "tag_ids": null,
            "terraform_version": "1.2.6",
            "var_files": null,
            "vcs_provider_id": null,
            "vcs_repo": [],
            "working_directory": ""
          },
          "sensitive_attributes": [],
          "private": "eyJzY2hlbWFfdmVyc2lvbiI6IjQifQ=="
        },
        {
          "index_key": 3722,
          "schema_version": 4,
          "attributes": {
            "agent_pool_id": null,
            "auto_apply": false,
            "created_by": [
              {
                "email": "v.vlasenko@scalr.com",
                "full_name": "",
                "username": "v.vlasenko@scalr.com"
              }
            ],
            "environment_id": "env-u8s912p8ttvked8",
            "execution_mode": "remote",
            "has_resources": false,
            "hooks": [],
            "id": "ws-u8sle19dh3o4f3o",
            "module_version_id": "",
            "name": "ws1-3722",
            "operations": true,
            "provider_configuration": [],
            "run_operation_timeout": null,
            "tag_ids": null,
            "terraform_version": "1.2.6",
            "var_files": null,
            "vcs_provider_id": null,
            "vcs_repo": [],
            "working_directory": ""
          },
          "sensitive_attributes": [],
          "private": "eyJzY2hlbWFfdmVyc2lvbiI6IjQifQ=="
        },
        {
          "index_key": 3758,
          "schema_version": 4,
          "attributes": {
            "agent_pool_id": null,
            "auto_apply": false,
            "created_by": [
              {
                "email": "v.vlasenko@scalr.com",
                "full_name": "",
                "username": "v.vlasenko@scalr.com"
              }
            ],
            "environment_id": "env-u8s912p8ttvked8",
            "execution_mode": "remote",
            "has_resources": false,
            "hooks": [],
            "id": "ws-u8slchvl1muit1o",
            "module_version_id": "",
            "name": "ws1-3758",
            "operations": true,
            "provider_configuration": [],
            "run_operation_timeout": null,
            "tag_ids": null,
            "terraform_version": "1.2.6",
            "var_files": null,
            "vcs_provider_id": null,
            "vcs_repo": [],
            "working_directory": ""
          },
          "sensitive_attributes": [],
          "private": "eyJzY2hlbWFfdmVyc2lvbiI6IjQifQ=="
        },
        {
          "index_key": 3773,
          "schema_version": 4,
          "attributes": {
            "agent_pool_id": null,
            "auto_apply": false,
            "created_by": [
              {
                "email": "v.vlasenko@scalr.com",
                "full_name": "",
                "username": "v.vlasenko@scalr.com"
              }
            ],
            "environment_id": "env-u8s912p8ttvked8",
            "execution_mode": "remote",
            "has_resources": false,
            "hooks": [],
            "id": "ws-u8slcb60r1d8l4o",
            "module_version_id": "",
            "name": "ws1-3773",
            "operations": true,
            "provider_configuration": [],
            "run_operation_timeout": null,
            "tag_ids": null,
            "terraform_version": "1.2.6",
            "var_files": null,
            "vcs_provider_id": null,
            "vcs_repo": [],
            "working_directory": ""
          },
          "sensitive_attributes": [],
          "private": "eyJzY2hlbWFfdmVyc2lvbiI6IjQifQ=="
        },
        {
          "index_key": 3775,
          "schema_version": 4,
          "attributes": {
            "agent_pool_id": null,
            "auto_apply": false,
            "created_by": [
              {
                "email": "v.vlasenko@scalr.com",
                "full_name": "",
                "username": "v.vlasenko@scalr.com"
              }
            ],
            "environment_id": "env-u8s912p8ttvked8",
            "execution_mode": "remote",
            "has_resources": false,
            "hooks": [],
            "id": "ws-u8slce1k7ks4a10",
            "module_version_id": "",
            "name": "ws1-3775",
            "operations": true,
            "provider_configuration": [],
            "run_operation_timeout": null,
            "tag_ids": null,
            "terraform_version": "1.2.6",
            "var_files": null,
            "vcs_provider_id": null,
            "vcs_repo": [],
            "working_directory": ""
          },
          "sensitive_attributes": [],
          "private": "eyJzY2hlbWFfdmVyc2lvbiI6IjQifQ=="
        },
        {
          "index_key": 3794,
          "schema_version": 4,
          "attributes": {
            "agent_pool_id": null,
            "auto_apply": false,
            "created_by": [
              {
                "email": "v.vlasenko@scalr.com",
                "full_name": "",
                "username": "v.vlasenko@scalr.com"
              }
            ],
            "environment_id": "env-u8s912p8ttvked8",
            "execution_mode": "remote",
            "has_resources": false,
            "hooks": [],
            "id": "ws-u8slc9nakaqjir0",
            "module_version_id": "",
            "name": "ws1-3794",
            "operations": true,
            "provider_configuration": [],
            "run_operation_timeout": null,
            "tag_ids": null,
            "terraform_version": "1.2.6",
            "var_files": null,
            "vcs_provider_id": null,
            "vcs_repo": [],
            "working_directory": ""
          },
          "sensitive_attributes": [],
          "private": "eyJzY2hlbWFfdmVyc2lvbiI6IjQifQ=="
        },
        {
          "index_key": 3797,
          "schema_version": 4,
          "attributes": {
            "agent_pool_id": null,
            "auto_apply": false,
            "created_by": [
              {
                "email": "v.vlasenko@scalr.com",
                "full_name": "",
                "username": "v.vlasenko@scalr.com"
              }
            ],
            "environment_id": "env-u8s912p8ttvked8",
            "execution_mode": "remote",
            "has_resources": false,
            "hooks": [],
            "id": "ws-u8sldl83t40kh08",
            "module_version_id": "",
            "name": "ws1-3797",
            "operations": true,
            "provider_configuration": [],
            "run_operation_timeout": null,
            "tag_ids": null,
            "terraform_version": "1.2.6",
            "var_files": null,
            "vcs_provider_id": null,
            "vcs_repo": [],
            "working_directory": ""
          },
          "sensitive_attributes": [],
          "private": "eyJzY2hlbWFfdmVyc2lvbiI6IjQifQ=="
        },
        {
          "index_key": 3828,
          "schema_version": 4,
          "attributes": {
            "agent_pool_id": null,
            "auto_apply": false,
            "created_by": [
              {
                "email": "v.vlasenko@scalr.com",
                "full_name": "",
                "username": "v.vlasenko@scalr.com"
              }
            ],
            "environment_id": "env-u8s912p8ttvked8",
            "execution_mode": "remote",
            "has_resources": false,
            "hooks": [],
            "id": "ws-u8slcmrbrej1e3g",
            "module_version_id": "",
            "name": "ws1-3828",
            "operations": true,
            "provider_configuration": [],
            "run_operation_timeout": null,
            "tag_ids": null,
            "terraform_version": "1.2.6",
            "var_files": null,
            "vcs_provider_id": null,
            "vcs_repo": [],
            "working_directory": ""
          },
          "sensitive_attributes": [],
          "private": "eyJzY2hlbWFfdmVyc2lvbiI6IjQifQ=="
        },
        {
          "index_key": 3850,
          "schema_version": 4,
          "attributes": {
            "agent_pool_id": null,
            "auto_apply": false,
            "created_by": [
              {
                "email": "v.vlasenko@scalr.com",
                "full_name": "",
                "username": "v.vlasenko@scalr.com"
              }
            ],
            "environment_id": "env-u8s912p8ttvked8",
            "execution_mode": "remote",
            "has_resources": false,
            "hooks": [],
            "id": "ws-u8slcns5kl24jho",
            "module_version_id": "",
            "name": "ws1-3850",
            "operations": true,
            "provider_configuration": [],
            "run_operation_timeout": null,
            "tag_ids": null,
            "terraform_version": "1.2.6",
            "var_files": null,
            "vcs_provider_id": null,
            "vcs_repo": [],
            "working_directory": ""
          },
          "sensitive_attributes": [],
          "private": "eyJzY2hlbWFfdmVyc2lvbiI6IjQifQ=="
        },
        {
          "index_key": 3874,
          "schema_version": 4,
          "attributes": {
            "agent_pool_id": null,
            "auto_apply": false,
            "created_by": [
              {
                "email": "v.vlasenko@scalr.com",
                "full_name": "",
                "username": "v.vlasenko@scalr.com"
              }
            ],
            "environment_id": "env-u8s912p8ttvked8",
            "execution_mode": "remote",
            "has_resources": false,
            "hooks": [],
            "id": "ws-u8slcaumuhca8t0",
            "module_version_id": "",
            "name": "ws1-3874",
            "operations": true,
            "provider_configuration": [],
            "run_operation_timeout": null,
            "tag_ids": null,
            "terraform_version": "1.2.6",
            "var_files": null,
            "vcs_provider_id": null,
            "vcs_repo": [],
            "working_directory": ""
          },
          "sensitive_attributes": [],
          "private": "eyJzY2hlbWFfdmVyc2lvbiI6IjQifQ=="
        },
        {
          "index_key": 3880,
          "schema_version": 4,
          "attributes": {
            "agent_pool_id": null,
            "auto_apply": false,
            "created_by": [
              {
                "email": "v.vlasenko@scalr.com",
                "full_name": "",
                "username": "v.vlasenko@scalr.com"
              }
            ],
            "environment_id": "env-u8s912p8ttvked8",
            "execution_mode": "remote",
            "has_resources": false,
            "hooks": [],
            "id": "ws-u8sldfqtphkjajg",
            "module_version_id": "",
            "name": "ws1-3880",
            "operations": true,
            "provider_configuration": [],
            "run_operation_timeout": null,
            "tag_ids": null,
            "terraform_version": "1.2.6",
            "var_files": null,
            "vcs_provider_id": null,
            "vcs_repo": [],
            "working_directory": ""
          },
          "sensitive_attributes": [],
          "private": "eyJzY2hlbWFfdmVyc2lvbiI6IjQifQ=="
        },
        {
          "index_key": 3882,
          "schema_version": 4,
          "attributes": {
            "agent_pool_id": null,
            "auto_apply": false,
            "created_by": [
              {
                "email": "v.vlasenko@scalr.com",
                "full_name": "",
                "username": "v.vlasenko@scalr.com"
              }
            ],
            "environment_id": "env-u8s912p8ttvked8",
            "execution_mode": "remote",
            "has_resources": false,
            "hooks": [],
            "id": "ws-u8sldm5shm2s6j0",
            "module_version_id": "",
            "name": "ws1-3882",
            "operations": true,
            "provider_configuration": [],
            "run_operation_timeout": null,
            "tag_ids": null,
            "terraform_version": "1.2.6",
            "var_files": null,
            "vcs_provider_id": null,
            "vcs_repo": [],
            "working_directory": ""
          },
          "sensitive_attributes": [],
          "private": "eyJzY2hlbWFfdmVyc2lvbiI6IjQifQ=="
        },
        {
          "index_key": 3884,
          "schema_version": 4,
          "attributes": {
            "agent_pool_id": null,
            "auto_apply": false,
            "created_by": [
              {
                "email": "v.vlasenko@scalr.com",
                "full_name": "",
                "username": "v.vlasenko@scalr.com"
              }
            ],
            "environment_id": "env-u8s912p8ttvked8",
            "execution_mode": "remote",
            "has_resources": false,
            "hooks": [],
            "id": "ws-u8slclh80b6u220",
            "module_version_id": "",
            "name": "ws1-3884",
            "operations": true,
            "provider_configuration": [],
            "run_operation_timeout": null,
            "tag_ids": null,
            "terraform_version": "1.2.6",
            "var_files": null,
            "vcs_provider_id": null,
            "vcs_repo": [],
            "working_directory": ""
          },
          "sensitive_attributes": [],
          "private": "eyJzY2hlbWFfdmVyc2lvbiI6IjQifQ=="
        },
        {
          "index_key": 3890,
          "schema_version": 4,
          "attributes": {
            "agent_pool_id": null,
            "auto_apply": false,
            "created_by": [
              {
                "email": "v.vlasenko@scalr.com",
                "full_name": "",
                "username": "v.vlasenko@scalr.com"
              }
            ],
            "environment_id": "env-u8s912p8ttvked8",
            "execution_mode": "remote",
            "has_resources": false,
            "hooks": [],
            "id": "ws-u8sle4gqs7j3m9o",
            "module_version_id": "",
            "name": "ws1-3890",
            "operations": true,
            "provider_configuration": [],
            "run_operation_timeout": null,
            "tag_ids": null,
            "terraform_version": "1.2.6",
            "var_files": null,
            "vcs_provider_id": null,
            "vcs_repo": [],
            "working_directory": ""
          },
          "sensitive_attributes": [],
          "private": "eyJzY2hlbWFfdmVyc2lvbiI6IjQifQ=="
        },
        {
          "index_key": 3906,
          "schema_version": 4,
          "attributes": {
            "agent_pool_id": null,
            "auto_apply": false,
            "created_by": [
              {
                "email": "v.vlasenko@scalr.com",
                "full_name": "",
                "username": "v.vlasenko@scalr.com"
              }
            ],
            "environment_id": "env-u8s912p8ttvked8",
            "execution_mode": "remote",
            "has_resources": false,
            "hooks": [],
            "id": "ws-u8sld723rnaf208",
            "module_version_id": "",
            "name": "ws1-3906",
            "operations": true,
            "provider_configuration": [],
            "run_operation_timeout": null,
            "tag_ids": null,
            "terraform_version": "1.2.6",
            "var_files": null,
            "vcs_provider_id": null,
            "vcs_repo": [],
            "working_directory": ""
          },
          "sensitive_attributes": [],
          "private": "eyJzY2hlbWFfdmVyc2lvbiI6IjQifQ=="
        },
        {
          "index_key": 3912,
          "schema_version": 4,
          "attributes": {
            "agent_pool_id": null,
            "auto_apply": false,
            "created_by": [
              {
                "email": "v.vlasenko@scalr.com",
                "full_name": "",
                "username": "v.vlasenko@scalr.com"
              }
            ],
            "environment_id": "env-u8s912p8ttvked8",
            "execution_mode": "remote",
            "has_resources": false,
            "hooks": [],
            "id": "ws-u8slell98jqdp70",
            "module_version_id": "",
            "name": "ws1-3912",
            "operations": true,
            "provider_configuration": [],
            "run_operation_timeout": null,
            "tag_ids": null,
            "terraform_version": "1.2.6",
            "var_files": null,
            "vcs_provider_id": null,
            "vcs_repo": [],
            "working_directory": ""
          },
          "sensitive_attributes": [],
          "private": "eyJzY2hlbWFfdmVyc2lvbiI6IjQifQ=="
        },
        {
          "index_key": 3920,
          "schema_version": 4,
          "attributes": {
            "agent_pool_id": null,
            "auto_apply": false,
            "created_by": [
              {
                "email": "v.vlasenko@scalr.com",
                "full_name": "",
                "username": "v.vlasenko@scalr.com"
              }
            ],
            "environment_id": "env-u8s912p8ttvked8",
            "execution_mode": "remote",
            "has_resources": false,
            "hooks": [],
            "id": "ws-u8sld18jqm8v0t0",
            "module_version_id": "",
            "name": "ws1-3920",
            "operations": true,
            "provider_configuration": [],
            "run_operation_timeout": null,
            "tag_ids": null,
            "terraform_version": "1.2.6",
            "var_files": null,
            "vcs_provider_id": null,
            "vcs_repo": [],
            "working_directory": ""
          },
          "sensitive_attributes": [],
          "private": "eyJzY2hlbWFfdmVyc2lvbiI6IjQifQ=="
        },
        {
          "index_key": 3924,
          "schema_version": 4,
          "attributes": {
            "agent_pool_id": null,
            "auto_apply": false,
            "created_by": [
              {
                "email": "v.vlasenko@scalr.com",
                "full_name": "",
                "username": "v.vlasenko@scalr.com"
              }
            ],
            "environment_id": "env-u8s912p8ttvked8",
            "execution_mode": "remote",
            "has_resources": false,
            "hooks": [],
            "id": "ws-u8slc9n41af5io8",
            "module_version_id": "",
            "name": "ws1-3924",
            "operations": true,
            "provider_configuration": [],
            "run_operation_timeout": null,
            "tag_ids": null,
            "terraform_version": "1.2.6",
            "var_files": null,
            "vcs_provider_id": null,
            "vcs_repo": [],
            "working_directory": ""
          },
          "sensitive_attributes": [],
          "private": "eyJzY2hlbWFfdmVyc2lvbiI6IjQifQ=="
        },
        {
          "index_key": 3925,
          "schema_version": 4,
          "attributes": {
            "agent_pool_id": null,
            "auto_apply": false,
            "created_by": [
              {
                "email": "v.vlasenko@scalr.com",
                "full_name": "",
                "username": "v.vlasenko@scalr.com"
              }
            ],
            "environment_id": "env-u8s912p8ttvked8",
            "execution_mode": "remote",
            "has_resources": false,
            "hooks": [],
            "id": "ws-u8sldl43i8ful58",
            "module_version_id": "",
            "name": "ws1-3925",
            "operations": true,
            "provider_configuration": [],
            "run_operation_timeout": null,
            "tag_ids": null,
            "terraform_version": "1.2.6",
            "var_files": null,
            "vcs_provider_id": null,
            "vcs_repo": [],
            "working_directory": ""
          },
          "sensitive_attributes": [],
          "private": "eyJzY2hlbWFfdmVyc2lvbiI6IjQifQ=="
        },
        {
          "index_key": 3948,
          "schema_version": 4,
          "attributes": {
            "agent_pool_id": null,
            "auto_apply": false,
            "created_by": [
              {
                "email": "v.vlasenko@scalr.com",
                "full_name": "",
                "username": "v.vlasenko@scalr.com"
              }
            ],
            "environment_id": "env-u8s912p8ttvked8",
            "execution_mode": "remote",
            "has_resources": false,
            "hooks": [],
            "id": "ws-u8sle8vs1natq4o",
            "module_version_id": "",
            "name": "ws1-3948",
            "operations": true,
            "provider_configuration": [],
            "run_operation_timeout": null,
            "tag_ids": null,
            "terraform_version": "1.2.6",
            "var_files": null,
            "vcs_provider_id": null,
            "vcs_repo": [],
            "working_directory": ""
          },
          "sensitive_attributes": [],
          "private": "eyJzY2hlbWFfdmVyc2lvbiI6IjQifQ=="
        },
        {
          "index_key": 3971,
          "schema_version": 4,
          "attributes": {
            "agent_pool_id": null,
            "auto_apply": false,
            "created_by": [
              {
                "email": "v.vlasenko@scalr.com",
                "full_name": "",
                "username": "v.vlasenko@scalr.com"
              }
            ],
            "environment_id": "env-u8s912p8ttvked8",
            "execution_mode": "remote",
            "has_resources": false,
            "hooks": [],
            "id": "ws-u8sldhiiuoeokvg",
            "module_version_id": "",
            "name": "ws1-3971",
            "operations": true,
            "provider_configuration": [],
            "run_operation_timeout": null,
            "tag_ids": null,
            "terraform_version": "1.2.6",
            "var_files": null,
            "vcs_provider_id": null,
            "vcs_repo": [],
            "working_directory": ""
          },
          "sensitive_attributes": [],
          "private": "eyJzY2hlbWFfdmVyc2lvbiI6IjQifQ=="
        },
        {
          "index_key": 4022,
          "schema_version": 4,
          "attributes": {
            "agent_pool_id": null,
            "auto_apply": false,
            "created_by": [
              {
                "email": "v.vlasenko@scalr.com",
                "full_name": "",
                "username": "v.vlasenko@scalr.com"
              }
            ],
            "environment_id": "env-u8s912p8ttvked8",
            "execution_mode": "remote",
            "has_resources": false,
            "hooks": [],
            "id": "ws-u8sle7df7hjmnq8",
            "module_version_id": "",
            "name": "ws1-4022",
            "operations": true,
            "provider_configuration": [],
            "run_operation_timeout": null,
            "tag_ids": null,
            "terraform_version": "1.2.6",
            "var_files": null,
            "vcs_provider_id": null,
            "vcs_repo": [],
            "working_directory": ""
          },
          "sensitive_attributes": [],
          "private": "eyJzY2hlbWFfdmVyc2lvbiI6IjQifQ=="
        },
        {
          "index_key": 4045,
          "schema_version": 4,
          "attributes": {
            "agent_pool_id": null,
            "auto_apply": false,
            "created_by": [
              {
                "email": "v.vlasenko@scalr.com",
                "full_name": "",
                "username": "v.vlasenko@scalr.com"
              }
            ],
            "environment_id": "env-u8s912p8ttvked8",
            "execution_mode": "remote",
            "has_resources": false,
            "hooks": [],
            "id": "ws-u8slddtmbu96vjg",
            "module_version_id": "",
            "name": "ws1-4045",
            "operations": true,
            "provider_configuration": [],
            "run_operation_timeout": null,
            "tag_ids": null,
            "terraform_version": "1.2.6",
            "var_files": null,
            "vcs_provider_id": null,
            "vcs_repo": [],
            "working_directory": ""
          },
          "sensitive_attributes": [],
          "private": "eyJzY2hlbWFfdmVyc2lvbiI6IjQifQ=="
        },
        {
          "index_key": 4049,
          "schema_version": 4,
          "attributes": {
            "agent_pool_id": null,
            "auto_apply": false,
            "created_by": [
              {
                "email": "v.vlasenko@scalr.com",
                "full_name": "",
                "username": "v.vlasenko@scalr.com"
              }
            ],
            "environment_id": "env-u8s912p8ttvked8",
            "execution_mode": "remote",
            "has_resources": false,
            "hooks": [],
            "id": "ws-u8sldtr7sukriig",
            "module_version_id": "",
            "name": "ws1-4049",
            "operations": true,
            "provider_configuration": [],
            "run_operation_timeout": null,
            "tag_ids": null,
            "terraform_version": "1.2.6",
            "var_files": null,
            "vcs_provider_id": null,
            "vcs_repo": [],
            "working_directory": ""
          },
          "sensitive_attributes": [],
          "private": "eyJzY2hlbWFfdmVyc2lvbiI6IjQifQ=="
        },
        {
          "index_key": 4076,
          "schema_version": 4,
          "attributes": {
            "agent_pool_id": null,
            "auto_apply": false,
            "created_by": [
              {
                "email": "v.vlasenko@scalr.com",
                "full_name": "",
                "username": "v.vlasenko@scalr.com"
              }
            ],
            "environment_id": "env-u8s912p8ttvked8",
            "execution_mode": "remote",
            "has_resources": false,
            "hooks": [],
            "id": "ws-u8sldc6k3p0493g",
            "module_version_id": "",
            "name": "ws1-4076",
            "operations": true,
            "provider_configuration": [],
            "run_operation_timeout": null,
            "tag_ids": null,
            "terraform_version": "1.2.6",
            "var_files": null,
            "vcs_provider_id": null,
            "vcs_repo": [],
            "working_directory": ""
          },
          "sensitive_attributes": [],
          "private": "eyJzY2hlbWFfdmVyc2lvbiI6IjQifQ=="
        },
        {
          "index_key": 4101,
          "schema_version": 4,
          "attributes": {
            "agent_pool_id": null,
            "auto_apply": false,
            "created_by": [
              {
                "email": "v.vlasenko@scalr.com",
                "full_name": "",
                "username": "v.vlasenko@scalr.com"
              }
            ],
            "environment_id": "env-u8s912p8ttvked8",
            "execution_mode": "remote",
            "has_resources": false,
            "hooks": [],
            "id": "ws-u8sldqkliabike0",
            "module_version_id": "",
            "name": "ws1-4101",
            "operations": true,
            "provider_configuration": [],
            "run_operation_timeout": null,
            "tag_ids": null,
            "terraform_version": "1.2.6",
            "var_files": null,
            "vcs_provider_id": null,
            "vcs_repo": [],
            "working_directory": ""
          },
          "sensitive_attributes": [],
          "private": "eyJzY2hlbWFfdmVyc2lvbiI6IjQifQ=="
        },
        {
          "index_key": 4105,
          "schema_version": 4,
          "attributes": {
            "agent_pool_id": null,
            "auto_apply": false,
            "created_by": [
              {
                "email": "v.vlasenko@scalr.com",
                "full_name": "",
                "username": "v.vlasenko@scalr.com"
              }
            ],
            "environment_id": "env-u8s912p8ttvked8",
            "execution_mode": "remote",
            "has_resources": false,
            "hooks": [],
            "id": "ws-u8sle4b3h9orl5g",
            "module_version_id": "",
            "name": "ws1-4105",
            "operations": true,
            "provider_configuration": [],
            "run_operation_timeout": null,
            "tag_ids": null,
            "terraform_version": "1.2.6",
            "var_files": null,
            "vcs_provider_id": null,
            "vcs_repo": [],
            "working_directory": ""
          },
          "sensitive_attributes": [],
          "private": "eyJzY2hlbWFfdmVyc2lvbiI6IjQifQ=="
        },
        {
          "index_key": 4135,
          "schema_version": 4,
          "attributes": {
            "agent_pool_id": null,
            "auto_apply": false,
            "created_by": [
              {
                "email": "v.vlasenko@scalr.com",
                "full_name": "",
                "username": "v.vlasenko@scalr.com"
              }
            ],
            "environment_id": "env-u8s912p8ttvked8",
            "execution_mode": "remote",
            "has_resources": false,
            "hooks": [],
            "id": "ws-u8sldr1uvtaciv0",
            "module_version_id": "",
            "name": "ws1-4135",
            "operations": true,
            "provider_configuration": [],
            "run_operation_timeout": null,
            "tag_ids": null,
            "terraform_version": "1.2.6",
            "var_files": null,
            "vcs_provider_id": null,
            "vcs_repo": [],
            "working_directory": ""
          },
          "sensitive_attributes": [],
          "private": "eyJzY2hlbWFfdmVyc2lvbiI6IjQifQ=="
        },
        {
          "index_key": 4183,
          "schema_version": 4,
          "attributes": {
            "agent_pool_id": null,
            "auto_apply": false,
            "created_by": [
              {
                "email": "v.vlasenko@scalr.com",
                "full_name": "",
                "username": "v.vlasenko@scalr.com"
              }
            ],
            "environment_id": "env-u8s912p8ttvked8",
            "execution_mode": "remote",
            "has_resources": false,
            "hooks": [],
            "id": "ws-u8slchh74kpf83o",
            "module_version_id": "",
            "name": "ws1-4183",
            "operations": true,
            "provider_configuration": [],
            "run_operation_timeout": null,
            "tag_ids": null,
            "terraform_version": "1.2.6",
            "var_files": null,
            "vcs_provider_id": null,
            "vcs_repo": [],
            "working_directory": ""
          },
          "sensitive_attributes": [],
          "private": "eyJzY2hlbWFfdmVyc2lvbiI6IjQifQ=="
        },
        {
          "index_key": 4206,
          "schema_version": 4,
          "attributes": {
            "agent_pool_id": null,
            "auto_apply": false,
            "created_by": [
              {
                "email": "v.vlasenko@scalr.com",
                "full_name": "",
                "username": "v.vlasenko@scalr.com"
              }
            ],
            "environment_id": "env-u8s912p8ttvked8",
            "execution_mode": "remote",
            "has_resources": false,
            "hooks": [],
            "id": "ws-u8sldrp09rk8ni8",
            "module_version_id": "",
            "name": "ws1-4206",
            "operations": true,
            "provider_configuration": [],
            "run_operation_timeout": null,
            "tag_ids": null,
            "terraform_version": "1.2.6",
            "var_files": null,
            "vcs_provider_id": null,
            "vcs_repo": [],
            "working_directory": ""
          },
          "sensitive_attributes": [],
          "private": "eyJzY2hlbWFfdmVyc2lvbiI6IjQifQ=="
        },
        {
          "index_key": 4214,
          "schema_version": 4,
          "attributes": {
            "agent_pool_id": null,
            "auto_apply": false,
            "created_by": [
              {
                "email": "v.vlasenko@scalr.com",
                "full_name": "",
                "username": "v.vlasenko@scalr.com"
              }
            ],
            "environment_id": "env-u8s912p8ttvked8",
            "execution_mode": "remote",
            "has_resources": false,
            "hooks": [],
            "id": "ws-u8sle5i7ip3gapg",
            "module_version_id": "",
            "name": "ws1-4214",
            "operations": true,
            "provider_configuration": [],
            "run_operation_timeout": null,
            "tag_ids": null,
            "terraform_version": "1.2.6",
            "var_files": null,
            "vcs_provider_id": null,
            "vcs_repo": [],
            "working_directory": ""
          },
          "sensitive_attributes": [],
          "private": "eyJzY2hlbWFfdmVyc2lvbiI6IjQifQ=="
        },
        {
          "index_key": 4224,
          "schema_version": 4,
          "attributes": {
            "agent_pool_id": null,
            "auto_apply": false,
            "created_by": [
              {
                "email": "v.vlasenko@scalr.com",
                "full_name": "",
                "username": "v.vlasenko@scalr.com"
              }
            ],
            "environment_id": "env-u8s912p8ttvked8",
            "execution_mode": "remote",
            "has_resources": false,
            "hooks": [],
            "id": "ws-u8sldmj8472kg6g",
            "module_version_id": "",
            "name": "ws1-4224",
            "operations": true,
            "provider_configuration": [],
            "run_operation_timeout": null,
            "tag_ids": null,
            "terraform_version": "1.2.6",
            "var_files": null,
            "vcs_provider_id": null,
            "vcs_repo": [],
            "working_directory": ""
          },
          "sensitive_attributes": [],
          "private": "eyJzY2hlbWFfdmVyc2lvbiI6IjQifQ=="
        },
        {
          "index_key": 4242,
          "schema_version": 4,
          "attributes": {
            "agent_pool_id": null,
            "auto_apply": false,
            "created_by": [
              {
                "email": "v.vlasenko@scalr.com",
                "full_name": "",
                "username": "v.vlasenko@scalr.com"
              }
            ],
            "environment_id": "env-u8s912p8ttvked8",
            "execution_mode": "remote",
            "has_resources": false,
            "hooks": [],
            "id": "ws-u8sle7rh8a1g5eg",
            "module_version_id": "",
            "name": "ws1-4242",
            "operations": true,
            "provider_configuration": [],
            "run_operation_timeout": null,
            "tag_ids": null,
            "terraform_version": "1.2.6",
            "var_files": null,
            "vcs_provider_id": null,
            "vcs_repo": [],
            "working_directory": ""
          },
          "sensitive_attributes": [],
          "private": "eyJzY2hlbWFfdmVyc2lvbiI6IjQifQ=="
        },
        {
          "index_key": 4250,
          "schema_version": 4,
          "attributes": {
            "agent_pool_id": null,
            "auto_apply": false,
            "created_by": [
              {
                "email": "v.vlasenko@scalr.com",
                "full_name": "",
                "username": "v.vlasenko@scalr.com"
              }
            ],
            "environment_id": "env-u8s912p8ttvked8",
            "execution_mode": "remote",
            "has_resources": false,
            "hooks": [],
            "id": "ws-u8slcohe8lmjm18",
            "module_version_id": "",
            "name": "ws1-4250",
            "operations": true,
            "provider_configuration": [],
            "run_operation_timeout": null,
            "tag_ids": null,
            "terraform_version": "1.2.6",
            "var_files": null,
            "vcs_provider_id": null,
            "vcs_repo": [],
            "working_directory": ""
          },
          "sensitive_attributes": [],
          "private": "eyJzY2hlbWFfdmVyc2lvbiI6IjQifQ=="
        },
        {
          "index_key": 4255,
          "schema_version": 4,
          "attributes": {
            "agent_pool_id": null,
            "auto_apply": false,
            "created_by": [
              {
                "email": "v.vlasenko@scalr.com",
                "full_name": "",
                "username": "v.vlasenko@scalr.com"
              }
            ],
            "environment_id": "env-u8s912p8ttvked8",
            "execution_mode": "remote",
            "has_resources": false,
            "hooks": [],
            "id": "ws-u8slduai3ehv3uo",
            "module_version_id": "",
            "name": "ws1-4255",
            "operations": true,
            "provider_configuration": [],
            "run_operation_timeout": null,
            "tag_ids": null,
            "terraform_version": "1.2.6",
            "var_files": null,
            "vcs_provider_id": null,
            "vcs_repo": [],
            "working_directory": ""
          },
          "sensitive_attributes": [],
          "private": "eyJzY2hlbWFfdmVyc2lvbiI6IjQifQ=="
        },
        {
          "index_key": 4262,
          "schema_version": 4,
          "attributes": {
            "agent_pool_id": null,
            "auto_apply": false,
            "created_by": [
              {
                "email": "v.vlasenko@scalr.com",
                "full_name": "",
                "username": "v.vlasenko@scalr.com"
              }
            ],
            "environment_id": "env-u8s912p8ttvked8",
            "execution_mode": "remote",
            "has_resources": false,
            "hooks": [],
            "id": "ws-u8sldoulcj49esg",
            "module_version_id": "",
            "name": "ws1-4262",
            "operations": true,
            "provider_configuration": [],
            "run_operation_timeout": null,
            "tag_ids": null,
            "terraform_version": "1.2.6",
            "var_files": null,
            "vcs_provider_id": null,
            "vcs_repo": [],
            "working_directory": ""
          },
          "sensitive_attributes": [],
          "private": "eyJzY2hlbWFfdmVyc2lvbiI6IjQifQ=="
        },
        {
          "index_key": 4281,
          "schema_version": 4,
          "attributes": {
            "agent_pool_id": null,
            "auto_apply": false,
            "created_by": [
              {
                "email": "v.vlasenko@scalr.com",
                "full_name": "",
                "username": "v.vlasenko@scalr.com"
              }
            ],
            "environment_id": "env-u8s912p8ttvked8",
            "execution_mode": "remote",
            "has_resources": false,
            "hooks": [],
            "id": "ws-u8slek9kuljsob0",
            "module_version_id": "",
            "name": "ws1-4281",
            "operations": true,
            "provider_configuration": [],
            "run_operation_timeout": null,
            "tag_ids": null,
            "terraform_version": "1.2.6",
            "var_files": null,
            "vcs_provider_id": null,
            "vcs_repo": [],
            "working_directory": ""
          },
          "sensitive_attributes": [],
          "private": "eyJzY2hlbWFfdmVyc2lvbiI6IjQifQ=="
        },
        {
          "index_key": 4282,
          "schema_version": 4,
          "attributes": {
            "agent_pool_id": null,
            "auto_apply": false,
            "created_by": [
              {
                "email": "v.vlasenko@scalr.com",
                "full_name": "",
                "username": "v.vlasenko@scalr.com"
              }
            ],
            "environment_id": "env-u8s912p8ttvked8",
            "execution_mode": "remote",
            "has_resources": false,
            "hooks": [],
            "id": "ws-u8sldrd0d2bsd48",
            "module_version_id": "",
            "name": "ws1-4282",
            "operations": true,
            "provider_configuration": [],
            "run_operation_timeout": null,
            "tag_ids": null,
            "terraform_version": "1.2.6",
            "var_files": null,
            "vcs_provider_id": null,
            "vcs_repo": [],
            "working_directory": ""
          },
          "sensitive_attributes": [],
          "private": "eyJzY2hlbWFfdmVyc2lvbiI6IjQifQ=="
        },
        {
          "index_key": 4294,
          "schema_version": 4,
          "attributes": {
            "agent_pool_id": null,
            "auto_apply": false,
            "created_by": [
              {
                "email": "v.vlasenko@scalr.com",
                "full_name": "",
                "username": "v.vlasenko@scalr.com"
              }
            ],
            "environment_id": "env-u8s912p8ttvked8",
            "execution_mode": "remote",
            "has_resources": false,
            "hooks": [],
            "id": "ws-u8slcgdgoisn870",
            "module_version_id": "",
            "name": "ws1-4294",
            "operations": true,
            "provider_configuration": [],
            "run_operation_timeout": null,
            "tag_ids": null,
            "terraform_version": "1.2.6",
            "var_files": null,
            "vcs_provider_id": null,
            "vcs_repo": [],
            "working_directory": ""
          },
          "sensitive_attributes": [],
          "private": "eyJzY2hlbWFfdmVyc2lvbiI6IjQifQ=="
        },
        {
          "index_key": 4298,
          "schema_version": 4,
          "attributes": {
            "agent_pool_id": null,
            "auto_apply": false,
            "created_by": [
              {
                "email": "v.vlasenko@scalr.com",
                "full_name": "",
                "username": "v.vlasenko@scalr.com"
              }
            ],
            "environment_id": "env-u8s912p8ttvked8",
            "execution_mode": "remote",
            "has_resources": false,
            "hooks": [],
            "id": "ws-u8sle8kehi8c0u8",
            "module_version_id": "",
            "name": "ws1-4298",
            "operations": true,
            "provider_configuration": [],
            "run_operation_timeout": null,
            "tag_ids": null,
            "terraform_version": "1.2.6",
            "var_files": null,
            "vcs_provider_id": null,
            "vcs_repo": [],
            "working_directory": ""
          },
          "sensitive_attributes": [],
          "private": "eyJzY2hlbWFfdmVyc2lvbiI6IjQifQ=="
        },
        {
          "index_key": 4300,
          "schema_version": 4,
          "attributes": {
            "agent_pool_id": null,
            "auto_apply": false,
            "created_by": [
              {
                "email": "v.vlasenko@scalr.com",
                "full_name": "",
                "username": "v.vlasenko@scalr.com"
              }
            ],
            "environment_id": "env-u8s912p8ttvked8",
            "execution_mode": "remote",
            "has_resources": false,
            "hooks": [],
            "id": "ws-u8sldf22912n0ho",
            "module_version_id": "",
            "name": "ws1-4300",
            "operations": true,
            "provider_configuration": [],
            "run_operation_timeout": null,
            "tag_ids": null,
            "terraform_version": "1.2.6",
            "var_files": null,
            "vcs_provider_id": null,
            "vcs_repo": [],
            "working_directory": ""
          },
          "sensitive_attributes": [],
          "private": "eyJzY2hlbWFfdmVyc2lvbiI6IjQifQ=="
        },
        {
          "index_key": 4336,
          "schema_version": 4,
          "attributes": {
            "agent_pool_id": null,
            "auto_apply": false,
            "created_by": [
              {
                "email": "v.vlasenko@scalr.com",
                "full_name": "",
                "username": "v.vlasenko@scalr.com"
              }
            ],
            "environment_id": "env-u8s912p8ttvked8",
            "execution_mode": "remote",
            "has_resources": false,
            "hooks": [],
            "id": "ws-u8slefu7e8qn5ro",
            "module_version_id": "",
            "name": "ws1-4336",
            "operations": true,
            "provider_configuration": [],
            "run_operation_timeout": null,
            "tag_ids": null,
            "terraform_version": "1.2.6",
            "var_files": null,
            "vcs_provider_id": null,
            "vcs_repo": [],
            "working_directory": ""
          },
          "sensitive_attributes": [],
          "private": "eyJzY2hlbWFfdmVyc2lvbiI6IjQifQ=="
        },
        {
          "index_key": 4341,
          "schema_version": 4,
          "attributes": {
            "agent_pool_id": null,
            "auto_apply": false,
            "created_by": [
              {
                "email": "v.vlasenko@scalr.com",
                "full_name": "",
                "username": "v.vlasenko@scalr.com"
              }
            ],
            "environment_id": "env-u8s912p8ttvked8",
            "execution_mode": "remote",
            "has_resources": false,
            "hooks": [],
            "id": "ws-u8slebldn3s5t3g",
            "module_version_id": "",
            "name": "ws1-4341",
            "operations": true,
            "provider_configuration": [],
            "run_operation_timeout": null,
            "tag_ids": null,
            "terraform_version": "1.2.6",
            "var_files": null,
            "vcs_provider_id": null,
            "vcs_repo": [],
            "working_directory": ""
          },
          "sensitive_attributes": [],
          "private": "eyJzY2hlbWFfdmVyc2lvbiI6IjQifQ=="
        },
        {
          "index_key": 4349,
          "schema_version": 4,
          "attributes": {
            "agent_pool_id": null,
            "auto_apply": false,
            "created_by": [
              {
                "email": "v.vlasenko@scalr.com",
                "full_name": "",
                "username": "v.vlasenko@scalr.com"
              }
            ],
            "environment_id": "env-u8s912p8ttvked8",
            "execution_mode": "remote",
            "has_resources": false,
            "hooks": [],
            "id": "ws-u8sldu4bimsc9i8",
            "module_version_id": "",
            "name": "ws1-4349",
            "operations": true,
            "provider_configuration": [],
            "run_operation_timeout": null,
            "tag_ids": null,
            "terraform_version": "1.2.6",
            "var_files": null,
            "vcs_provider_id": null,
            "vcs_repo": [],
            "working_directory": ""
          },
          "sensitive_attributes": [],
          "private": "eyJzY2hlbWFfdmVyc2lvbiI6IjQifQ=="
        },
        {
          "index_key": 4358,
          "schema_version": 4,
          "attributes": {
            "agent_pool_id": null,
            "auto_apply": false,
            "created_by": [
              {
                "email": "v.vlasenko@scalr.com",
                "full_name": "",
                "username": "v.vlasenko@scalr.com"
              }
            ],
            "environment_id": "env-u8s912p8ttvked8",
            "execution_mode": "remote",
            "has_resources": false,
            "hooks": [],
            "id": "ws-u8sldjtfpon4ado",
            "module_version_id": "",
            "name": "ws1-4358",
            "operations": true,
            "provider_configuration": [],
            "run_operation_timeout": null,
            "tag_ids": null,
            "terraform_version": "1.2.6",
            "var_files": null,
            "vcs_provider_id": null,
            "vcs_repo": [],
            "working_directory": ""
          },
          "sensitive_attributes": [],
          "private": "eyJzY2hlbWFfdmVyc2lvbiI6IjQifQ=="
        },
        {
          "index_key": 4377,
          "schema_version": 4,
          "attributes": {
            "agent_pool_id": null,
            "auto_apply": false,
            "created_by": [
              {
                "email": "v.vlasenko@scalr.com",
                "full_name": "",
                "username": "v.vlasenko@scalr.com"
              }
            ],
            "environment_id": "env-u8s912p8ttvked8",
            "execution_mode": "remote",
            "has_resources": false,
            "hooks": [],
            "id": "ws-u8sldeqh237nnng",
            "module_version_id": "",
            "name": "ws1-4377",
            "operations": true,
            "provider_configuration": [],
            "run_operation_timeout": null,
            "tag_ids": null,
            "terraform_version": "1.2.6",
            "var_files": null,
            "vcs_provider_id": null,
            "vcs_repo": [],
            "working_directory": ""
          },
          "sensitive_attributes": [],
          "private": "eyJzY2hlbWFfdmVyc2lvbiI6IjQifQ=="
        },
        {
          "index_key": 4386,
          "schema_version": 4,
          "attributes": {
            "agent_pool_id": null,
            "auto_apply": false,
            "created_by": [
              {
                "email": "v.vlasenko@scalr.com",
                "full_name": "",
                "username": "v.vlasenko@scalr.com"
              }
            ],
            "environment_id": "env-u8s912p8ttvked8",
            "execution_mode": "remote",
            "has_resources": false,
            "hooks": [],
            "id": "ws-u8slcd3ndel1qf0",
            "module_version_id": "",
            "name": "ws1-4386",
            "operations": true,
            "provider_configuration": [],
            "run_operation_timeout": null,
            "tag_ids": null,
            "terraform_version": "1.2.6",
            "var_files": null,
            "vcs_provider_id": null,
            "vcs_repo": [],
            "working_directory": ""
          },
          "sensitive_attributes": [],
          "private": "eyJzY2hlbWFfdmVyc2lvbiI6IjQifQ=="
        },
        {
          "index_key": 4388,
          "schema_version": 4,
          "attributes": {
            "agent_pool_id": null,
            "auto_apply": false,
            "created_by": [
              {
                "email": "v.vlasenko@scalr.com",
                "full_name": "",
                "username": "v.vlasenko@scalr.com"
              }
            ],
            "environment_id": "env-u8s912p8ttvked8",
            "execution_mode": "remote",
            "has_resources": false,
            "hooks": [],
            "id": "ws-u8slegbvgpubs1o",
            "module_version_id": "",
            "name": "ws1-4388",
            "operations": true,
            "provider_configuration": [],
            "run_operation_timeout": null,
            "tag_ids": null,
            "terraform_version": "1.2.6",
            "var_files": null,
            "vcs_provider_id": null,
            "vcs_repo": [],
            "working_directory": ""
          },
          "sensitive_attributes": [],
          "private": "eyJzY2hlbWFfdmVyc2lvbiI6IjQifQ=="
        },
        {
          "index_key": 4390,
          "schema_version": 4,
          "attributes": {
            "agent_pool_id": null,
            "auto_apply": false,
            "created_by": [
              {
                "email": "v.vlasenko@scalr.com",
                "full_name": "",
                "username": "v.vlasenko@scalr.com"
              }
            ],
            "environment_id": "env-u8s912p8ttvked8",
            "execution_mode": "remote",
            "has_resources": false,
            "hooks": [],
            "id": "ws-u8slcbbbrupjf1o",
            "module_version_id": "",
            "name": "ws1-4390",
            "operations": true,
            "provider_configuration": [],
            "run_operation_timeout": null,
            "tag_ids": null,
            "terraform_version": "1.2.6",
            "var_files": null,
            "vcs_provider_id": null,
            "vcs_repo": [],
            "working_directory": ""
          },
          "sensitive_attributes": [],
          "private": "eyJzY2hlbWFfdmVyc2lvbiI6IjQifQ=="
        },
        {
          "index_key": 4391,
          "schema_version": 4,
          "attributes": {
            "agent_pool_id": null,
            "auto_apply": false,
            "created_by": [
              {
                "email": "v.vlasenko@scalr.com",
                "full_name": "",
                "username": "v.vlasenko@scalr.com"
              }
            ],
            "environment_id": "env-u8s912p8ttvked8",
            "execution_mode": "remote",
            "has_resources": false,
            "hooks": [],
            "id": "ws-u8slcnco7fve1hg",
            "module_version_id": "",
            "name": "ws1-4391",
            "operations": true,
            "provider_configuration": [],
            "run_operation_timeout": null,
            "tag_ids": null,
            "terraform_version": "1.2.6",
            "var_files": null,
            "vcs_provider_id": null,
            "vcs_repo": [],
            "working_directory": ""
          },
          "sensitive_attributes": [],
          "private": "eyJzY2hlbWFfdmVyc2lvbiI6IjQifQ=="
        },
        {
          "index_key": 4405,
          "schema_version": 4,
          "attributes": {
            "agent_pool_id": null,
            "auto_apply": false,
            "created_by": [
              {
                "email": "v.vlasenko@scalr.com",
                "full_name": "",
                "username": "v.vlasenko@scalr.com"
              }
            ],
            "environment_id": "env-u8s912p8ttvked8",
            "execution_mode": "remote",
            "has_resources": false,
            "hooks": [],
            "id": "ws-u8sldghnf0rh2b8",
            "module_version_id": "",
            "name": "ws1-4405",
            "operations": true,
            "provider_configuration": [],
            "run_operation_timeout": null,
            "tag_ids": null,
            "terraform_version": "1.2.6",
            "var_files": null,
            "vcs_provider_id": null,
            "vcs_repo": [],
            "working_directory": ""
          },
          "sensitive_attributes": [],
          "private": "eyJzY2hlbWFfdmVyc2lvbiI6IjQifQ=="
        },
        {
          "index_key": 4422,
          "schema_version": 4,
          "attributes": {
            "agent_pool_id": null,
            "auto_apply": false,
            "created_by": [
              {
                "email": "v.vlasenko@scalr.com",
                "full_name": "",
                "username": "v.vlasenko@scalr.com"
              }
            ],
            "environment_id": "env-u8s912p8ttvked8",
            "execution_mode": "remote",
            "has_resources": false,
            "hooks": [],
            "id": "ws-u8sleetcvsq95j8",
            "module_version_id": "",
            "name": "ws1-4422",
            "operations": true,
            "provider_configuration": [],
            "run_operation_timeout": null,
            "tag_ids": null,
            "terraform_version": "1.2.6",
            "var_files": null,
            "vcs_provider_id": null,
            "vcs_repo": [],
            "working_directory": ""
          },
          "sensitive_attributes": [],
          "private": "eyJzY2hlbWFfdmVyc2lvbiI6IjQifQ=="
        },
        {
          "index_key": 4428,
          "schema_version": 4,
          "attributes": {
            "agent_pool_id": null,
            "auto_apply": false,
            "created_by": [
              {
                "email": "v.vlasenko@scalr.com",
                "full_name": "",
                "username": "v.vlasenko@scalr.com"
              }
            ],
            "environment_id": "env-u8s912p8ttvked8",
            "execution_mode": "remote",
            "has_resources": false,
            "hooks": [],
            "id": "ws-u8slcclkbac0ljo",
            "module_version_id": "",
            "name": "ws1-4428",
            "operations": true,
            "provider_configuration": [],
            "run_operation_timeout": null,
            "tag_ids": null,
            "terraform_version": "1.2.6",
            "var_files": null,
            "vcs_provider_id": null,
            "vcs_repo": [],
            "working_directory": ""
          },
          "sensitive_attributes": [],
          "private": "eyJzY2hlbWFfdmVyc2lvbiI6IjQifQ=="
        },
        {
          "index_key": 4430,
          "schema_version": 4,
          "attributes": {
            "agent_pool_id": null,
            "auto_apply": false,
            "created_by": [
              {
                "email": "v.vlasenko@scalr.com",
                "full_name": "",
                "username": "v.vlasenko@scalr.com"
              }
            ],
            "environment_id": "env-u8s912p8ttvked8",
            "execution_mode": "remote",
            "has_resources": false,
            "hooks": [],
            "id": "ws-u8sldo3vcf36bco",
            "module_version_id": "",
            "name": "ws1-4430",
            "operations": true,
            "provider_configuration": [],
            "run_operation_timeout": null,
            "tag_ids": null,
            "terraform_version": "1.2.6",
            "var_files": null,
            "vcs_provider_id": null,
            "vcs_repo": [],
            "working_directory": ""
          },
          "sensitive_attributes": [],
          "private": "eyJzY2hlbWFfdmVyc2lvbiI6IjQifQ=="
        },
        {
          "index_key": 4454,
          "schema_version": 4,
          "attributes": {
            "agent_pool_id": null,
            "auto_apply": false,
            "created_by": [
              {
                "email": "v.vlasenko@scalr.com",
                "full_name": "",
                "username": "v.vlasenko@scalr.com"
              }
            ],
            "environment_id": "env-u8s912p8ttvked8",
            "execution_mode": "remote",
            "has_resources": false,
            "hooks": [],
            "id": "ws-u8slck31936ior8",
            "module_version_id": "",
            "name": "ws1-4454",
            "operations": true,
            "provider_configuration": [],
            "run_operation_timeout": null,
            "tag_ids": null,
            "terraform_version": "1.2.6",
            "var_files": null,
            "vcs_provider_id": null,
            "vcs_repo": [],
            "working_directory": ""
          },
          "sensitive_attributes": [],
          "private": "eyJzY2hlbWFfdmVyc2lvbiI6IjQifQ=="
        },
        {
          "index_key": 4463,
          "schema_version": 4,
          "attributes": {
            "agent_pool_id": null,
            "auto_apply": false,
            "created_by": [
              {
                "email": "v.vlasenko@scalr.com",
                "full_name": "",
                "username": "v.vlasenko@scalr.com"
              }
            ],
            "environment_id": "env-u8s912p8ttvked8",
            "execution_mode": "remote",
            "has_resources": false,
            "hooks": [],
            "id": "ws-u8slcj53msqp5o0",
            "module_version_id": "",
            "name": "ws1-4463",
            "operations": true,
            "provider_configuration": [],
            "run_operation_timeout": null,
            "tag_ids": null,
            "terraform_version": "1.2.6",
            "var_files": null,
            "vcs_provider_id": null,
            "vcs_repo": [],
            "working_directory": ""
          },
          "sensitive_attributes": [],
          "private": "eyJzY2hlbWFfdmVyc2lvbiI6IjQifQ=="
        },
        {
          "index_key": 4480,
          "schema_version": 4,
          "attributes": {
            "agent_pool_id": null,
            "auto_apply": false,
            "created_by": [
              {
                "email": "v.vlasenko@scalr.com",
                "full_name": "",
                "username": "v.vlasenko@scalr.com"
              }
            ],
            "environment_id": "env-u8s912p8ttvked8",
            "execution_mode": "remote",
            "has_resources": false,
            "hooks": [],
            "id": "ws-u8sle5eio5vj3ag",
            "module_version_id": "",
            "name": "ws1-4480",
            "operations": true,
            "provider_configuration": [],
            "run_operation_timeout": null,
            "tag_ids": null,
            "terraform_version": "1.2.6",
            "var_files": null,
            "vcs_provider_id": null,
            "vcs_repo": [],
            "working_directory": ""
          },
          "sensitive_attributes": [],
          "private": "eyJzY2hlbWFfdmVyc2lvbiI6IjQifQ=="
        },
        {
          "index_key": 4511,
          "schema_version": 4,
          "attributes": {
            "agent_pool_id": null,
            "auto_apply": false,
            "created_by": [
              {
                "email": "v.vlasenko@scalr.com",
                "full_name": "",
                "username": "v.vlasenko@scalr.com"
              }
            ],
            "environment_id": "env-u8s912p8ttvked8",
            "execution_mode": "remote",
            "has_resources": false,
            "hooks": [],
            "id": "ws-u8sldsg25kkfkd0",
            "module_version_id": "",
            "name": "ws1-4511",
            "operations": true,
            "provider_configuration": [],
            "run_operation_timeout": null,
            "tag_ids": null,
            "terraform_version": "1.2.6",
            "var_files": null,
            "vcs_provider_id": null,
            "vcs_repo": [],
            "working_directory": ""
          },
          "sensitive_attributes": [],
          "private": "eyJzY2hlbWFfdmVyc2lvbiI6IjQifQ=="
        },
        {
          "index_key": 4512,
          "schema_version": 4,
          "attributes": {
            "agent_pool_id": null,
            "auto_apply": false,
            "created_by": [
              {
                "email": "v.vlasenko@scalr.com",
                "full_name": "",
                "username": "v.vlasenko@scalr.com"
              }
            ],
            "environment_id": "env-u8s912p8ttvked8",
            "execution_mode": "remote",
            "has_resources": false,
            "hooks": [],
            "id": "ws-u8slen7lm7itbcg",
            "module_version_id": "",
            "name": "ws1-4512",
            "operations": true,
            "provider_configuration": [],
            "run_operation_timeout": null,
            "tag_ids": null,
            "terraform_version": "1.2.6",
            "var_files": null,
            "vcs_provider_id": null,
            "vcs_repo": [],
            "working_directory": ""
          },
          "sensitive_attributes": [],
          "private": "eyJzY2hlbWFfdmVyc2lvbiI6IjQifQ=="
        },
        {
          "index_key": 4517,
          "schema_version": 4,
          "attributes": {
            "agent_pool_id": null,
            "auto_apply": false,
            "created_by": [
              {
                "email": "v.vlasenko@scalr.com",
                "full_name": "",
                "username": "v.vlasenko@scalr.com"
              }
            ],
            "environment_id": "env-u8s912p8ttvked8",
            "execution_mode": "remote",
            "has_resources": false,
            "hooks": [],
            "id": "ws-u8slcn3elv4fca0",
            "module_version_id": "",
            "name": "ws1-4517",
            "operations": true,
            "provider_configuration": [],
            "run_operation_timeout": null,
            "tag_ids": null,
            "terraform_version": "1.2.6",
            "var_files": null,
            "vcs_provider_id": null,
            "vcs_repo": [],
            "working_directory": ""
          },
          "sensitive_attributes": [],
          "private": "eyJzY2hlbWFfdmVyc2lvbiI6IjQifQ=="
        },
        {
          "index_key": 4520,
          "schema_version": 4,
          "attributes": {
            "agent_pool_id": null,
            "auto_apply": false,
            "created_by": [
              {
                "email": "v.vlasenko@scalr.com",
                "full_name": "",
                "username": "v.vlasenko@scalr.com"
              }
            ],
            "environment_id": "env-u8s912p8ttvked8",
            "execution_mode": "remote",
            "has_resources": false,
            "hooks": [],
            "id": "ws-u8slchphp2epgj8",
            "module_version_id": "",
            "name": "ws1-4520",
            "operations": true,
            "provider_configuration": [],
            "run_operation_timeout": null,
            "tag_ids": null,
            "terraform_version": "1.2.6",
            "var_files": null,
            "vcs_provider_id": null,
            "vcs_repo": [],
            "working_directory": ""
          },
          "sensitive_attributes": [],
          "private": "eyJzY2hlbWFfdmVyc2lvbiI6IjQifQ=="
        },
        {
          "index_key": 4526,
          "schema_version": 4,
          "attributes": {
            "agent_pool_id": null,
            "auto_apply": false,
            "created_by": [
              {
                "email": "v.vlasenko@scalr.com",
                "full_name": "",
                "username": "v.vlasenko@scalr.com"
              }
            ],
            "environment_id": "env-u8s912p8ttvked8",
            "execution_mode": "remote",
            "has_resources": false,
            "hooks": [],
            "id": "ws-u8sldehq0ndfsu0",
            "module_version_id": "",
            "name": "ws1-4526",
            "operations": true,
            "provider_configuration": [],
            "run_operation_timeout": null,
            "tag_ids": null,
            "terraform_version": "1.2.6",
            "var_files": null,
            "vcs_provider_id": null,
            "vcs_repo": [],
            "working_directory": ""
          },
          "sensitive_attributes": [],
          "private": "eyJzY2hlbWFfdmVyc2lvbiI6IjQifQ=="
        },
        {
          "index_key": 4532,
          "schema_version": 4,
          "attributes": {
            "agent_pool_id": null,
            "auto_apply": false,
            "created_by": [
              {
                "email": "v.vlasenko@scalr.com",
                "full_name": "",
                "username": "v.vlasenko@scalr.com"
              }
            ],
            "environment_id": "env-u8s912p8ttvked8",
            "execution_mode": "remote",
            "has_resources": false,
            "hooks": [],
            "id": "ws-u8slcvumr61t820",
            "module_version_id": "",
            "name": "ws1-4532",
            "operations": true,
            "provider_configuration": [],
            "run_operation_timeout": null,
            "tag_ids": null,
            "terraform_version": "1.2.6",
            "var_files": null,
            "vcs_provider_id": null,
            "vcs_repo": [],
            "working_directory": ""
          },
          "sensitive_attributes": [],
          "private": "eyJzY2hlbWFfdmVyc2lvbiI6IjQifQ=="
        },
        {
          "index_key": 4540,
          "schema_version": 4,
          "attributes": {
            "agent_pool_id": null,
            "auto_apply": false,
            "created_by": [
              {
                "email": "v.vlasenko@scalr.com",
                "full_name": "",
                "username": "v.vlasenko@scalr.com"
              }
            ],
            "environment_id": "env-u8s912p8ttvked8",
            "execution_mode": "remote",
            "has_resources": false,
            "hooks": [],
            "id": "ws-u8sldtqsbgorcog",
            "module_version_id": "",
            "name": "ws1-4540",
            "operations": true,
            "provider_configuration": [],
            "run_operation_timeout": null,
            "tag_ids": null,
            "terraform_version": "1.2.6",
            "var_files": null,
            "vcs_provider_id": null,
            "vcs_repo": [],
            "working_directory": ""
          },
          "sensitive_attributes": [],
          "private": "eyJzY2hlbWFfdmVyc2lvbiI6IjQifQ=="
        },
        {
          "index_key": 4550,
          "schema_version": 4,
          "attributes": {
            "agent_pool_id": null,
            "auto_apply": false,
            "created_by": [
              {
                "email": "v.vlasenko@scalr.com",
                "full_name": "",
                "username": "v.vlasenko@scalr.com"
              }
            ],
            "environment_id": "env-u8s912p8ttvked8",
            "execution_mode": "remote",
            "has_resources": false,
            "hooks": [],
            "id": "ws-u8sldmu29e61fv8",
            "module_version_id": "",
            "name": "ws1-4550",
            "operations": true,
            "provider_configuration": [],
            "run_operation_timeout": null,
            "tag_ids": null,
            "terraform_version": "1.2.6",
            "var_files": null,
            "vcs_provider_id": null,
            "vcs_repo": [],
            "working_directory": ""
          },
          "sensitive_attributes": [],
          "private": "eyJzY2hlbWFfdmVyc2lvbiI6IjQifQ=="
        },
        {
          "index_key": 4556,
          "schema_version": 4,
          "attributes": {
            "agent_pool_id": null,
            "auto_apply": false,
            "created_by": [
              {
                "email": "v.vlasenko@scalr.com",
                "full_name": "",
                "username": "v.vlasenko@scalr.com"
              }
            ],
            "environment_id": "env-u8s912p8ttvked8",
            "execution_mode": "remote",
            "has_resources": false,
            "hooks": [],
            "id": "ws-u8sle6dgs8n0sdo",
            "module_version_id": "",
            "name": "ws1-4556",
            "operations": true,
            "provider_configuration": [],
            "run_operation_timeout": null,
            "tag_ids": null,
            "terraform_version": "1.2.6",
            "var_files": null,
            "vcs_provider_id": null,
            "vcs_repo": [],
            "working_directory": ""
          },
          "sensitive_attributes": [],
          "private": "eyJzY2hlbWFfdmVyc2lvbiI6IjQifQ=="
        },
        {
          "index_key": 4558,
          "schema_version": 4,
          "attributes": {
            "agent_pool_id": null,
            "auto_apply": false,
            "created_by": [
              {
                "email": "v.vlasenko@scalr.com",
                "full_name": "",
                "username": "v.vlasenko@scalr.com"
              }
            ],
            "environment_id": "env-u8s912p8ttvked8",
            "execution_mode": "remote",
            "has_resources": false,
            "hooks": [],
            "id": "ws-u8sldmv43j53rvg",
            "module_version_id": "",
            "name": "ws1-4558",
            "operations": true,
            "provider_configuration": [],
            "run_operation_timeout": null,
            "tag_ids": null,
            "terraform_version": "1.2.6",
            "var_files": null,
            "vcs_provider_id": null,
            "vcs_repo": [],
            "working_directory": ""
          },
          "sensitive_attributes": [],
          "private": "eyJzY2hlbWFfdmVyc2lvbiI6IjQifQ=="
        },
        {
          "index_key": 4565,
          "schema_version": 4,
          "attributes": {
            "agent_pool_id": null,
            "auto_apply": false,
            "created_by": [
              {
                "email": "v.vlasenko@scalr.com",
                "full_name": "",
                "username": "v.vlasenko@scalr.com"
              }
            ],
            "environment_id": "env-u8s912p8ttvked8",
            "execution_mode": "remote",
            "has_resources": false,
            "hooks": [],
            "id": "ws-u8slcf1sdeg1kk0",
            "module_version_id": "",
            "name": "ws1-4565",
            "operations": true,
            "provider_configuration": [],
            "run_operation_timeout": null,
            "tag_ids": null,
            "terraform_version": "1.2.6",
            "var_files": null,
            "vcs_provider_id": null,
            "vcs_repo": [],
            "working_directory": ""
          },
          "sensitive_attributes": [],
          "private": "eyJzY2hlbWFfdmVyc2lvbiI6IjQifQ=="
        },
        {
          "index_key": 4575,
          "schema_version": 4,
          "attributes": {
            "agent_pool_id": null,
            "auto_apply": false,
            "created_by": [
              {
                "email": "v.vlasenko@scalr.com",
                "full_name": "",
                "username": "v.vlasenko@scalr.com"
              }
            ],
            "environment_id": "env-u8s912p8ttvked8",
            "execution_mode": "remote",
            "has_resources": false,
            "hooks": [],
            "id": "ws-u8slcc80j3pnoug",
            "module_version_id": "",
            "name": "ws1-4575",
            "operations": true,
            "provider_configuration": [],
            "run_operation_timeout": null,
            "tag_ids": null,
            "terraform_version": "1.2.6",
            "var_files": null,
            "vcs_provider_id": null,
            "vcs_repo": [],
            "working_directory": ""
          },
          "sensitive_attributes": [],
          "private": "eyJzY2hlbWFfdmVyc2lvbiI6IjQifQ=="
        },
        {
          "index_key": 4585,
          "schema_version": 4,
          "attributes": {
            "agent_pool_id": null,
            "auto_apply": false,
            "created_by": [
              {
                "email": "v.vlasenko@scalr.com",
                "full_name": "",
                "username": "v.vlasenko@scalr.com"
              }
            ],
            "environment_id": "env-u8s912p8ttvked8",
            "execution_mode": "remote",
            "has_resources": false,
            "hooks": [],
            "id": "ws-u8slcpbql9jhddg",
            "module_version_id": "",
            "name": "ws1-4585",
            "operations": true,
            "provider_configuration": [],
            "run_operation_timeout": null,
            "tag_ids": null,
            "terraform_version": "1.2.6",
            "var_files": null,
            "vcs_provider_id": null,
            "vcs_repo": [],
            "working_directory": ""
          },
          "sensitive_attributes": [],
          "private": "eyJzY2hlbWFfdmVyc2lvbiI6IjQifQ=="
        },
        {
          "index_key": 4594,
          "schema_version": 4,
          "attributes": {
            "agent_pool_id": null,
            "auto_apply": false,
            "created_by": [
              {
                "email": "v.vlasenko@scalr.com",
                "full_name": "",
                "username": "v.vlasenko@scalr.com"
              }
            ],
            "environment_id": "env-u8s912p8ttvked8",
            "execution_mode": "remote",
            "has_resources": false,
            "hooks": [],
            "id": "ws-u8slcu0po86lldg",
            "module_version_id": "",
            "name": "ws1-4594",
            "operations": true,
            "provider_configuration": [],
            "run_operation_timeout": null,
            "tag_ids": null,
            "terraform_version": "1.2.6",
            "var_files": null,
            "vcs_provider_id": null,
            "vcs_repo": [],
            "working_directory": ""
          },
          "sensitive_attributes": [],
          "private": "eyJzY2hlbWFfdmVyc2lvbiI6IjQifQ=="
        },
        {
          "index_key": 4595,
          "schema_version": 4,
          "attributes": {
            "agent_pool_id": null,
            "auto_apply": false,
            "created_by": [
              {
                "email": "v.vlasenko@scalr.com",
                "full_name": "",
                "username": "v.vlasenko@scalr.com"
              }
            ],
            "environment_id": "env-u8s912p8ttvked8",
            "execution_mode": "remote",
            "has_resources": false,
            "hooks": [],
            "id": "ws-u8sleev3039ln08",
            "module_version_id": "",
            "name": "ws1-4595",
            "operations": true,
            "provider_configuration": [],
            "run_operation_timeout": null,
            "tag_ids": null,
            "terraform_version": "1.2.6",
            "var_files": null,
            "vcs_provider_id": null,
            "vcs_repo": [],
            "working_directory": ""
          },
          "sensitive_attributes": [],
          "private": "eyJzY2hlbWFfdmVyc2lvbiI6IjQifQ=="
        },
        {
          "index_key": 4598,
          "schema_version": 4,
          "attributes": {
            "agent_pool_id": null,
            "auto_apply": false,
            "created_by": [
              {
                "email": "v.vlasenko@scalr.com",
                "full_name": "",
                "username": "v.vlasenko@scalr.com"
              }
            ],
            "environment_id": "env-u8s912p8ttvked8",
            "execution_mode": "remote",
            "has_resources": false,
            "hooks": [],
            "id": "ws-u8sle5ku4lg1mf8",
            "module_version_id": "",
            "name": "ws1-4598",
            "operations": true,
            "provider_configuration": [],
            "run_operation_timeout": null,
            "tag_ids": null,
            "terraform_version": "1.2.6",
            "var_files": null,
            "vcs_provider_id": null,
            "vcs_repo": [],
            "working_directory": ""
          },
          "sensitive_attributes": [],
          "private": "eyJzY2hlbWFfdmVyc2lvbiI6IjQifQ=="
        },
        {
          "index_key": 4607,
          "schema_version": 4,
          "attributes": {
            "agent_pool_id": null,
            "auto_apply": false,
            "created_by": [
              {
                "email": "v.vlasenko@scalr.com",
                "full_name": "",
                "username": "v.vlasenko@scalr.com"
              }
            ],
            "environment_id": "env-u8s912p8ttvked8",
            "execution_mode": "remote",
            "has_resources": false,
            "hooks": [],
            "id": "ws-u8sld5lgqrf3loo",
            "module_version_id": "",
            "name": "ws1-4607",
            "operations": true,
            "provider_configuration": [],
            "run_operation_timeout": null,
            "tag_ids": null,
            "terraform_version": "1.2.6",
            "var_files": null,
            "vcs_provider_id": null,
            "vcs_repo": [],
            "working_directory": ""
          },
          "sensitive_attributes": [],
          "private": "eyJzY2hlbWFfdmVyc2lvbiI6IjQifQ=="
        },
        {
          "index_key": 4629,
          "schema_version": 4,
          "attributes": {
            "agent_pool_id": null,
            "auto_apply": false,
            "created_by": [
              {
                "email": "v.vlasenko@scalr.com",
                "full_name": "",
                "username": "v.vlasenko@scalr.com"
              }
            ],
            "environment_id": "env-u8s912p8ttvked8",
            "execution_mode": "remote",
            "has_resources": false,
            "hooks": [],
            "id": "ws-u8slehln30r3988",
            "module_version_id": "",
            "name": "ws1-4629",
            "operations": true,
            "provider_configuration": [],
            "run_operation_timeout": null,
            "tag_ids": null,
            "terraform_version": "1.2.6",
            "var_files": null,
            "vcs_provider_id": null,
            "vcs_repo": [],
            "working_directory": ""
          },
          "sensitive_attributes": [],
          "private": "eyJzY2hlbWFfdmVyc2lvbiI6IjQifQ=="
        },
        {
          "index_key": 4635,
          "schema_version": 4,
          "attributes": {
            "agent_pool_id": null,
            "auto_apply": false,
            "created_by": [
              {
                "email": "v.vlasenko@scalr.com",
                "full_name": "",
                "username": "v.vlasenko@scalr.com"
              }
            ],
            "environment_id": "env-u8s912p8ttvked8",
            "execution_mode": "remote",
            "has_resources": false,
            "hooks": [],
            "id": "ws-u8slci7s9hapcr8",
            "module_version_id": "",
            "name": "ws1-4635",
            "operations": true,
            "provider_configuration": [],
            "run_operation_timeout": null,
            "tag_ids": null,
            "terraform_version": "1.2.6",
            "var_files": null,
            "vcs_provider_id": null,
            "vcs_repo": [],
            "working_directory": ""
          },
          "sensitive_attributes": [],
          "private": "eyJzY2hlbWFfdmVyc2lvbiI6IjQifQ=="
        },
        {
          "index_key": 4641,
          "schema_version": 4,
          "attributes": {
            "agent_pool_id": null,
            "auto_apply": false,
            "created_by": [
              {
                "email": "v.vlasenko@scalr.com",
                "full_name": "",
                "username": "v.vlasenko@scalr.com"
              }
            ],
            "environment_id": "env-u8s912p8ttvked8",
            "execution_mode": "remote",
            "has_resources": false,
            "hooks": [],
            "id": "ws-u8slckujos711c0",
            "module_version_id": "",
            "name": "ws1-4641",
            "operations": true,
            "provider_configuration": [],
            "run_operation_timeout": null,
            "tag_ids": null,
            "terraform_version": "1.2.6",
            "var_files": null,
            "vcs_provider_id": null,
            "vcs_repo": [],
            "working_directory": ""
          },
          "sensitive_attributes": [],
          "private": "eyJzY2hlbWFfdmVyc2lvbiI6IjQifQ=="
        },
        {
          "index_key": 4644,
          "schema_version": 4,
          "attributes": {
            "agent_pool_id": null,
            "auto_apply": false,
            "created_by": [
              {
                "email": "v.vlasenko@scalr.com",
                "full_name": "",
                "username": "v.vlasenko@scalr.com"
              }
            ],
            "environment_id": "env-u8s912p8ttvked8",
            "execution_mode": "remote",
            "has_resources": false,
            "hooks": [],
            "id": "ws-u8slechp06pb5r0",
            "module_version_id": "",
            "name": "ws1-4644",
            "operations": true,
            "provider_configuration": [],
            "run_operation_timeout": null,
            "tag_ids": null,
            "terraform_version": "1.2.6",
            "var_files": null,
            "vcs_provider_id": null,
            "vcs_repo": [],
            "working_directory": ""
          },
          "sensitive_attributes": [],
          "private": "eyJzY2hlbWFfdmVyc2lvbiI6IjQifQ=="
        },
        {
          "index_key": 4652,
          "schema_version": 4,
          "attributes": {
            "agent_pool_id": null,
            "auto_apply": false,
            "created_by": [
              {
                "email": "v.vlasenko@scalr.com",
                "full_name": "",
                "username": "v.vlasenko@scalr.com"
              }
            ],
            "environment_id": "env-u8s912p8ttvked8",
            "execution_mode": "remote",
            "has_resources": false,
            "hooks": [],
            "id": "ws-u8sleflp3mjkbeo",
            "module_version_id": "",
            "name": "ws1-4652",
            "operations": true,
            "provider_configuration": [],
            "run_operation_timeout": null,
            "tag_ids": null,
            "terraform_version": "1.2.6",
            "var_files": null,
            "vcs_provider_id": null,
            "vcs_repo": [],
            "working_directory": ""
          },
          "sensitive_attributes": [],
          "private": "eyJzY2hlbWFfdmVyc2lvbiI6IjQifQ=="
        },
        {
          "index_key": 4654,
          "schema_version": 4,
          "attributes": {
            "agent_pool_id": null,
            "auto_apply": false,
            "created_by": [
              {
                "email": "v.vlasenko@scalr.com",
                "full_name": "",
                "username": "v.vlasenko@scalr.com"
              }
            ],
            "environment_id": "env-u8s912p8ttvked8",
            "execution_mode": "remote",
            "has_resources": false,
            "hooks": [],
            "id": "ws-u8sle9o6mb70pgg",
            "module_version_id": "",
            "name": "ws1-4654",
            "operations": true,
            "provider_configuration": [],
            "run_operation_timeout": null,
            "tag_ids": null,
            "terraform_version": "1.2.6",
            "var_files": null,
            "vcs_provider_id": null,
            "vcs_repo": [],
            "working_directory": ""
          },
          "sensitive_attributes": [],
          "private": "eyJzY2hlbWFfdmVyc2lvbiI6IjQifQ=="
        },
        {
          "index_key": 4665,
          "schema_version": 4,
          "attributes": {
            "agent_pool_id": null,
            "auto_apply": false,
            "created_by": [
              {
                "email": "v.vlasenko@scalr.com",
                "full_name": "",
                "username": "v.vlasenko@scalr.com"
              }
            ],
            "environment_id": "env-u8s912p8ttvked8",
            "execution_mode": "remote",
            "has_resources": false,
            "hooks": [],
            "id": "ws-u8sldbtii0voaq0",
            "module_version_id": "",
            "name": "ws1-4665",
            "operations": true,
            "provider_configuration": [],
            "run_operation_timeout": null,
            "tag_ids": null,
            "terraform_version": "1.2.6",
            "var_files": null,
            "vcs_provider_id": null,
            "vcs_repo": [],
            "working_directory": ""
          },
          "sensitive_attributes": [],
          "private": "eyJzY2hlbWFfdmVyc2lvbiI6IjQifQ=="
        },
        {
          "index_key": 4666,
          "schema_version": 4,
          "attributes": {
            "agent_pool_id": null,
            "auto_apply": false,
            "created_by": [
              {
                "email": "v.vlasenko@scalr.com",
                "full_name": "",
                "username": "v.vlasenko@scalr.com"
              }
            ],
            "environment_id": "env-u8s912p8ttvked8",
            "execution_mode": "remote",
            "has_resources": false,
            "hooks": [],
            "id": "ws-u8slcqm2db113u0",
            "module_version_id": "",
            "name": "ws1-4666",
            "operations": true,
            "provider_configuration": [],
            "run_operation_timeout": null,
            "tag_ids": null,
            "terraform_version": "1.2.6",
            "var_files": null,
            "vcs_provider_id": null,
            "vcs_repo": [],
            "working_directory": ""
          },
          "sensitive_attributes": [],
          "private": "eyJzY2hlbWFfdmVyc2lvbiI6IjQifQ=="
        },
        {
          "index_key": 4679,
          "schema_version": 4,
          "attributes": {
            "agent_pool_id": null,
            "auto_apply": false,
            "created_by": [
              {
                "email": "v.vlasenko@scalr.com",
                "full_name": "",
                "username": "v.vlasenko@scalr.com"
              }
            ],
            "environment_id": "env-u8s912p8ttvked8",
            "execution_mode": "remote",
            "has_resources": false,
            "hooks": [],
            "id": "ws-u8sle044hs5pgmg",
            "module_version_id": "",
            "name": "ws1-4679",
            "operations": true,
            "provider_configuration": [],
            "run_operation_timeout": null,
            "tag_ids": null,
            "terraform_version": "1.2.6",
            "var_files": null,
            "vcs_provider_id": null,
            "vcs_repo": [],
            "working_directory": ""
          },
          "sensitive_attributes": [],
          "private": "eyJzY2hlbWFfdmVyc2lvbiI6IjQifQ=="
        },
        {
          "index_key": 4689,
          "schema_version": 4,
          "attributes": {
            "agent_pool_id": null,
            "auto_apply": false,
            "created_by": [
              {
                "email": "v.vlasenko@scalr.com",
                "full_name": "",
                "username": "v.vlasenko@scalr.com"
              }
            ],
            "environment_id": "env-u8s912p8ttvked8",
            "execution_mode": "remote",
            "has_resources": false,
            "hooks": [],
            "id": "ws-u8sldo980opvlng",
            "module_version_id": "",
            "name": "ws1-4689",
            "operations": true,
            "provider_configuration": [],
            "run_operation_timeout": null,
            "tag_ids": null,
            "terraform_version": "1.2.6",
            "var_files": null,
            "vcs_provider_id": null,
            "vcs_repo": [],
            "working_directory": ""
          },
          "sensitive_attributes": [],
          "private": "eyJzY2hlbWFfdmVyc2lvbiI6IjQifQ=="
        },
        {
          "index_key": 4707,
          "schema_version": 4,
          "attributes": {
            "agent_pool_id": null,
            "auto_apply": false,
            "created_by": [
              {
                "email": "v.vlasenko@scalr.com",
                "full_name": "",
                "username": "v.vlasenko@scalr.com"
              }
            ],
            "environment_id": "env-u8s912p8ttvked8",
            "execution_mode": "remote",
            "has_resources": false,
            "hooks": [],
            "id": "ws-u8sleb57uprssrg",
            "module_version_id": "",
            "name": "ws1-4707",
            "operations": true,
            "provider_configuration": [],
            "run_operation_timeout": null,
            "tag_ids": null,
            "terraform_version": "1.2.6",
            "var_files": null,
            "vcs_provider_id": null,
            "vcs_repo": [],
            "working_directory": ""
          },
          "sensitive_attributes": [],
          "private": "eyJzY2hlbWFfdmVyc2lvbiI6IjQifQ=="
        },
        {
          "index_key": 4719,
          "schema_version": 4,
          "attributes": {
            "agent_pool_id": null,
            "auto_apply": false,
            "created_by": [
              {
                "email": "v.vlasenko@scalr.com",
                "full_name": "",
                "username": "v.vlasenko@scalr.com"
              }
            ],
            "environment_id": "env-u8s912p8ttvked8",
            "execution_mode": "remote",
            "has_resources": false,
            "hooks": [],
            "id": "ws-u8sld2co71hesmo",
            "module_version_id": "",
            "name": "ws1-4719",
            "operations": true,
            "provider_configuration": [],
            "run_operation_timeout": null,
            "tag_ids": null,
            "terraform_version": "1.2.6",
            "var_files": null,
            "vcs_provider_id": null,
            "vcs_repo": [],
            "working_directory": ""
          },
          "sensitive_attributes": [],
          "private": "eyJzY2hlbWFfdmVyc2lvbiI6IjQifQ=="
        },
        {
          "index_key": 4723,
          "schema_version": 4,
          "attributes": {
            "agent_pool_id": null,
            "auto_apply": false,
            "created_by": [
              {
                "email": "v.vlasenko@scalr.com",
                "full_name": "",
                "username": "v.vlasenko@scalr.com"
              }
            ],
            "environment_id": "env-u8s912p8ttvked8",
            "execution_mode": "remote",
            "has_resources": false,
            "hooks": [],
            "id": "ws-u8slehqt2ttg4ug",
            "module_version_id": "",
            "name": "ws1-4723",
            "operations": true,
            "provider_configuration": [],
            "run_operation_timeout": null,
            "tag_ids": null,
            "terraform_version": "1.2.6",
            "var_files": null,
            "vcs_provider_id": null,
            "vcs_repo": [],
            "working_directory": ""
          },
          "sensitive_attributes": [],
          "private": "eyJzY2hlbWFfdmVyc2lvbiI6IjQifQ=="
        },
        {
          "index_key": 4733,
          "schema_version": 4,
          "attributes": {
            "agent_pool_id": null,
            "auto_apply": false,
            "created_by": [
              {
                "email": "v.vlasenko@scalr.com",
                "full_name": "",
                "username": "v.vlasenko@scalr.com"
              }
            ],
            "environment_id": "env-u8s912p8ttvked8",
            "execution_mode": "remote",
            "has_resources": false,
            "hooks": [],
            "id": "ws-u8sldsom923qpt0",
            "module_version_id": "",
            "name": "ws1-4733",
            "operations": true,
            "provider_configuration": [],
            "run_operation_timeout": null,
            "tag_ids": null,
            "terraform_version": "1.2.6",
            "var_files": null,
            "vcs_provider_id": null,
            "vcs_repo": [],
            "working_directory": ""
          },
          "sensitive_attributes": [],
          "private": "eyJzY2hlbWFfdmVyc2lvbiI6IjQifQ=="
        },
        {
          "index_key": 4749,
          "schema_version": 4,
          "attributes": {
            "agent_pool_id": null,
            "auto_apply": false,
            "created_by": [
              {
                "email": "v.vlasenko@scalr.com",
                "full_name": "",
                "username": "v.vlasenko@scalr.com"
              }
            ],
            "environment_id": "env-u8s912p8ttvked8",
            "execution_mode": "remote",
            "has_resources": false,
            "hooks": [],
            "id": "ws-u8sle7etdpselv0",
            "module_version_id": "",
            "name": "ws1-4749",
            "operations": true,
            "provider_configuration": [],
            "run_operation_timeout": null,
            "tag_ids": null,
            "terraform_version": "1.2.6",
            "var_files": null,
            "vcs_provider_id": null,
            "vcs_repo": [],
            "working_directory": ""
          },
          "sensitive_attributes": [],
          "private": "eyJzY2hlbWFfdmVyc2lvbiI6IjQifQ=="
        },
        {
          "index_key": 4760,
          "schema_version": 4,
          "attributes": {
            "agent_pool_id": null,
            "auto_apply": false,
            "created_by": [
              {
                "email": "v.vlasenko@scalr.com",
                "full_name": "",
                "username": "v.vlasenko@scalr.com"
              }
            ],
            "environment_id": "env-u8s912p8ttvked8",
            "execution_mode": "remote",
            "has_resources": false,
            "hooks": [],
            "id": "ws-u8slej490gsrkd8",
            "module_version_id": "",
            "name": "ws1-4760",
            "operations": true,
            "provider_configuration": [],
            "run_operation_timeout": null,
            "tag_ids": null,
            "terraform_version": "1.2.6",
            "var_files": null,
            "vcs_provider_id": null,
            "vcs_repo": [],
            "working_directory": ""
          },
          "sensitive_attributes": [],
          "private": "eyJzY2hlbWFfdmVyc2lvbiI6IjQifQ=="
        },
        {
          "index_key": 4764,
          "schema_version": 4,
          "attributes": {
            "agent_pool_id": null,
            "auto_apply": false,
            "created_by": [
              {
                "email": "v.vlasenko@scalr.com",
                "full_name": "",
                "username": "v.vlasenko@scalr.com"
              }
            ],
            "environment_id": "env-u8s912p8ttvked8",
            "execution_mode": "remote",
            "has_resources": false,
            "hooks": [],
            "id": "ws-u8sle5qjl4nv2i8",
            "module_version_id": "",
            "name": "ws1-4764",
            "operations": true,
            "provider_configuration": [],
            "run_operation_timeout": null,
            "tag_ids": null,
            "terraform_version": "1.2.6",
            "var_files": null,
            "vcs_provider_id": null,
            "vcs_repo": [],
            "working_directory": ""
          },
          "sensitive_attributes": [],
          "private": "eyJzY2hlbWFfdmVyc2lvbiI6IjQifQ=="
        },
        {
          "index_key": 4769,
          "schema_version": 4,
          "attributes": {
            "agent_pool_id": null,
            "auto_apply": false,
            "created_by": [
              {
                "email": "v.vlasenko@scalr.com",
                "full_name": "",
                "username": "v.vlasenko@scalr.com"
              }
            ],
            "environment_id": "env-u8s912p8ttvked8",
            "execution_mode": "remote",
            "has_resources": false,
            "hooks": [],
            "id": "ws-u8sld71qmv3i4r8",
            "module_version_id": "",
            "name": "ws1-4769",
            "operations": true,
            "provider_configuration": [],
            "run_operation_timeout": null,
            "tag_ids": null,
            "terraform_version": "1.2.6",
            "var_files": null,
            "vcs_provider_id": null,
            "vcs_repo": [],
            "working_directory": ""
          },
          "sensitive_attributes": [],
          "private": "eyJzY2hlbWFfdmVyc2lvbiI6IjQifQ=="
        },
        {
          "index_key": 4772,
          "schema_version": 4,
          "attributes": {
            "agent_pool_id": null,
            "auto_apply": false,
            "created_by": [
              {
                "email": "v.vlasenko@scalr.com",
                "full_name": "",
                "username": "v.vlasenko@scalr.com"
              }
            ],
            "environment_id": "env-u8s912p8ttvked8",
            "execution_mode": "remote",
            "has_resources": false,
            "hooks": [],
            "id": "ws-u8slcfubq76nnco",
            "module_version_id": "",
            "name": "ws1-4772",
            "operations": true,
            "provider_configuration": [],
            "run_operation_timeout": null,
            "tag_ids": null,
            "terraform_version": "1.2.6",
            "var_files": null,
            "vcs_provider_id": null,
            "vcs_repo": [],
            "working_directory": ""
          },
          "sensitive_attributes": [],
          "private": "eyJzY2hlbWFfdmVyc2lvbiI6IjQifQ=="
        },
        {
          "index_key": 4774,
          "schema_version": 4,
          "attributes": {
            "agent_pool_id": null,
            "auto_apply": false,
            "created_by": [
              {
                "email": "v.vlasenko@scalr.com",
                "full_name": "",
                "username": "v.vlasenko@scalr.com"
              }
            ],
            "environment_id": "env-u8s912p8ttvked8",
            "execution_mode": "remote",
            "has_resources": false,
            "hooks": [],
            "id": "ws-u8sldhou65016u8",
            "module_version_id": "",
            "name": "ws1-4774",
            "operations": true,
            "provider_configuration": [],
            "run_operation_timeout": null,
            "tag_ids": null,
            "terraform_version": "1.2.6",
            "var_files": null,
            "vcs_provider_id": null,
            "vcs_repo": [],
            "working_directory": ""
          },
          "sensitive_attributes": [],
          "private": "eyJzY2hlbWFfdmVyc2lvbiI6IjQifQ=="
        },
        {
          "index_key": 4803,
          "schema_version": 4,
          "attributes": {
            "agent_pool_id": null,
            "auto_apply": false,
            "created_by": [
              {
                "email": "v.vlasenko@scalr.com",
                "full_name": "",
                "username": "v.vlasenko@scalr.com"
              }
            ],
            "environment_id": "env-u8s912p8ttvked8",
            "execution_mode": "remote",
            "has_resources": false,
            "hooks": [],
            "id": "ws-u8sle6q7eqkb5b0",
            "module_version_id": "",
            "name": "ws1-4803",
            "operations": true,
            "provider_configuration": [],
            "run_operation_timeout": null,
            "tag_ids": null,
            "terraform_version": "1.2.6",
            "var_files": null,
            "vcs_provider_id": null,
            "vcs_repo": [],
            "working_directory": ""
          },
          "sensitive_attributes": [],
          "private": "eyJzY2hlbWFfdmVyc2lvbiI6IjQifQ=="
        },
        {
          "index_key": 4808,
          "schema_version": 4,
          "attributes": {
            "agent_pool_id": null,
            "auto_apply": false,
            "created_by": [
              {
                "email": "v.vlasenko@scalr.com",
                "full_name": "",
                "username": "v.vlasenko@scalr.com"
              }
            ],
            "environment_id": "env-u8s912p8ttvked8",
            "execution_mode": "remote",
            "has_resources": false,
            "hooks": [],
            "id": "ws-u8sldqnvhi3f4j0",
            "module_version_id": "",
            "name": "ws1-4808",
            "operations": true,
            "provider_configuration": [],
            "run_operation_timeout": null,
            "tag_ids": null,
            "terraform_version": "1.2.6",
            "var_files": null,
            "vcs_provider_id": null,
            "vcs_repo": [],
            "working_directory": ""
          },
          "sensitive_attributes": [],
          "private": "eyJzY2hlbWFfdmVyc2lvbiI6IjQifQ=="
        },
        {
          "index_key": 4809,
          "schema_version": 4,
          "attributes": {
            "agent_pool_id": null,
            "auto_apply": false,
            "created_by": [
              {
                "email": "v.vlasenko@scalr.com",
                "full_name": "",
                "username": "v.vlasenko@scalr.com"
              }
            ],
            "environment_id": "env-u8s912p8ttvked8",
            "execution_mode": "remote",
            "has_resources": false,
            "hooks": [],
            "id": "ws-u8slcetd3l0pqg8",
            "module_version_id": "",
            "name": "ws1-4809",
            "operations": true,
            "provider_configuration": [],
            "run_operation_timeout": null,
            "tag_ids": null,
            "terraform_version": "1.2.6",
            "var_files": null,
            "vcs_provider_id": null,
            "vcs_repo": [],
            "working_directory": ""
          },
          "sensitive_attributes": [],
          "private": "eyJzY2hlbWFfdmVyc2lvbiI6IjQifQ=="
        },
        {
          "index_key": 4812,
          "schema_version": 4,
          "attributes": {
            "agent_pool_id": null,
            "auto_apply": false,
            "created_by": [
              {
                "email": "v.vlasenko@scalr.com",
                "full_name": "",
                "username": "v.vlasenko@scalr.com"
              }
            ],
            "environment_id": "env-u8s912p8ttvked8",
            "execution_mode": "remote",
            "has_resources": false,
            "hooks": [],
            "id": "ws-u8slcbd79c6qp1o",
            "module_version_id": "",
            "name": "ws1-4812",
            "operations": true,
            "provider_configuration": [],
            "run_operation_timeout": null,
            "tag_ids": null,
            "terraform_version": "1.2.6",
            "var_files": null,
            "vcs_provider_id": null,
            "vcs_repo": [],
            "working_directory": ""
          },
          "sensitive_attributes": [],
          "private": "eyJzY2hlbWFfdmVyc2lvbiI6IjQifQ=="
        },
        {
          "index_key": 4823,
          "schema_version": 4,
          "attributes": {
            "agent_pool_id": null,
            "auto_apply": false,
            "created_by": [
              {
                "email": "v.vlasenko@scalr.com",
                "full_name": "",
                "username": "v.vlasenko@scalr.com"
              }
            ],
            "environment_id": "env-u8s912p8ttvked8",
            "execution_mode": "remote",
            "has_resources": false,
            "hooks": [],
            "id": "ws-u8sld9j2sb65eio",
            "module_version_id": "",
            "name": "ws1-4823",
            "operations": true,
            "provider_configuration": [],
            "run_operation_timeout": null,
            "tag_ids": null,
            "terraform_version": "1.2.6",
            "var_files": null,
            "vcs_provider_id": null,
            "vcs_repo": [],
            "working_directory": ""
          },
          "sensitive_attributes": [],
          "private": "eyJzY2hlbWFfdmVyc2lvbiI6IjQifQ=="
        },
        {
          "index_key": 4826,
          "schema_version": 4,
          "attributes": {
            "agent_pool_id": null,
            "auto_apply": false,
            "created_by": [
              {
                "email": "v.vlasenko@scalr.com",
                "full_name": "",
                "username": "v.vlasenko@scalr.com"
              }
            ],
            "environment_id": "env-u8s912p8ttvked8",
            "execution_mode": "remote",
            "has_resources": false,
            "hooks": [],
            "id": "ws-u8sld9je4jr8sf8",
            "module_version_id": "",
            "name": "ws1-4826",
            "operations": true,
            "provider_configuration": [],
            "run_operation_timeout": null,
            "tag_ids": null,
            "terraform_version": "1.2.6",
            "var_files": null,
            "vcs_provider_id": null,
            "vcs_repo": [],
            "working_directory": ""
          },
          "sensitive_attributes": [],
          "private": "eyJzY2hlbWFfdmVyc2lvbiI6IjQifQ=="
        },
        {
          "index_key": 4854,
          "schema_version": 4,
          "attributes": {
            "agent_pool_id": null,
            "auto_apply": false,
            "created_by": [
              {
                "email": "v.vlasenko@scalr.com",
                "full_name": "",
                "username": "v.vlasenko@scalr.com"
              }
            ],
            "environment_id": "env-u8s912p8ttvked8",
            "execution_mode": "remote",
            "has_resources": false,
            "hooks": [],
            "id": "ws-u8slcsvs9i7kp0o",
            "module_version_id": "",
            "name": "ws1-4854",
            "operations": true,
            "provider_configuration": [],
            "run_operation_timeout": null,
            "tag_ids": null,
            "terraform_version": "1.2.6",
            "var_files": null,
            "vcs_provider_id": null,
            "vcs_repo": [],
            "working_directory": ""
          },
          "sensitive_attributes": [],
          "private": "eyJzY2hlbWFfdmVyc2lvbiI6IjQifQ=="
        },
        {
          "index_key": 4858,
          "schema_version": 4,
          "attributes": {
            "agent_pool_id": null,
            "auto_apply": false,
            "created_by": [
              {
                "email": "v.vlasenko@scalr.com",
                "full_name": "",
                "username": "v.vlasenko@scalr.com"
              }
            ],
            "environment_id": "env-u8s912p8ttvked8",
            "execution_mode": "remote",
            "has_resources": false,
            "hooks": [],
            "id": "ws-u8slcitb207gee8",
            "module_version_id": "",
            "name": "ws1-4858",
            "operations": true,
            "provider_configuration": [],
            "run_operation_timeout": null,
            "tag_ids": null,
            "terraform_version": "1.2.6",
            "var_files": null,
            "vcs_provider_id": null,
            "vcs_repo": [],
            "working_directory": ""
          },
          "sensitive_attributes": [],
          "private": "eyJzY2hlbWFfdmVyc2lvbiI6IjQifQ=="
        },
        {
          "index_key": 4885,
          "schema_version": 4,
          "attributes": {
            "agent_pool_id": null,
            "auto_apply": false,
            "created_by": [
              {
                "email": "v.vlasenko@scalr.com",
                "full_name": "",
                "username": "v.vlasenko@scalr.com"
              }
            ],
            "environment_id": "env-u8s912p8ttvked8",
            "execution_mode": "remote",
            "has_resources": false,
            "hooks": [],
            "id": "ws-u8slebtnpa20ct0",
            "module_version_id": "",
            "name": "ws1-4885",
            "operations": true,
            "provider_configuration": [],
            "run_operation_timeout": null,
            "tag_ids": null,
            "terraform_version": "1.2.6",
            "var_files": null,
            "vcs_provider_id": null,
            "vcs_repo": [],
            "working_directory": ""
          },
          "sensitive_attributes": [],
          "private": "eyJzY2hlbWFfdmVyc2lvbiI6IjQifQ=="
        },
        {
          "index_key": 4888,
          "schema_version": 4,
          "attributes": {
            "agent_pool_id": null,
            "auto_apply": false,
            "created_by": [
              {
                "email": "v.vlasenko@scalr.com",
                "full_name": "",
                "username": "v.vlasenko@scalr.com"
              }
            ],
            "environment_id": "env-u8s912p8ttvked8",
            "execution_mode": "remote",
            "has_resources": false,
            "hooks": [],
            "id": "ws-u8sle57g1skv750",
            "module_version_id": "",
            "name": "ws1-4888",
            "operations": true,
            "provider_configuration": [],
            "run_operation_timeout": null,
            "tag_ids": null,
            "terraform_version": "1.2.6",
            "var_files": null,
            "vcs_provider_id": null,
            "vcs_repo": [],
            "working_directory": ""
          },
          "sensitive_attributes": [],
          "private": "eyJzY2hlbWFfdmVyc2lvbiI6IjQifQ=="
        },
        {
          "index_key": 4899,
          "schema_version": 4,
          "attributes": {
            "agent_pool_id": null,
            "auto_apply": false,
            "created_by": [
              {
                "email": "v.vlasenko@scalr.com",
                "full_name": "",
                "username": "v.vlasenko@scalr.com"
              }
            ],
            "environment_id": "env-u8s912p8ttvked8",
            "execution_mode": "remote",
            "has_resources": false,
            "hooks": [],
            "id": "ws-u8sld73fakq9hg0",
            "module_version_id": "",
            "name": "ws1-4899",
            "operations": true,
            "provider_configuration": [],
            "run_operation_timeout": null,
            "tag_ids": null,
            "terraform_version": "1.2.6",
            "var_files": null,
            "vcs_provider_id": null,
            "vcs_repo": [],
            "working_directory": ""
          },
          "sensitive_attributes": [],
          "private": "eyJzY2hlbWFfdmVyc2lvbiI6IjQifQ=="
        },
        {
          "index_key": 4924,
          "schema_version": 4,
          "attributes": {
            "agent_pool_id": null,
            "auto_apply": false,
            "created_by": [
              {
                "email": "v.vlasenko@scalr.com",
                "full_name": "",
                "username": "v.vlasenko@scalr.com"
              }
            ],
            "environment_id": "env-u8s912p8ttvked8",
            "execution_mode": "remote",
            "has_resources": false,
            "hooks": [],
            "id": "ws-u8sle2ji9d8ji50",
            "module_version_id": "",
            "name": "ws1-4924",
            "operations": true,
            "provider_configuration": [],
            "run_operation_timeout": null,
            "tag_ids": null,
            "terraform_version": "1.2.6",
            "var_files": null,
            "vcs_provider_id": null,
            "vcs_repo": [],
            "working_directory": ""
          },
          "sensitive_attributes": [],
          "private": "eyJzY2hlbWFfdmVyc2lvbiI6IjQifQ=="
        },
        {
          "index_key": 4930,
          "schema_version": 4,
          "attributes": {
            "agent_pool_id": null,
            "auto_apply": false,
            "created_by": [
              {
                "email": "v.vlasenko@scalr.com",
                "full_name": "",
                "username": "v.vlasenko@scalr.com"
              }
            ],
            "environment_id": "env-u8s912p8ttvked8",
            "execution_mode": "remote",
            "has_resources": false,
            "hooks": [],
            "id": "ws-u8sleg0r8p3crf8",
            "module_version_id": "",
            "name": "ws1-4930",
            "operations": true,
            "provider_configuration": [],
            "run_operation_timeout": null,
            "tag_ids": null,
            "terraform_version": "1.2.6",
            "var_files": null,
            "vcs_provider_id": null,
            "vcs_repo": [],
            "working_directory": ""
          },
          "sensitive_attributes": [],
          "private": "eyJzY2hlbWFfdmVyc2lvbiI6IjQifQ=="
        },
        {
          "index_key": 4937,
          "schema_version": 4,
          "attributes": {
            "agent_pool_id": null,
            "auto_apply": false,
            "created_by": [
              {
                "email": "v.vlasenko@scalr.com",
                "full_name": "",
                "username": "v.vlasenko@scalr.com"
              }
            ],
            "environment_id": "env-u8s912p8ttvked8",
            "execution_mode": "remote",
            "has_resources": false,
            "hooks": [],
            "id": "ws-u8slc9ls20ka7uo",
            "module_version_id": "",
            "name": "ws1-4937",
            "operations": true,
            "provider_configuration": [],
            "run_operation_timeout": null,
            "tag_ids": null,
            "terraform_version": "1.2.6",
            "var_files": null,
            "vcs_provider_id": null,
            "vcs_repo": [],
            "working_directory": ""
          },
          "sensitive_attributes": [],
          "private": "eyJzY2hlbWFfdmVyc2lvbiI6IjQifQ=="
        },
        {
          "index_key": 4952,
          "schema_version": 4,
          "attributes": {
            "agent_pool_id": null,
            "auto_apply": false,
            "created_by": [
              {
                "email": "v.vlasenko@scalr.com",
                "full_name": "",
                "username": "v.vlasenko@scalr.com"
              }
            ],
            "environment_id": "env-u8s912p8ttvked8",
            "execution_mode": "remote",
            "has_resources": false,
            "hooks": [],
            "id": "ws-u8slde6fi8hff2g",
            "module_version_id": "",
            "name": "ws1-4952",
            "operations": true,
            "provider_configuration": [],
            "run_operation_timeout": null,
            "tag_ids": null,
            "terraform_version": "1.2.6",
            "var_files": null,
            "vcs_provider_id": null,
            "vcs_repo": [],
            "working_directory": ""
          },
          "sensitive_attributes": [],
          "private": "eyJzY2hlbWFfdmVyc2lvbiI6IjQifQ=="
        },
        {
          "index_key": 4957,
          "schema_version": 4,
          "attributes": {
            "agent_pool_id": null,
            "auto_apply": false,
            "created_by": [
              {
                "email": "v.vlasenko@scalr.com",
                "full_name": "",
                "username": "v.vlasenko@scalr.com"
              }
            ],
            "environment_id": "env-u8s912p8ttvked8",
            "execution_mode": "remote",
            "has_resources": false,
            "hooks": [],
            "id": "ws-u8slcld56c1f508",
            "module_version_id": "",
            "name": "ws1-4957",
            "operations": true,
            "provider_configuration": [],
            "run_operation_timeout": null,
            "tag_ids": null,
            "terraform_version": "1.2.6",
            "var_files": null,
            "vcs_provider_id": null,
            "vcs_repo": [],
            "working_directory": ""
          },
          "sensitive_attributes": [],
          "private": "eyJzY2hlbWFfdmVyc2lvbiI6IjQifQ=="
        },
        {
          "index_key": 4969,
          "schema_version": 4,
          "attributes": {
            "agent_pool_id": null,
            "auto_apply": false,
            "created_by": [
              {
                "email": "v.vlasenko@scalr.com",
                "full_name": "",
                "username": "v.vlasenko@scalr.com"
              }
            ],
            "environment_id": "env-u8s912p8ttvked8",
            "execution_mode": "remote",
            "has_resources": false,
            "hooks": [],
            "id": "ws-u8sldnqk6fu57m0",
            "module_version_id": "",
            "name": "ws1-4969",
            "operations": true,
            "provider_configuration": [],
            "run_operation_timeout": null,
            "tag_ids": null,
            "terraform_version": "1.2.6",
            "var_files": null,
            "vcs_provider_id": null,
            "vcs_repo": [],
            "working_directory": ""
          },
          "sensitive_attributes": [],
          "private": "eyJzY2hlbWFfdmVyc2lvbiI6IjQifQ=="
        },
        {
          "index_key": 4971,
          "schema_version": 4,
          "attributes": {
            "agent_pool_id": null,
            "auto_apply": false,
            "created_by": [
              {
                "email": "v.vlasenko@scalr.com",
                "full_name": "",
                "username": "v.vlasenko@scalr.com"
              }
            ],
            "environment_id": "env-u8s912p8ttvked8",
            "execution_mode": "remote",
            "has_resources": false,
            "hooks": [],
            "id": "ws-u8sld3fendovtcg",
            "module_version_id": "",
            "name": "ws1-4971",
            "operations": true,
            "provider_configuration": [],
            "run_operation_timeout": null,
            "tag_ids": null,
            "terraform_version": "1.2.6",
            "var_files": null,
            "vcs_provider_id": null,
            "vcs_repo": [],
            "working_directory": ""
          },
          "sensitive_attributes": [],
          "private": "eyJzY2hlbWFfdmVyc2lvbiI6IjQifQ=="
        },
        {
          "index_key": 4972,
          "schema_version": 4,
          "attributes": {
            "agent_pool_id": null,
            "auto_apply": false,
            "created_by": [
              {
                "email": "v.vlasenko@scalr.com",
                "full_name": "",
                "username": "v.vlasenko@scalr.com"
              }
            ],
            "environment_id": "env-u8s912p8ttvked8",
            "execution_mode": "remote",
            "has_resources": false,
            "hooks": [],
            "id": "ws-u8sle5v5jd5ke20",
            "module_version_id": "",
            "name": "ws1-4972",
            "operations": true,
            "provider_configuration": [],
            "run_operation_timeout": null,
            "tag_ids": null,
            "terraform_version": "1.2.6",
            "var_files": null,
            "vcs_provider_id": null,
            "vcs_repo": [],
            "working_directory": ""
          },
          "sensitive_attributes": [],
          "private": "eyJzY2hlbWFfdmVyc2lvbiI6IjQifQ=="
        },
        {
          "index_key": 4974,
          "schema_version": 4,
          "attributes": {
            "agent_pool_id": null,
            "auto_apply": false,
            "created_by": [
              {
                "email": "v.vlasenko@scalr.com",
                "full_name": "",
                "username": "v.vlasenko@scalr.com"
              }
            ],
            "environment_id": "env-u8s912p8ttvked8",
            "execution_mode": "remote",
            "has_resources": false,
            "hooks": [],
            "id": "ws-u8sldmktdh1k838",
            "module_version_id": "",
            "name": "ws1-4974",
            "operations": true,
            "provider_configuration": [],
            "run_operation_timeout": null,
            "tag_ids": null,
            "terraform_version": "1.2.6",
            "var_files": null,
            "vcs_provider_id": null,
            "vcs_repo": [],
            "working_directory": ""
          },
          "sensitive_attributes": [],
          "private": "eyJzY2hlbWFfdmVyc2lvbiI6IjQifQ=="
        },
        {
          "index_key": 4992,
          "schema_version": 4,
          "attributes": {
            "agent_pool_id": null,
            "auto_apply": false,
            "created_by": [
              {
                "email": "v.vlasenko@scalr.com",
                "full_name": "",
                "username": "v.vlasenko@scalr.com"
              }
            ],
            "environment_id": "env-u8s912p8ttvked8",
            "execution_mode": "remote",
            "has_resources": false,
            "hooks": [],
            "id": "ws-u8slcedmqq65juo",
            "module_version_id": "",
            "name": "ws1-4992",
            "operations": true,
            "provider_configuration": [],
            "run_operation_timeout": null,
            "tag_ids": null,
            "terraform_version": "1.2.6",
            "var_files": null,
            "vcs_provider_id": null,
            "vcs_repo": [],
            "working_directory": ""
          },
          "sensitive_attributes": [],
          "private": "eyJzY2hlbWFfdmVyc2lvbiI6IjQifQ=="
        }
      ]
    }
  ]
}
